// !$*UTF8*$!
{
	archiveVersion = 1;
	classes = {
	};
	objectVersion = 44;
	objects = {

/* Begin PBXBuildFile section */
		8D15AC2C0486D014006FF6A4 /* Credits.rtf in Resources */ = {isa = PBXBuildFile; fileRef = 2A37F4B9FDCFA73011CA2CEA /* Credits.rtf */; };
		8D15AC2F0486D014006FF6A4 /* InfoPlist.strings in Resources */ = {isa = PBXBuildFile; fileRef = 089C165FFE840EACC02AAC07 /* InfoPlist.strings */; };
		8D15AC310486D014006FF6A4 /* MyDocument.m in Sources */ = {isa = PBXBuildFile; fileRef = 2A37F4ACFDCFA73011CA2CEA /* MyDocument.m */; settings = {ATTRIBUTES = (); }; };
		8D15AC320486D014006FF6A4 /* main.m in Sources */ = {isa = PBXBuildFile; fileRef = 2A37F4B0FDCFA73011CA2CEA /* main.m */; settings = {ATTRIBUTES = (); }; };
		8D15AC340486D014006FF6A4 /* Cocoa.framework in Frameworks */ = {isa = PBXBuildFile; fileRef = 1058C7A7FEA54F5311CA2CBB /* Cocoa.framework */; };
		9A11760F0D0BFD93007AA524 /* ViTextView-syntax.m in Sources */ = {isa = PBXBuildFile; fileRef = 9A7B10CF0D01F46800040CAC /* ViTextView-syntax.m */; };
		9A11765A0D0C4950007AA524 /* TestViTextView.m in Sources */ = {isa = PBXBuildFile; fileRef = 9A1A13B70D044131009EABAC /* TestViTextView.m */; };
		9A117AD70D0CA8B7007AA524 /* OgreKit.framework in Frameworks */ = {isa = PBXBuildFile; fileRef = 9A117ACD0D0CA87D007AA524 /* OgreKit.framework */; };
		9A1A12000D02C65A009EABAC /* ViCommand.m in Sources */ = {isa = PBXBuildFile; fileRef = 9A1A11FF0D02C65A009EABAC /* ViCommand.m */; };
		9A3A94440D9FDC170071C252 /* TestViCommandParser.m in Sources */ = {isa = PBXBuildFile; fileRef = 9A1A12230D02CFCF009EABAC /* TestViCommandParser.m */; };
		9A3A94450D9FDC1C0071C252 /* TestExCommand.m in Sources */ = {isa = PBXBuildFile; fileRef = 9A3A943B0D9E9FFE0071C252 /* TestExCommand.m */; };
		9A668DEB0D1088F6003FABD9 /* Mac Classic.tmTheme in Resources */ = {isa = PBXBuildFile; fileRef = 9A668DEA0D1088F6003FABD9 /* Mac Classic.tmTheme */; };
		9A668E110D1116FC003FABD9 /* ViTheme.m in Sources */ = {isa = PBXBuildFile; fileRef = 9A668E100D1116FC003FABD9 /* ViTheme.m */; };
		9A668E140D11172C003FABD9 /* ViLanguage.m in Sources */ = {isa = PBXBuildFile; fileRef = 9A668E130D11172C003FABD9 /* ViLanguage.m */; };
		9A668E170D11174A003FABD9 /* ViLanguageStore.m in Sources */ = {isa = PBXBuildFile; fileRef = 9A668E160D11174A003FABD9 /* ViLanguageStore.m */; };
		9A73E2810D8ECA4C00859053 /* ExCommand.m in Sources */ = {isa = PBXBuildFile; fileRef = 9A73E2800D8ECA4C00859053 /* ExCommand.m */; };
		9A7AF1550D9982EB00F08222 /* PSMTabBarControl.framework in Frameworks */ = {isa = PBXBuildFile; fileRef = 9A7AF1530D99820900F08222 /* PSMTabBarControl.framework */; };
		9A7AF1D10D9995EE00F08222 /* MainMenu.xib in Resources */ = {isa = PBXBuildFile; fileRef = 9A7AF1CF0D9995EE00F08222 /* MainMenu.xib */; };
		9A7B0E740D01601A00040CAC /* ViTextView.m in Sources */ = {isa = PBXBuildFile; fileRef = 9A7B0E720D01601A00040CAC /* ViTextView.m */; };
		9A8CC20C0D1C06D4001EE32A /* ViThemeStore.m in Sources */ = {isa = PBXBuildFile; fileRef = 9A8CC20B0D1C06D4001EE32A /* ViThemeStore.m */; };
		9A8CC21A0D1C3E62001EE32A /* ViAppController.m in Sources */ = {isa = PBXBuildFile; fileRef = 9A8CC2190D1C3E62001EE32A /* ViAppController.m */; };
		9A8CC8CD0D24E981001EE32A /* NSString-scopeSelector.m in Sources */ = {isa = PBXBuildFile; fileRef = 9A8CC8CC0D24E981001EE32A /* NSString-scopeSelector.m */; };
		9A8CC8E40D24ED47001EE32A /* TestScopeSelectors.m in Sources */ = {isa = PBXBuildFile; fileRef = 9A8CC8D60D24EBA1001EE32A /* TestScopeSelectors.m */; };
		9AA7861A0D185DE100C5FD67 /* ViTextView-cursor.m in Sources */ = {isa = PBXBuildFile; fileRef = 9A7B0F200D01AC9500040CAC /* ViTextView-cursor.m */; };
		9AC16D950D93CD8F00AE45E0 /* EditorView.xib in Resources */ = {isa = PBXBuildFile; fileRef = 9AC16D930D93CD8F00AE45E0 /* EditorView.xib */; };
		9AC16D980D93CDF200AE45E0 /* MyDocument.xib in Resources */ = {isa = PBXBuildFile; fileRef = 9AC16D960D93CDF200AE45E0 /* MyDocument.xib */; };
		9AC16DA40D93D14A00AE45E0 /* ViEditController.m in Sources */ = {isa = PBXBuildFile; fileRef = 9AC16DA30D93D14A00AE45E0 /* ViEditController.m */; };
		9AEE8B5A0D929A2A00189D7B /* Project_DataModel.xcdatamodel in Sources */ = {isa = PBXBuildFile; fileRef = 9AEE8B590D929A2A00189D7B /* Project_DataModel.xcdatamodel */; };
		9AEE8B7E0D929DED00189D7B /* ProjectDelegate.m in Sources */ = {isa = PBXBuildFile; fileRef = 9AEE8B7D0D929DED00189D7B /* ProjectDelegate.m */; };
/* End PBXBuildFile section */

/* Begin PBXContainerItemProxy section */
		9A117ACC0D0CA87D007AA524 /* PBXContainerItemProxy */ = {
			isa = PBXContainerItemProxy;
			containerPortal = 9A1179E90D0C9E32007AA524 /* OgreKit.xcodeproj */;
			proxyType = 2;
			remoteGlobalIDString = 4DC40BFC09150BDB0029A2A6;
			remoteInfo = OgreKit;
		};
		9A117AE00D0CA8CD007AA524 /* PBXContainerItemProxy */ = {
			isa = PBXContainerItemProxy;
			containerPortal = 9A1179E90D0C9E32007AA524 /* OgreKit.xcodeproj */;
			proxyType = 1;
			remoteGlobalIDString = 4DC40BF209150BDB0029A2A6;
			remoteInfo = OgreKit;
		};
		9A1A12820D02EB86009EABAC /* PBXContainerItemProxy */ = {
			isa = PBXContainerItemProxy;
			containerPortal = 2A37F4A9FDCFA73011CA2CEA /* Project object */;
			proxyType = 1;
			remoteGlobalIDString = 8D15AC270486D014006FF6A4;
			remoteInfo = vizard;
		};
		9A7AF14E0D99820900F08222 /* PBXContainerItemProxy */ = {
			isa = PBXContainerItemProxy;
			containerPortal = 9A7AF1430D99820800F08222 /* PSMTabBarControl.xcodeproj */;
			proxyType = 2;
			remoteGlobalIDString = 8D1AC9740486D14A00FE50C9;
			remoteInfo = PSMTabBarControl;
		};
		9A7AF1500D99820900F08222 /* PBXContainerItemProxy */ = {
			isa = PBXContainerItemProxy;
			containerPortal = 9A7AF1430D99820800F08222 /* PSMTabBarControl.xcodeproj */;
			proxyType = 2;
			remoteGlobalIDString = A251BEA00959BB5B0058BC7F;
			remoteInfo = TabBarControlDemo;
		};
		9A7AF1520D99820900F08222 /* PBXContainerItemProxy */ = {
			isa = PBXContainerItemProxy;
			containerPortal = 9A7AF1430D99820800F08222 /* PSMTabBarControl.xcodeproj */;
			proxyType = 2;
			remoteGlobalIDString = 53DF68FD067E5B5A0090B5B0;
			remoteInfo = PSMTabBarControlFramework;
		};
		9A7AF1560D99830C00F08222 /* PBXContainerItemProxy */ = {
			isa = PBXContainerItemProxy;
			containerPortal = 9A7AF1430D99820800F08222 /* PSMTabBarControl.xcodeproj */;
			proxyType = 1;
			remoteGlobalIDString = 53DF68FC067E5B5A0090B5B0;
			remoteInfo = PSMTabBarControlFramework;
		};
/* End PBXContainerItemProxy section */

/* Begin PBXFileReference section */
		089C1660FE840EACC02AAC07 /* English */ = {isa = PBXFileReference; fileEncoding = 10; lastKnownFileType = text.plist.strings; name = English; path = English.lproj/InfoPlist.strings; sourceTree = "<group>"; };
		1058C7A7FEA54F5311CA2CBB /* Cocoa.framework */ = {isa = PBXFileReference; lastKnownFileType = wrapper.framework; name = Cocoa.framework; path = /System/Library/Frameworks/Cocoa.framework; sourceTree = "<absolute>"; };
		13E42FBA07B3F13500E4EEF1 /* CoreData.framework */ = {isa = PBXFileReference; lastKnownFileType = wrapper.framework; name = CoreData.framework; path = /System/Library/Frameworks/CoreData.framework; sourceTree = "<absolute>"; };
		2A37F4ACFDCFA73011CA2CEA /* MyDocument.m */ = {isa = PBXFileReference; fileEncoding = 4; lastKnownFileType = sourcecode.c.objc; path = MyDocument.m; sourceTree = "<group>"; };
		2A37F4AEFDCFA73011CA2CEA /* MyDocument.h */ = {isa = PBXFileReference; fileEncoding = 4; lastKnownFileType = sourcecode.c.h; path = MyDocument.h; sourceTree = "<group>"; };
		2A37F4B0FDCFA73011CA2CEA /* main.m */ = {isa = PBXFileReference; fileEncoding = 4; lastKnownFileType = sourcecode.c.objc; path = main.m; sourceTree = "<group>"; };
		2A37F4BAFDCFA73011CA2CEA /* English */ = {isa = PBXFileReference; lastKnownFileType = text.rtf; name = English; path = English.lproj/Credits.rtf; sourceTree = "<group>"; };
		2A37F4C4FDCFA73011CA2CEA /* AppKit.framework */ = {isa = PBXFileReference; lastKnownFileType = wrapper.framework; name = AppKit.framework; path = /System/Library/Frameworks/AppKit.framework; sourceTree = "<absolute>"; };
		2A37F4C5FDCFA73011CA2CEA /* Foundation.framework */ = {isa = PBXFileReference; lastKnownFileType = wrapper.framework; name = Foundation.framework; path = /System/Library/Frameworks/Foundation.framework; sourceTree = "<absolute>"; };
		32DBCF750370BD2300C91783 /* vizard_Prefix.pch */ = {isa = PBXFileReference; fileEncoding = 4; lastKnownFileType = sourcecode.c.h; path = vizard_Prefix.pch; sourceTree = "<group>"; };
		8D15AC360486D014006FF6A4 /* Info.plist */ = {isa = PBXFileReference; fileEncoding = 4; lastKnownFileType = text.plist.xml; path = Info.plist; sourceTree = "<group>"; };
		8D15AC370486D014006FF6A4 /* vizard.app */ = {isa = PBXFileReference; explicitFileType = wrapper.application; includeInIndex = 0; path = vizard.app; sourceTree = BUILT_PRODUCTS_DIR; };
		9A1179E90D0C9E32007AA524 /* OgreKit.xcodeproj */ = {isa = PBXFileReference; lastKnownFileType = "wrapper.pb-project"; name = OgreKit.xcodeproj; path = OgreKit/OgreKit.xcodeproj; sourceTree = "<group>"; };
		9A1A11FE0D02C65A009EABAC /* ViCommand.h */ = {isa = PBXFileReference; fileEncoding = 4; lastKnownFileType = sourcecode.c.h; path = ViCommand.h; sourceTree = "<group>"; };
		9A1A11FF0D02C65A009EABAC /* ViCommand.m */ = {isa = PBXFileReference; fileEncoding = 4; lastKnownFileType = sourcecode.c.objc; path = ViCommand.m; sourceTree = "<group>"; };
		9A1A12150D02CDE6009EABAC /* Unit Tests.octest */ = {isa = PBXFileReference; explicitFileType = wrapper.cfbundle; includeInIndex = 0; path = "Unit Tests.octest"; sourceTree = BUILT_PRODUCTS_DIR; };
		9A1A12160D02CDE6009EABAC /* Unit Tests-Info.plist */ = {isa = PBXFileReference; lastKnownFileType = text.plist.xml; path = "Unit Tests-Info.plist"; sourceTree = "<group>"; };
		9A1A12220D02CFCF009EABAC /* TestViCommandParser.h */ = {isa = PBXFileReference; fileEncoding = 4; lastKnownFileType = sourcecode.c.h; path = TestViCommandParser.h; sourceTree = "<group>"; };
		9A1A12230D02CFCF009EABAC /* TestViCommandParser.m */ = {isa = PBXFileReference; fileEncoding = 4; lastKnownFileType = sourcecode.c.objc; path = TestViCommandParser.m; sourceTree = "<group>"; };
		9A1A13B60D044131009EABAC /* TestViTextView.h */ = {isa = PBXFileReference; fileEncoding = 4; lastKnownFileType = sourcecode.c.h; path = TestViTextView.h; sourceTree = "<group>"; };
		9A1A13B70D044131009EABAC /* TestViTextView.m */ = {isa = PBXFileReference; fileEncoding = 4; lastKnownFileType = sourcecode.c.objc; path = TestViTextView.m; sourceTree = "<group>"; };
		9A3A943A0D9E9FFE0071C252 /* TestExCommand.h */ = {isa = PBXFileReference; fileEncoding = 4; lastKnownFileType = sourcecode.c.h; path = TestExCommand.h; sourceTree = "<group>"; };
		9A3A943B0D9E9FFE0071C252 /* TestExCommand.m */ = {isa = PBXFileReference; fileEncoding = 4; lastKnownFileType = sourcecode.c.objc; path = TestExCommand.m; sourceTree = "<group>"; };
		9A668DEA0D1088F6003FABD9 /* Mac Classic.tmTheme */ = {isa = PBXFileReference; lastKnownFileType = file; path = "Mac Classic.tmTheme"; sourceTree = "<group>"; };
		9A668E0F0D1116FC003FABD9 /* ViTheme.h */ = {isa = PBXFileReference; fileEncoding = 4; lastKnownFileType = sourcecode.c.h; path = ViTheme.h; sourceTree = "<group>"; };
		9A668E100D1116FC003FABD9 /* ViTheme.m */ = {isa = PBXFileReference; fileEncoding = 4; lastKnownFileType = sourcecode.c.objc; path = ViTheme.m; sourceTree = "<group>"; };
		9A668E120D11172C003FABD9 /* ViLanguage.h */ = {isa = PBXFileReference; fileEncoding = 4; lastKnownFileType = sourcecode.c.h; path = ViLanguage.h; sourceTree = "<group>"; };
		9A668E130D11172C003FABD9 /* ViLanguage.m */ = {isa = PBXFileReference; fileEncoding = 4; lastKnownFileType = sourcecode.c.objc; path = ViLanguage.m; sourceTree = "<group>"; };
		9A668E150D11174A003FABD9 /* ViLanguageStore.h */ = {isa = PBXFileReference; fileEncoding = 4; lastKnownFileType = sourcecode.c.h; path = ViLanguageStore.h; sourceTree = "<group>"; };
		9A668E160D11174A003FABD9 /* ViLanguageStore.m */ = {isa = PBXFileReference; fileEncoding = 4; lastKnownFileType = sourcecode.c.objc; path = ViLanguageStore.m; sourceTree = "<group>"; };
		9A73E27F0D8ECA4C00859053 /* ExCommand.h */ = {isa = PBXFileReference; fileEncoding = 4; lastKnownFileType = sourcecode.c.h; path = ExCommand.h; sourceTree = "<group>"; };
		9A73E2800D8ECA4C00859053 /* ExCommand.m */ = {isa = PBXFileReference; fileEncoding = 4; lastKnownFileType = sourcecode.c.objc; path = ExCommand.m; sourceTree = "<group>"; };
		9A7AF1430D99820800F08222 /* PSMTabBarControl.xcodeproj */ = {isa = PBXFileReference; lastKnownFileType = "wrapper.pb-project"; name = PSMTabBarControl.xcodeproj; path = PSMTabBarControl/PSMTabBarControl.xcodeproj; sourceTree = "<group>"; };
		9A7AF1D00D9995EE00F08222 /* English */ = {isa = PBXFileReference; lastKnownFileType = file.xib; name = English; path = English.lproj/MainMenu.xib; sourceTree = "<group>"; };
		9A7B0E720D01601A00040CAC /* ViTextView.m */ = {isa = PBXFileReference; fileEncoding = 4; lastKnownFileType = sourcecode.c.objc; path = ViTextView.m; sourceTree = "<group>"; };
		9A7B0E730D01601A00040CAC /* ViTextView.h */ = {isa = PBXFileReference; fileEncoding = 4; lastKnownFileType = sourcecode.c.h; path = ViTextView.h; sourceTree = "<group>"; };
		9A7B0F200D01AC9500040CAC /* ViTextView-cursor.m */ = {isa = PBXFileReference; fileEncoding = 4; lastKnownFileType = sourcecode.c.objc; path = "ViTextView-cursor.m"; sourceTree = "<group>"; };
		9A7B10CF0D01F46800040CAC /* ViTextView-syntax.m */ = {isa = PBXFileReference; fileEncoding = 4; lastKnownFileType = sourcecode.c.objc; path = "ViTextView-syntax.m"; sourceTree = "<group>"; };
		9A8CC20A0D1C06D4001EE32A /* ViThemeStore.h */ = {isa = PBXFileReference; fileEncoding = 4; lastKnownFileType = sourcecode.c.h; path = ViThemeStore.h; sourceTree = "<group>"; };
		9A8CC20B0D1C06D4001EE32A /* ViThemeStore.m */ = {isa = PBXFileReference; fileEncoding = 4; lastKnownFileType = sourcecode.c.objc; path = ViThemeStore.m; sourceTree = "<group>"; };
		9A8CC2180D1C3E62001EE32A /* ViAppController.h */ = {isa = PBXFileReference; fileEncoding = 4; lastKnownFileType = sourcecode.c.h; path = ViAppController.h; sourceTree = "<group>"; };
		9A8CC2190D1C3E62001EE32A /* ViAppController.m */ = {isa = PBXFileReference; fileEncoding = 4; lastKnownFileType = sourcecode.c.objc; path = ViAppController.m; sourceTree = "<group>"; };
		9A8CC8CB0D24E981001EE32A /* NSString-scopeSelector.h */ = {isa = PBXFileReference; fileEncoding = 4; lastKnownFileType = sourcecode.c.h; path = "NSString-scopeSelector.h"; sourceTree = "<group>"; };
		9A8CC8CC0D24E981001EE32A /* NSString-scopeSelector.m */ = {isa = PBXFileReference; fileEncoding = 4; lastKnownFileType = sourcecode.c.objc; path = "NSString-scopeSelector.m"; sourceTree = "<group>"; };
		9A8CC8D50D24EBA1001EE32A /* TestScopeSelectors.h */ = {isa = PBXFileReference; fileEncoding = 4; lastKnownFileType = sourcecode.c.h; path = TestScopeSelectors.h; sourceTree = "<group>"; };
		9A8CC8D60D24EBA1001EE32A /* TestScopeSelectors.m */ = {isa = PBXFileReference; fileEncoding = 4; lastKnownFileType = sourcecode.c.objc; path = TestScopeSelectors.m; sourceTree = "<group>"; };
		9AC16D940D93CD8F00AE45E0 /* English */ = {isa = PBXFileReference; lastKnownFileType = file.xib; name = English; path = English.lproj/EditorView.xib; sourceTree = "<group>"; };
		9AC16D970D93CDF200AE45E0 /* English */ = {isa = PBXFileReference; lastKnownFileType = file.xib; name = English; path = English.lproj/MyDocument.xib; sourceTree = "<group>"; };
		9AC16DA20D93D14A00AE45E0 /* ViEditController.h */ = {isa = PBXFileReference; fileEncoding = 4; lastKnownFileType = sourcecode.c.h; path = ViEditController.h; sourceTree = "<group>"; };
		9AC16DA30D93D14A00AE45E0 /* ViEditController.m */ = {isa = PBXFileReference; fileEncoding = 4; lastKnownFileType = sourcecode.c.objc; path = ViEditController.m; sourceTree = "<group>"; };
		9AC16E540D93F3A100AE45E0 /* vizard */ = {isa = PBXFileReference; fileEncoding = 4; lastKnownFileType = folder; name = vizard; sourceTree = "<group>"; };
		9AEE8B590D929A2A00189D7B /* Project_DataModel.xcdatamodel */ = {isa = PBXFileReference; fileEncoding = 4; lastKnownFileType = wrapper.xcdatamodel; path = Project_DataModel.xcdatamodel; sourceTree = "<group>"; };
		9AEE8B7C0D929DED00189D7B /* ProjectDelegate.h */ = {isa = PBXFileReference; fileEncoding = 4; lastKnownFileType = sourcecode.c.h; path = ProjectDelegate.h; sourceTree = "<group>"; };
		9AEE8B7D0D929DED00189D7B /* ProjectDelegate.m */ = {isa = PBXFileReference; fileEncoding = 4; lastKnownFileType = sourcecode.c.objc; path = ProjectDelegate.m; sourceTree = "<group>"; };
/* End PBXFileReference section */

/* Begin PBXFrameworksBuildPhase section */
		8D15AC330486D014006FF6A4 /* Frameworks */ = {
			isa = PBXFrameworksBuildPhase;
			buildActionMask = 2147483647;
			files = (
				9A117AD70D0CA8B7007AA524 /* OgreKit.framework in Frameworks */,
				9A7AF1550D9982EB00F08222 /* PSMTabBarControl.framework in Frameworks */,
				8D15AC340486D014006FF6A4 /* Cocoa.framework in Frameworks */,
			);
			runOnlyForDeploymentPostprocessing = 0;
		};
		9A1A12120D02CDE6009EABAC /* Frameworks */ = {
			isa = PBXFrameworksBuildPhase;
			buildActionMask = 2147483647;
			files = (
			);
			runOnlyForDeploymentPostprocessing = 0;
		};
/* End PBXFrameworksBuildPhase section */

/* Begin PBXGroup section */
		1058C7A6FEA54F5311CA2CBB /* Linked Frameworks */ = {
			isa = PBXGroup;
			children = (
				1058C7A7FEA54F5311CA2CBB /* Cocoa.framework */,
			);
			name = "Linked Frameworks";
			sourceTree = "<group>";
		};
		1058C7A8FEA54F5311CA2CBB /* Other Frameworks */ = {
			isa = PBXGroup;
			children = (
				2A37F4C4FDCFA73011CA2CEA /* AppKit.framework */,
				13E42FBA07B3F13500E4EEF1 /* CoreData.framework */,
				2A37F4C5FDCFA73011CA2CEA /* Foundation.framework */,
			);
			name = "Other Frameworks";
			sourceTree = "<group>";
		};
		19C28FB0FE9D524F11CA2CBB /* Products */ = {
			isa = PBXGroup;
			children = (
				8D15AC370486D014006FF6A4 /* vizard.app */,
				9A1A12150D02CDE6009EABAC /* Unit Tests.octest */,
			);
			name = Products;
			sourceTree = "<group>";
		};
		2A37F4AAFDCFA73011CA2CEA /* vizard */ = {
			isa = PBXGroup;
			children = (
				9A7AF1430D99820800F08222 /* PSMTabBarControl.xcodeproj */,
				9A1179E90D0C9E32007AA524 /* OgreKit.xcodeproj */,
				9AEE8B580D929A1700189D7B /* Models */,
				9A1A121B0D02CE29009EABAC /* Test Cases */,
				9AC16DA00D93CF9C00AE45E0 /* Controllers */,
				2A37F4ABFDCFA73011CA2CEA /* Classes */,
				2A37F4AFFDCFA73011CA2CEA /* Other Sources */,
				2A37F4B8FDCFA73011CA2CEA /* Resources */,
				2A37F4C3FDCFA73011CA2CEA /* Frameworks */,
				19C28FB0FE9D524F11CA2CBB /* Products */,
				9A1A12160D02CDE6009EABAC /* Unit Tests-Info.plist */,
				9AC16E540D93F3A100AE45E0 /* vizard */,
			);
			name = vizard;
			sourceTree = "<group>";
		};
		2A37F4ABFDCFA73011CA2CEA /* Classes */ = {
			isa = PBXGroup;
			children = (
				9A7B10CF0D01F46800040CAC /* ViTextView-syntax.m */,
				9A7B0F200D01AC9500040CAC /* ViTextView-cursor.m */,
				9A7B0E720D01601A00040CAC /* ViTextView.m */,
				9A7B0E730D01601A00040CAC /* ViTextView.h */,
				9A1A11FE0D02C65A009EABAC /* ViCommand.h */,
				9A1A11FF0D02C65A009EABAC /* ViCommand.m */,
				9A73E27F0D8ECA4C00859053 /* ExCommand.h */,
				9A73E2800D8ECA4C00859053 /* ExCommand.m */,
				9A668E0F0D1116FC003FABD9 /* ViTheme.h */,
				9A668E100D1116FC003FABD9 /* ViTheme.m */,
				9A668E120D11172C003FABD9 /* ViLanguage.h */,
				9A668E130D11172C003FABD9 /* ViLanguage.m */,
				9A668E150D11174A003FABD9 /* ViLanguageStore.h */,
				9A668E160D11174A003FABD9 /* ViLanguageStore.m */,
				9A8CC20A0D1C06D4001EE32A /* ViThemeStore.h */,
				9A8CC20B0D1C06D4001EE32A /* ViThemeStore.m */,
				9A8CC8CB0D24E981001EE32A /* NSString-scopeSelector.h */,
				9A8CC8CC0D24E981001EE32A /* NSString-scopeSelector.m */,
			);
			name = Classes;
			sourceTree = "<group>";
		};
		2A37F4AFFDCFA73011CA2CEA /* Other Sources */ = {
			isa = PBXGroup;
			children = (
				32DBCF750370BD2300C91783 /* vizard_Prefix.pch */,
				2A37F4B0FDCFA73011CA2CEA /* main.m */,
			);
			name = "Other Sources";
			sourceTree = "<group>";
		};
		2A37F4B8FDCFA73011CA2CEA /* Resources */ = {
			isa = PBXGroup;
			children = (
				9A7AF1CF0D9995EE00F08222 /* MainMenu.xib */,
				9AC16D960D93CDF200AE45E0 /* MyDocument.xib */,
				9AC16D930D93CD8F00AE45E0 /* EditorView.xib */,
				9A668DEA0D1088F6003FABD9 /* Mac Classic.tmTheme */,
				2A37F4B9FDCFA73011CA2CEA /* Credits.rtf */,
				8D15AC360486D014006FF6A4 /* Info.plist */,
				089C165FFE840EACC02AAC07 /* InfoPlist.strings */,
			);
			name = Resources;
			sourceTree = "<group>";
		};
		2A37F4C3FDCFA73011CA2CEA /* Frameworks */ = {
			isa = PBXGroup;
			children = (
				1058C7A6FEA54F5311CA2CBB /* Linked Frameworks */,
				1058C7A8FEA54F5311CA2CBB /* Other Frameworks */,
			);
			name = Frameworks;
			sourceTree = "<group>";
		};
		9A117AC70D0CA87D007AA524 /* Products */ = {
			isa = PBXGroup;
			children = (
				9A117ACD0D0CA87D007AA524 /* OgreKit.framework */,
			);
			name = Products;
			sourceTree = "<group>";
		};
		9A1A121B0D02CE29009EABAC /* Test Cases */ = {
			isa = PBXGroup;
			children = (
				9A1A12220D02CFCF009EABAC /* TestViCommandParser.h */,
				9A1A12230D02CFCF009EABAC /* TestViCommandParser.m */,
				9A1A13B60D044131009EABAC /* TestViTextView.h */,
				9A1A13B70D044131009EABAC /* TestViTextView.m */,
				9A8CC8D50D24EBA1001EE32A /* TestScopeSelectors.h */,
				9A8CC8D60D24EBA1001EE32A /* TestScopeSelectors.m */,
				9A3A943A0D9E9FFE0071C252 /* TestExCommand.h */,
				9A3A943B0D9E9FFE0071C252 /* TestExCommand.m */,
			);
			name = "Test Cases";
			sourceTree = "<group>";
		};
		9A7AF1440D99820800F08222 /* Products */ = {
			isa = PBXGroup;
			children = (
				9A7AF14F0D99820900F08222 /* PSMTabBarControl.palette */,
				9A7AF1510D99820900F08222 /* TabBarControlDemo.app */,
				9A7AF1530D99820900F08222 /* PSMTabBarControl.framework */,
			);
			name = Products;
			sourceTree = "<group>";
		};
		9AC16DA00D93CF9C00AE45E0 /* Controllers */ = {
			isa = PBXGroup;
			children = (
				9AEE8B7C0D929DED00189D7B /* ProjectDelegate.h */,
				9AEE8B7D0D929DED00189D7B /* ProjectDelegate.m */,
				2A37F4AEFDCFA73011CA2CEA /* MyDocument.h */,
				2A37F4ACFDCFA73011CA2CEA /* MyDocument.m */,
				9A8CC2180D1C3E62001EE32A /* ViAppController.h */,
				9A8CC2190D1C3E62001EE32A /* ViAppController.m */,
				9AC16DA20D93D14A00AE45E0 /* ViEditController.h */,
				9AC16DA30D93D14A00AE45E0 /* ViEditController.m */,
			);
			name = Controllers;
			sourceTree = "<group>";
		};
		9AEE8B580D929A1700189D7B /* Models */ = {
			isa = PBXGroup;
			children = (
				9AEE8B590D929A2A00189D7B /* Project_DataModel.xcdatamodel */,
			);
			name = Models;
			sourceTree = "<group>";
		};
/* End PBXGroup section */

/* Begin PBXNativeTarget section */
		8D15AC270486D014006FF6A4 /* vizard */ = {
			isa = PBXNativeTarget;
			buildConfigurationList = C05733C708A9546B00998B17 /* Build configuration list for PBXNativeTarget "vizard" */;
			buildPhases = (
				8D15AC2B0486D014006FF6A4 /* Resources */,
				8D15AC300486D014006FF6A4 /* Sources */,
				8D15AC330486D014006FF6A4 /* Frameworks */,
				9AC2D8B90D9924C800A26861 /* ShellScript */,
			);
			buildRules = (
			);
			dependencies = (
				9A117AE10D0CA8CD007AA524 /* PBXTargetDependency */,
				9A7AF1570D99830C00F08222 /* PBXTargetDependency */,
			);
			name = vizard;
			productInstallPath = "$(HOME)/Applications";
			productName = vizard;
			productReference = 8D15AC370486D014006FF6A4 /* vizard.app */;
			productType = "com.apple.product-type.application";
		};
		9A1A12140D02CDE6009EABAC /* Unit Tests */ = {
			isa = PBXNativeTarget;
			buildConfigurationList = 9A1A12190D02CDE6009EABAC /* Build configuration list for PBXNativeTarget "Unit Tests" */;
			buildPhases = (
				9A1A12100D02CDE6009EABAC /* Resources */,
				9A1A12110D02CDE6009EABAC /* Sources */,
				9A1A12120D02CDE6009EABAC /* Frameworks */,
				9A1A12130D02CDE6009EABAC /* ShellScript */,
			);
			buildRules = (
			);
			dependencies = (
				9A1A12830D02EB86009EABAC /* PBXTargetDependency */,
			);
			name = "Unit Tests";
			productName = "Unit Tests";
			productReference = 9A1A12150D02CDE6009EABAC /* Unit Tests.octest */;
			productType = "com.apple.product-type.bundle";
		};
/* End PBXNativeTarget section */

/* Begin PBXProject section */
		2A37F4A9FDCFA73011CA2CEA /* Project object */ = {
			isa = PBXProject;
			buildConfigurationList = C05733CB08A9546B00998B17 /* Build configuration list for PBXProject "vizard" */;
			compatibilityVersion = "Xcode 3.0";
			hasScannedForEncodings = 1;
			mainGroup = 2A37F4AAFDCFA73011CA2CEA /* vizard */;
			projectDirPath = "";
			projectReferences = (
				{
					ProductGroup = 9A117AC70D0CA87D007AA524 /* Products */;
					ProjectRef = 9A1179E90D0C9E32007AA524 /* OgreKit.xcodeproj */;
				},
				{
					ProductGroup = 9A7AF1440D99820800F08222 /* Products */;
					ProjectRef = 9A7AF1430D99820800F08222 /* PSMTabBarControl.xcodeproj */;
				},
			);
			projectRoot = "";
			targets = (
				8D15AC270486D014006FF6A4 /* vizard */,
				9A1A12140D02CDE6009EABAC /* Unit Tests */,
			);
		};
/* End PBXProject section */

/* Begin PBXReferenceProxy section */
		9A117ACD0D0CA87D007AA524 /* OgreKit.framework */ = {
			isa = PBXReferenceProxy;
			fileType = wrapper.framework;
			path = OgreKit.framework;
			remoteRef = 9A117ACC0D0CA87D007AA524 /* PBXContainerItemProxy */;
			sourceTree = BUILT_PRODUCTS_DIR;
		};
		9A7AF14F0D99820900F08222 /* PSMTabBarControl.palette */ = {
			isa = PBXReferenceProxy;
			fileType = wrapper.cfbundle;
			path = PSMTabBarControl.palette;
			remoteRef = 9A7AF14E0D99820900F08222 /* PBXContainerItemProxy */;
			sourceTree = BUILT_PRODUCTS_DIR;
		};
		9A7AF1510D99820900F08222 /* TabBarControlDemo.app */ = {
			isa = PBXReferenceProxy;
			fileType = wrapper.application;
			path = TabBarControlDemo.app;
			remoteRef = 9A7AF1500D99820900F08222 /* PBXContainerItemProxy */;
			sourceTree = BUILT_PRODUCTS_DIR;
		};
		9A7AF1530D99820900F08222 /* PSMTabBarControl.framework */ = {
			isa = PBXReferenceProxy;
			fileType = wrapper.framework;
			path = PSMTabBarControl.framework;
			remoteRef = 9A7AF1520D99820900F08222 /* PBXContainerItemProxy */;
			sourceTree = BUILT_PRODUCTS_DIR;
		};
/* End PBXReferenceProxy section */

/* Begin PBXResourcesBuildPhase section */
		8D15AC2B0486D014006FF6A4 /* Resources */ = {
			isa = PBXResourcesBuildPhase;
			buildActionMask = 2147483647;
			files = (
				8D15AC2C0486D014006FF6A4 /* Credits.rtf in Resources */,
				8D15AC2F0486D014006FF6A4 /* InfoPlist.strings in Resources */,
				9A668DEB0D1088F6003FABD9 /* Mac Classic.tmTheme in Resources */,
				9AC16D950D93CD8F00AE45E0 /* EditorView.xib in Resources */,
				9AC16D980D93CDF200AE45E0 /* MyDocument.xib in Resources */,
				9A7AF1D10D9995EE00F08222 /* MainMenu.xib in Resources */,
			);
			runOnlyForDeploymentPostprocessing = 0;
		};
		9A1A12100D02CDE6009EABAC /* Resources */ = {
			isa = PBXResourcesBuildPhase;
			buildActionMask = 2147483647;
			files = (
			);
			runOnlyForDeploymentPostprocessing = 0;
		};
/* End PBXResourcesBuildPhase section */

/* Begin PBXShellScriptBuildPhase section */
		9A1A12130D02CDE6009EABAC /* ShellScript */ = {
			isa = PBXShellScriptBuildPhase;
			buildActionMask = 2147483647;
			files = (
			);
			inputPaths = (
			);
			outputPaths = (
			);
			runOnlyForDeploymentPostprocessing = 0;
			shellPath = /bin/sh;
			shellScript = "# Run the unit tests in this test bundle.\n\"${SYSTEM_DEVELOPER_DIR}/Tools/RunUnitTests\"\n";
		};
		9AC2D8B90D9924C800A26861 /* ShellScript */ = {
			isa = PBXShellScriptBuildPhase;
			buildActionMask = 2147483647;
			files = (
			);
			inputPaths = (
			);
			outputPaths = (
			);
			runOnlyForDeploymentPostprocessing = 0;
			shellPath = /bin/sh;
			shellScript = "echo \"Removing old OgreKit framework\"\nrm -rf $TARGET_BUILD_DIR/$WRAPPER_NAME/Contents/Frameworks/OgreKit.framework\necho \"Copying new OgreKit framework\"\ncp -Rp $TARGET_BUILD_DIR/../../OgreKit/build/$BUILD_STYLE/OgreKit.framework $TARGET_BUILD_DIR/$WRAPPER_NAME/Contents/Frameworks\n\necho \"Removing old PSMTabBarControl framework\"\nrm -rf $TARGET_BUILD_DIR/$WRAPPER_NAME/Contents/Frameworks/PSMTabBarControl.framework\necho \"Copying new PSMTabBarControl framework\"\ncp -Rp $TARGET_BUILD_DIR/../../PSMTabBarControl/build/$BUILD_STYLE/PSMTabBarControl.framework $TARGET_BUILD_DIR/$WRAPPER_NAME/Contents/Frameworks\n";
		};
/* End PBXShellScriptBuildPhase section */

/* Begin PBXSourcesBuildPhase section */
		8D15AC300486D014006FF6A4 /* Sources */ = {
			isa = PBXSourcesBuildPhase;
			buildActionMask = 2147483647;
			files = (
				8D15AC310486D014006FF6A4 /* MyDocument.m in Sources */,
				8D15AC320486D014006FF6A4 /* main.m in Sources */,
				9A7B0E740D01601A00040CAC /* ViTextView.m in Sources */,
				9A1A12000D02C65A009EABAC /* ViCommand.m in Sources */,
				9A11760F0D0BFD93007AA524 /* ViTextView-syntax.m in Sources */,
				9A668E110D1116FC003FABD9 /* ViTheme.m in Sources */,
				9A668E140D11172C003FABD9 /* ViLanguage.m in Sources */,
				9A668E170D11174A003FABD9 /* ViLanguageStore.m in Sources */,
				9AA7861A0D185DE100C5FD67 /* ViTextView-cursor.m in Sources */,
				9A8CC20C0D1C06D4001EE32A /* ViThemeStore.m in Sources */,
				9A8CC21A0D1C3E62001EE32A /* ViAppController.m in Sources */,
				9A8CC8CD0D24E981001EE32A /* NSString-scopeSelector.m in Sources */,
				9A73E2810D8ECA4C00859053 /* ExCommand.m in Sources */,
				9AEE8B5A0D929A2A00189D7B /* Project_DataModel.xcdatamodel in Sources */,
				9AEE8B7E0D929DED00189D7B /* ProjectDelegate.m in Sources */,
				9AC16DA40D93D14A00AE45E0 /* ViEditController.m in Sources */,
			);
			runOnlyForDeploymentPostprocessing = 0;
		};
		9A1A12110D02CDE6009EABAC /* Sources */ = {
			isa = PBXSourcesBuildPhase;
			buildActionMask = 2147483647;
			files = (
				9A11765A0D0C4950007AA524 /* TestViTextView.m in Sources */,
				9A8CC8E40D24ED47001EE32A /* TestScopeSelectors.m in Sources */,
				9A3A94440D9FDC170071C252 /* TestViCommandParser.m in Sources */,
				9A3A94450D9FDC1C0071C252 /* TestExCommand.m in Sources */,
			);
			runOnlyForDeploymentPostprocessing = 0;
		};
/* End PBXSourcesBuildPhase section */

/* Begin PBXTargetDependency section */
		9A117AE10D0CA8CD007AA524 /* PBXTargetDependency */ = {
			isa = PBXTargetDependency;
			name = OgreKit;
			targetProxy = 9A117AE00D0CA8CD007AA524 /* PBXContainerItemProxy */;
		};
		9A1A12830D02EB86009EABAC /* PBXTargetDependency */ = {
			isa = PBXTargetDependency;
			target = 8D15AC270486D014006FF6A4 /* vizard */;
			targetProxy = 9A1A12820D02EB86009EABAC /* PBXContainerItemProxy */;
		};
		9A7AF1570D99830C00F08222 /* PBXTargetDependency */ = {
			isa = PBXTargetDependency;
			name = PSMTabBarControlFramework;
			targetProxy = 9A7AF1560D99830C00F08222 /* PBXContainerItemProxy */;
		};
/* End PBXTargetDependency section */

/* Begin PBXVariantGroup section */
		089C165FFE840EACC02AAC07 /* InfoPlist.strings */ = {
			isa = PBXVariantGroup;
			children = (
				089C1660FE840EACC02AAC07 /* English */,
			);
			name = InfoPlist.strings;
			sourceTree = "<group>";
		};
		2A37F4B9FDCFA73011CA2CEA /* Credits.rtf */ = {
			isa = PBXVariantGroup;
			children = (
				2A37F4BAFDCFA73011CA2CEA /* English */,
			);
			name = Credits.rtf;
			sourceTree = "<group>";
		};
		9A7AF1CF0D9995EE00F08222 /* MainMenu.xib */ = {
			isa = PBXVariantGroup;
			children = (
				9A7AF1D00D9995EE00F08222 /* English */,
			);
			name = MainMenu.xib;
			sourceTree = "<group>";
		};
		9AC16D930D93CD8F00AE45E0 /* EditorView.xib */ = {
			isa = PBXVariantGroup;
			children = (
				9AC16D940D93CD8F00AE45E0 /* English */,
			);
			name = EditorView.xib;
			sourceTree = "<group>";
		};
		9AC16D960D93CDF200AE45E0 /* MyDocument.xib */ = {
			isa = PBXVariantGroup;
			children = (
				9AC16D970D93CDF200AE45E0 /* English */,
			);
			name = MyDocument.xib;
			sourceTree = "<group>";
		};
/* End PBXVariantGroup section */

/* Begin XCBuildConfiguration section */
		9A1A12170D02CDE6009EABAC /* Debug */ = {
			isa = XCBuildConfiguration;
			buildSettings = {
				BUNDLE_LOADER = "$(BUILT_PRODUCTS_DIR)/vizard.app/Contents/MacOS/vizard";
				COPY_PHASE_STRIP = NO;
				FRAMEWORK_SEARCH_PATHS = "$(DEVELOPER_LIBRARY_DIR)/Frameworks";
				GCC_DYNAMIC_NO_PIC = NO;
				GCC_ENABLE_FIX_AND_CONTINUE = NO;
				GCC_ENABLE_OBJC_EXCEPTIONS = YES;
				GCC_MODEL_TUNING = G5;
				GCC_OPTIMIZATION_LEVEL = 0;
				GCC_PRECOMPILE_PREFIX_HEADER = YES;
				GCC_PREFIX_HEADER = "$(SYSTEM_LIBRARY_DIR)/Frameworks/Cocoa.framework/Headers/Cocoa.h";
				INFOPLIST_FILE = "Unit Tests-Info.plist";
				INSTALL_PATH = "$(USER_LIBRARY_DIR)/Bundles";
				OTHER_LDFLAGS = (
					"-framework",
					Cocoa,
					"-framework",
					SenTestingKit,
				);
				PREBINDING = NO;
				PRODUCT_NAME = "Unit Tests";
				TEST_HOST = "$(BUNDLE_LOADER)";
				WRAPPER_EXTENSION = octest;
			};
			name = Debug;
		};
		9A1A12180D02CDE6009EABAC /* Release */ = {
			isa = XCBuildConfiguration;
			buildSettings = {
				COPY_PHASE_STRIP = YES;
				DEBUG_INFORMATION_FORMAT = "dwarf-with-dsym";
				FRAMEWORK_SEARCH_PATHS = "$(DEVELOPER_LIBRARY_DIR)/Frameworks";
				GCC_ENABLE_FIX_AND_CONTINUE = NO;
				GCC_ENABLE_OBJC_EXCEPTIONS = YES;
				GCC_MODEL_TUNING = G5;
				GCC_PRECOMPILE_PREFIX_HEADER = YES;
				GCC_PREFIX_HEADER = "$(SYSTEM_LIBRARY_DIR)/Frameworks/Cocoa.framework/Headers/Cocoa.h";
				INFOPLIST_FILE = "Unit Tests-Info.plist";
				INSTALL_PATH = "$(USER_LIBRARY_DIR)/Bundles";
				OTHER_LDFLAGS = (
					"-framework",
					Cocoa,
					"-framework",
					SenTestingKit,
				);
				PREBINDING = NO;
				PRODUCT_NAME = "Unit Tests";
				WRAPPER_EXTENSION = octest;
				ZERO_LINK = NO;
			};
			name = Release;
		};
		C05733C808A9546B00998B17 /* Debug */ = {
			isa = XCBuildConfiguration;
			buildSettings = {
				COPY_PHASE_STRIP = NO;
				FRAMEWORK_SEARCH_PATHS = (
					"$(inherited)",
					"\"$(SRCROOT)\"",
					"\"$(SRCROOT)/PSMTabBarControl/build/Release\"",
				);
				GCC_DYNAMIC_NO_PIC = NO;
				GCC_ENABLE_FIX_AND_CONTINUE = YES;
				GCC_MODEL_TUNING = G5;
				GCC_OPTIMIZATION_LEVEL = 0;
				GCC_PRECOMPILE_PREFIX_HEADER = YES;
				GCC_PREFIX_HEADER = vizard_Prefix.pch;
				INFOPLIST_FILE = Info.plist;
				INSTALL_PATH = "$(HOME)/Applications";
				PRODUCT_NAME = vizard;
				WRAPPER_EXTENSION = app;
				ZERO_LINK = YES;
			};
			name = Debug;
		};
		C05733C908A9546B00998B17 /* Release */ = {
			isa = XCBuildConfiguration;
			buildSettings = {
				DEBUG_INFORMATION_FORMAT = "dwarf-with-dsym";
				FRAMEWORK_SEARCH_PATHS = (
					"$(inherited)",
					"\"$(SRCROOT)\"",
					"\"$(SRCROOT)/PSMTabBarControl/build/Release\"",
				);
				GCC_MODEL_TUNING = G5;
				GCC_PRECOMPILE_PREFIX_HEADER = YES;
				GCC_PREFIX_HEADER = vizard_Prefix.pch;
				INFOPLIST_FILE = Info.plist;
				INSTALL_PATH = "$(HOME)/Applications";
				PRODUCT_NAME = vizard;
				WRAPPER_EXTENSION = app;
			};
			name = Release;
		};
		C05733CC08A9546B00998B17 /* Debug */ = {
			isa = XCBuildConfiguration;
			buildSettings = {
				ARCHS = i386;
				FRAMEWORK_SEARCH_PATHS = (
					PSMTabBarControl/build/$BUILD_STYLE,
					OgreKit/build/$BUILD_STYLE,
				);
				GCC_ENABLE_CPP_EXCEPTIONS = NO;
				GCC_ENABLE_CPP_RTTI = NO;
				GCC_ENABLE_OBJC_GC = required;
				GCC_ENABLE_SYMBOL_SEPARATION = YES;
				GCC_WARN_64_TO_32_BIT_CONVERSION = NO;
				GCC_WARN_ABOUT_MISSING_PROTOTYPES = YES;
				GCC_WARN_ABOUT_RETURN_TYPE = YES;
				GCC_WARN_INITIALIZER_NOT_FULLY_BRACKETED = YES;
				GCC_WARN_MISSING_PARENTHESES = YES;
				GCC_WARN_PEDANTIC = NO;
				GCC_WARN_PROTOTYPE_CONVERSION = NO;
				GCC_WARN_SHADOW = YES;
				GCC_WARN_TYPECHECK_CALLS_TO_PRINTF = YES;
				GCC_WARN_UNINITIALIZED_AUTOS = NO;
				GCC_WARN_UNUSED_FUNCTION = YES;
				GCC_WARN_UNUSED_LABEL = YES;
				GCC_WARN_UNUSED_PARAMETER = NO;
				GCC_WARN_UNUSED_VALUE = YES;
				GCC_WARN_UNUSED_VARIABLE = YES;
				PREBINDING = NO;
				SDKROOT = "$(DEVELOPER_SDK_DIR)/MacOSX10.5.sdk";
				VALID_ARCHS = i386;
			};
			name = Debug;
		};
		C05733CD08A9546B00998B17 /* Release */ = {
			isa = XCBuildConfiguration;
			buildSettings = {
				ARCHS = (
					i386,
					ppc,
				);
				FRAMEWORK_SEARCH_PATHS = (
					PSMTabBarControl/build/$BUILD_STYLE,
					OgreKit/build/$BUILD_STYLE,
				);
				GCC_ENABLE_CPP_EXCEPTIONS = NO;
				GCC_ENABLE_CPP_RTTI = NO;
				GCC_ENABLE_OBJC_GC = required;
				GCC_WARN_ABOUT_MISSING_PROTOTYPES = YES;
				GCC_WARN_ABOUT_RETURN_TYPE = YES;
				GCC_WARN_INITIALIZER_NOT_FULLY_BRACKETED = YES;
				GCC_WARN_MISSING_PARENTHESES = YES;
				GCC_WARN_PEDANTIC = NO;
				GCC_WARN_SHADOW = YES;
				GCC_WARN_TYPECHECK_CALLS_TO_PRINTF = YES;
				GCC_WARN_UNUSED_FUNCTION = YES;
				GCC_WARN_UNUSED_LABEL = YES;
				GCC_WARN_UNUSED_PARAMETER = NO;
				GCC_WARN_UNUSED_VALUE = YES;
				GCC_WARN_UNUSED_VARIABLE = YES;
				HEADER_SEARCH_PATHS = "";
				PREBINDING = NO;
				SDKROOT = "$(DEVELOPER_SDK_DIR)/MacOSX10.5.sdk";
			};
			name = Release;
		};
/* End XCBuildConfiguration section */

/* Begin XCConfigurationList section */
		9A1A12190D02CDE6009EABAC /* Build configuration list for PBXNativeTarget "Unit Tests" */ = {
			isa = XCConfigurationList;
			buildConfigurations = (
				9A1A12170D02CDE6009EABAC /* Debug */,
				9A1A12180D02CDE6009EABAC /* Release */,
			);
			defaultConfigurationIsVisible = 0;
			defaultConfigurationName = Release;
		};
		C05733C708A9546B00998B17 /* Build configuration list for PBXNativeTarget "vizard" */ = {
			isa = XCConfigurationList;
			buildConfigurations = (
				C05733C808A9546B00998B17 /* Debug */,
				C05733C908A9546B00998B17 /* Release */,
			);
			defaultConfigurationIsVisible = 0;
			defaultConfigurationName = Release;
		};
		C05733CB08A9546B00998B17 /* Build configuration list for PBXProject "vizard" */ = {
			isa = XCConfigurationList;
			buildConfigurations = (
				C05733CC08A9546B00998B17 /* Debug */,
				C05733CD08A9546B00998B17 /* Release */,
			);
			defaultConfigurationIsVisible = 0;
			defaultConfigurationName = Release;
		};
/* End XCConfigurationList section */
	};
	rootObject = 2A37F4A9FDCFA73011CA2CEA /* Project object */;
}
