// !$*UTF8*$!
{
	archiveVersion = 1;
	classes = {
	};
	objectVersion = 45;
	objects = {

/* Begin PBXBuildFile section */
		8D15AC2C0486D014006FF6A4 /* Credits.rtf in Resources */ = {isa = PBXBuildFile; fileRef = 2A37F4B9FDCFA73011CA2CEA /* Credits.rtf */; };
		8D15AC2F0486D014006FF6A4 /* InfoPlist.strings in Resources */ = {isa = PBXBuildFile; fileRef = 089C165FFE840EACC02AAC07 /* InfoPlist.strings */; };
		8D15AC320486D014006FF6A4 /* main.m in Sources */ = {isa = PBXBuildFile; fileRef = 2A37F4B0FDCFA73011CA2CEA /* main.m */; settings = {ATTRIBUTES = (); }; };
		8D15AC340486D014006FF6A4 /* Cocoa.framework in Frameworks */ = {isa = PBXBuildFile; fileRef = 1058C7A7FEA54F5311CA2CBB /* Cocoa.framework */; };
		9A0868B20EE03A7600274635 /* ViSeparatorCell.m in Sources */ = {isa = PBXBuildFile; fileRef = 9A0868B10EE03A7600274635 /* ViSeparatorCell.m */; };
		9A0868ED0EE090FD00274635 /* TB_ViewMenu-Extended.pdf in Resources */ = {isa = PBXBuildFile; fileRef = 9A0868EC0EE090FD00274635 /* TB_ViewMenu-Extended.pdf */; };
		9A099A720EE88046006A80A2 /* NSTextStorage-additions.m in Sources */ = {isa = PBXBuildFile; fileRef = 9A099A710EE88046006A80A2 /* NSTextStorage-additions.m */; };
		9A11D6810EB473BE00A016AB /* xi.icns in Resources */ = {isa = PBXBuildFile; fileRef = 9A11D6800EB473BE00A016AB /* xi.icns */; };
		9A17D1B10DA1722F00DAFB30 /* ViTagsDatabase.m in Sources */ = {isa = PBXBuildFile; fileRef = 9A17D1B00DA1722F00DAFB30 /* ViTagsDatabase.m */; };
		9A1A12000D02C65A009EABAC /* ViCommand.m in Sources */ = {isa = PBXBuildFile; fileRef = 9A1A11FF0D02C65A009EABAC /* ViCommand.m */; };
		9A1E40AA0EFBA83400682D4A /* sftp-client.c in Sources */ = {isa = PBXBuildFile; fileRef = 9A1E40A30EFBA83400682D4A /* sftp-client.c */; };
		9A1E40AB0EFBA83400682D4A /* sftp-common.c in Sources */ = {isa = PBXBuildFile; fileRef = 9A1E40A50EFBA83400682D4A /* sftp-common.c */; };
		9A1E40AC0EFBA83400682D4A /* sftp-glob.c in Sources */ = {isa = PBXBuildFile; fileRef = 9A1E40A70EFBA83400682D4A /* sftp-glob.c */; };
		9A1E40AD0EFBA83400682D4A /* sftp.c in Sources */ = {isa = PBXBuildFile; fileRef = 9A1E40A80EFBA83400682D4A /* sftp.c */; };
		9A1E40C00EFBAEA700682D4A /* atomicio.c in Sources */ = {isa = PBXBuildFile; fileRef = 9A1E40B30EFBAEA700682D4A /* atomicio.c */; };
		9A1E40C10EFBAEA700682D4A /* buffer.c in Sources */ = {isa = PBXBuildFile; fileRef = 9A1E40B50EFBAEA700682D4A /* buffer.c */; };
		9A1E40C20EFBAEA700682D4A /* log.c in Sources */ = {isa = PBXBuildFile; fileRef = 9A1E40B70EFBAEA700682D4A /* log.c */; };
		9A1E40C30EFBAEA700682D4A /* misc.c in Sources */ = {isa = PBXBuildFile; fileRef = 9A1E40B90EFBAEA700682D4A /* misc.c */; };
		9A1E40C50EFBAEA700682D4A /* xmalloc.c in Sources */ = {isa = PBXBuildFile; fileRef = 9A1E40BE0EFBAEA700682D4A /* xmalloc.c */; };
		9A1E40D40EFBB08400682D4A /* bufaux.c in Sources */ = {isa = PBXBuildFile; fileRef = 9A1E40D20EFBB08400682D4A /* bufaux.c */; };
		9A1E40D70EFBB0C100682D4A /* fatal.c in Sources */ = {isa = PBXBuildFile; fileRef = 9A1E40D60EFBB0C100682D4A /* fatal.c */; };
		9A1E40DC0EFBB1A800682D4A /* vis.c in Sources */ = {isa = PBXBuildFile; fileRef = 9A1E40DB0EFBB1A800682D4A /* vis.c */; };
		9A1E40DF0EFBB1D000682D4A /* strtonum.c in Sources */ = {isa = PBXBuildFile; fileRef = 9A1E40DE0EFBB1D000682D4A /* strtonum.c */; };
		9A1E40F30EFBB35600682D4A /* progressmeter.c in Sources */ = {isa = PBXBuildFile; fileRef = 9A1E40F10EFBB35600682D4A /* progressmeter.c */; };
		9A1E40FE0EFBBD2100682D4A /* SFTPConnection.m in Sources */ = {isa = PBXBuildFile; fileRef = 9A1E40FD0EFBBD2100682D4A /* SFTPConnection.m */; };
		9A4F7DC20ED56CFE00A3CCF1 /* ViSymbolTransform.m in Sources */ = {isa = PBXBuildFile; fileRef = 9A4F7DC00ED56CFE00A3CCF1 /* ViSymbolTransform.m */; };
		9A668E110D1116FC003FABD9 /* ViTheme.m in Sources */ = {isa = PBXBuildFile; fileRef = 9A668E100D1116FC003FABD9 /* ViTheme.m */; };
		9A668E140D11172C003FABD9 /* ViLanguage.m in Sources */ = {isa = PBXBuildFile; fileRef = 9A668E130D11172C003FABD9 /* ViLanguage.m */; };
		9A668E170D11174A003FABD9 /* ViLanguageStore.m in Sources */ = {isa = PBXBuildFile; fileRef = 9A668E160D11174A003FABD9 /* ViLanguageStore.m */; };
		9A6C11DE0EBCC497002D6A22 /* ViTextView-snippets.m in Sources */ = {isa = PBXBuildFile; fileRef = 9A6C11DD0EBCC497002D6A22 /* ViTextView-snippets.m */; };
		9A6C12610EBE55FD002D6A22 /* ViRegexp.m in Sources */ = {isa = PBXBuildFile; fileRef = 9A6C12600EBE55FD002D6A22 /* ViRegexp.m */; };
		9A6C13BC0EC55CD1002D6A22 /* MHSysTree.m in Sources */ = {isa = PBXBuildFile; fileRef = 9A6C13BB0EC55CD1002D6A22 /* MHSysTree.m */; };
		9A6C14BE0EC5E41E002D6A22 /* ViSyntaxMatch.m in Sources */ = {isa = PBXBuildFile; fileRef = 9A6C14BD0EC5E41E002D6A22 /* ViSyntaxMatch.m */; };
		9A6C14D00EC5E9EE002D6A22 /* ViScope.m in Sources */ = {isa = PBXBuildFile; fileRef = 9A6C14CF0EC5E9EE002D6A22 /* ViScope.m */; };
		9A6C15240EC6D1B2002D6A22 /* NoodleLineNumberView.m in Sources */ = {isa = PBXBuildFile; fileRef = 9A6C15230EC6D1B2002D6A22 /* NoodleLineNumberView.m */; };
		9A6C152C0EC6D280002D6A22 /* NoodleLineNumberMarker.m in Sources */ = {isa = PBXBuildFile; fileRef = 9A6C152B0EC6D280002D6A22 /* NoodleLineNumberMarker.m */; };
		9A709CE50EA28E3600AB54E0 /* ViBundle.m in Sources */ = {isa = PBXBuildFile; fileRef = 9A709CE40EA28E3600AB54E0 /* ViBundle.m */; };
		9A70D93D0E9E76D70013AA1D /* ViWindowController.m in Sources */ = {isa = PBXBuildFile; fileRef = 9A70D93C0E9E76D70013AA1D /* ViWindowController.m */; };
		9A70E9890E9F67B80013AA1D /* Themes in Resources */ = {isa = PBXBuildFile; fileRef = 9A70E9720E9F67B80013AA1D /* Themes */; };
		9A70F2DA0E9F68100013AA1D /* Bundles in Resources */ = {isa = PBXBuildFile; fileRef = 9A70E98D0E9F68100013AA1D /* Bundles */; };
		9A73E2810D8ECA4C00859053 /* ExCommand.m in Sources */ = {isa = PBXBuildFile; fileRef = 9A73E2800D8ECA4C00859053 /* ExCommand.m */; };
		9A7AF1550D9982EB00F08222 /* PSMTabBarControl.framework in Frameworks */ = {isa = PBXBuildFile; fileRef = 9A7AF1530D99820900F08222 /* PSMTabBarControl.framework */; };
		9A7AF1D10D9995EE00F08222 /* MainMenu.xib in Resources */ = {isa = PBXBuildFile; fileRef = 9A7AF1CF0D9995EE00F08222 /* MainMenu.xib */; };
		9A7B0E740D01601A00040CAC /* ViTextView.m in Sources */ = {isa = PBXBuildFile; fileRef = 9A7B0E720D01601A00040CAC /* ViTextView.m */; };
		9A8CC20C0D1C06D4001EE32A /* ViThemeStore.m in Sources */ = {isa = PBXBuildFile; fileRef = 9A8CC20B0D1C06D4001EE32A /* ViThemeStore.m */; };
		9A8CC21A0D1C3E62001EE32A /* ViAppController.m in Sources */ = {isa = PBXBuildFile; fileRef = 9A8CC2190D1C3E62001EE32A /* ViAppController.m */; };
		9A8CC8CD0D24E981001EE32A /* NSString-scopeSelector.m in Sources */ = {isa = PBXBuildFile; fileRef = 9A8CC8CC0D24E981001EE32A /* NSString-scopeSelector.m */; };
		9A9801EB0EF957F500B2EEC3 /* MHTextIconCell.m in Sources */ = {isa = PBXBuildFile; fileRef = 9A9801EA0EF957F500B2EEC3 /* MHTextIconCell.m */; };
		9AA709230EF1559D00B4CE34 /* NSTextField-additions.m in Sources */ = {isa = PBXBuildFile; fileRef = 9AA709220EF1559D00B4CE34 /* NSTextField-additions.m */; };
		9AA7096B0EF284A700B4CE34 /* ViJumpList.m in Sources */ = {isa = PBXBuildFile; fileRef = 9AA7096A0EF284A700B4CE34 /* ViJumpList.m */; };
		9AA7861A0D185DE100C5FD67 /* ViTextView-cursor.m in Sources */ = {isa = PBXBuildFile; fileRef = 9A7B0F200D01AC9500040CAC /* ViTextView-cursor.m */; };
		9AB014980ED5F99200905BED /* CommandOutputWindow.xib in Resources */ = {isa = PBXBuildFile; fileRef = 9AB014970ED5F99200905BED /* CommandOutputWindow.xib */; };
		9AB014B00ED6021B00905BED /* ViCommandOutputController.m in Sources */ = {isa = PBXBuildFile; fileRef = 9AB014AF0ED6021A00905BED /* ViCommandOutputController.m */; };
		9AB014C90ED608CE00905BED /* WebKit.framework in Frameworks */ = {isa = PBXBuildFile; fileRef = 9AB014C80ED608CE00905BED /* WebKit.framework */; };
		9AB015190ED7102200905BED /* ViSnippet.m in Sources */ = {isa = PBXBuildFile; fileRef = 9AB015180ED7102200905BED /* ViSnippet.m */; };
		9AC16D950D93CD8F00AE45E0 /* ViDocument.xib in Resources */ = {isa = PBXBuildFile; fileRef = 9AC16D930D93CD8F00AE45E0 /* ViDocument.xib */; };
		9AC16D980D93CDF200AE45E0 /* ViDocumentWindow.xib in Resources */ = {isa = PBXBuildFile; fileRef = 9AC16D960D93CDF200AE45E0 /* ViDocumentWindow.xib */; };
		9AC16DA40D93D14A00AE45E0 /* ViDocument.m in Sources */ = {isa = PBXBuildFile; fileRef = 9AC16DA30D93D14A00AE45E0 /* ViDocument.m */; };
		9AD59A710D9FE66C00A5B677 /* ViTextView-ex_commands.m in Sources */ = {isa = PBXBuildFile; fileRef = 9AD59A700D9FE66C00A5B677 /* ViTextView-ex_commands.m */; };
		9AD772820EC9A6CB00D05DDE /* ViMark.m in Sources */ = {isa = PBXBuildFile; fileRef = 9AD772810EC9A6CB00D05DDE /* ViMark.m */; };
		9AD856A90EF90AF1008DF460 /* actionmenu.png in Resources */ = {isa = PBXBuildFile; fileRef = 9AD856A80EF90AF1008DF460 /* actionmenu.png */; };
		9AD856BA0EF90B9A008DF460 /* add.png in Resources */ = {isa = PBXBuildFile; fileRef = 9AD856B90EF90B9A008DF460 /* add.png */; };
		9AD856C20EF90CE6008DF460 /* actionbarbg.png in Resources */ = {isa = PBXBuildFile; fileRef = 9AD856C10EF90CE6008DF460 /* actionbarbg.png */; };
		9AD856C40EF90D99008DF460 /* resizehandle.png in Resources */ = {isa = PBXBuildFile; fileRef = 9AD856C30EF90D99008DF460 /* resizehandle.png */; };
		9AD8B8B40DA8F55900E1558E /* ViTextView-vi_commands.m in Sources */ = {isa = PBXBuildFile; fileRef = 9AD8B8B30DA8F55900E1558E /* ViTextView-vi_commands.m */; };
		9AD8B91C0DA8FC1700E1558E /* ViTagStack.m in Sources */ = {isa = PBXBuildFile; fileRef = 9AD8B91B0DA8FC1700E1558E /* ViTagStack.m */; };
		9AF200D30ECC8BED00C5771B /* ViSymbol.m in Sources */ = {isa = PBXBuildFile; fileRef = 9AF200D20ECC8BED00C5771B /* ViSymbol.m */; };
		9AF201590ECDDD7E00C5771B /* NSArray-patterns.m in Sources */ = {isa = PBXBuildFile; fileRef = 9AF201540ECDDD7E00C5771B /* NSArray-patterns.m */; };
		9AF2015A0ECDDD7E00C5771B /* ViSyntaxContext.m in Sources */ = {isa = PBXBuildFile; fileRef = 9AF201560ECDDD7E00C5771B /* ViSyntaxContext.m */; };
		9AF2015B0ECDDD7E00C5771B /* ViSyntaxParser.m in Sources */ = {isa = PBXBuildFile; fileRef = 9AF201580ECDDD7E00C5771B /* ViSyntaxParser.m */; };
		9AF2053A0ED2C29F00C5771B /* Project.xcdatamodel in Sources */ = {isa = PBXBuildFile; fileRef = 9AF205390ED2C29F00C5771B /* Project.xcdatamodel */; };
		9AF205960ED2D8B500C5771B /* ProjectDelegate.m in Sources */ = {isa = PBXBuildFile; fileRef = 9AF205950ED2D8B500C5771B /* ProjectDelegate.m */; };
		9AF207050ED3027C00C5771B /* ViProject.m in Sources */ = {isa = PBXBuildFile; fileRef = 9AF207040ED3027C00C5771B /* ViProject.m */; };
		9AF2FE760EC9C8A400C5771B /* TestViCommandParser.m in Sources */ = {isa = PBXBuildFile; fileRef = 9A1A12230D02CFCF009EABAC /* TestViCommandParser.m */; };
		9AF2FE9B0EC9C9F600C5771B /* TestExCommand.m in Sources */ = {isa = PBXBuildFile; fileRef = 9A3A943B0D9E9FFE0071C252 /* TestExCommand.m */; };
		9AF2FE9C0EC9C9F600C5771B /* TestScopeSelectors.m in Sources */ = {isa = PBXBuildFile; fileRef = 9A8CC8D60D24EBA1001EE32A /* TestScopeSelectors.m */; };
		9AF2FE9D0EC9C9F600C5771B /* TestViTextView.m in Sources */ = {isa = PBXBuildFile; fileRef = 9A1A13B70D044131009EABAC /* TestViTextView.m */; };
		9AF41A560EC6E1CB00F1D681 /* MarkerLineNumberView.m in Sources */ = {isa = PBXBuildFile; fileRef = 9AF41A550EC6E1CB00F1D681 /* MarkerLineNumberView.m */; };
		9AF5739B0EFE94EE0066C201 /* SFTPConnectionPool.m in Sources */ = {isa = PBXBuildFile; fileRef = 9AF5739A0EFE94EE0066C201 /* SFTPConnectionPool.m */; };
		9AF573D00EFED5A10066C201 /* ViDocumentController.m in Sources */ = {isa = PBXBuildFile; fileRef = 9AF573CF0EFED5A10066C201 /* ViDocumentController.m */; };
		9AFBC31E0EE717C400646DCB /* ViDocumentView.m in Sources */ = {isa = PBXBuildFile; fileRef = 9AFBC31D0EE717C400646DCB /* ViDocumentView.m */; };
/* End PBXBuildFile section */

/* Begin PBXContainerItemProxy section */
		9A7AF14E0D99820900F08222 /* PBXContainerItemProxy */ = {
			isa = PBXContainerItemProxy;
			containerPortal = 9A7AF1430D99820800F08222 /* PSMTabBarControl.xcodeproj */;
			proxyType = 2;
			remoteGlobalIDString = 8D1AC9740486D14A00FE50C9;
			remoteInfo = PSMTabBarControl;
		};
		9A7AF1500D99820900F08222 /* PBXContainerItemProxy */ = {
			isa = PBXContainerItemProxy;
			containerPortal = 9A7AF1430D99820800F08222 /* PSMTabBarControl.xcodeproj */;
			proxyType = 2;
			remoteGlobalIDString = A251BEA00959BB5B0058BC7F;
			remoteInfo = TabBarControlDemo;
		};
		9A7AF1520D99820900F08222 /* PBXContainerItemProxy */ = {
			isa = PBXContainerItemProxy;
			containerPortal = 9A7AF1430D99820800F08222 /* PSMTabBarControl.xcodeproj */;
			proxyType = 2;
			remoteGlobalIDString = 53DF68FD067E5B5A0090B5B0;
			remoteInfo = PSMTabBarControlFramework;
		};
		9A7AF1560D99830C00F08222 /* PBXContainerItemProxy */ = {
			isa = PBXContainerItemProxy;
			containerPortal = 9A7AF1430D99820800F08222 /* PSMTabBarControl.xcodeproj */;
			proxyType = 1;
			remoteGlobalIDString = 53DF68FC067E5B5A0090B5B0;
			remoteInfo = PSMTabBarControlFramework;
		};
		9AF2FE8B0EC9C8CE00C5771B /* PBXContainerItemProxy */ = {
			isa = PBXContainerItemProxy;
			containerPortal = 2A37F4A9FDCFA73011CA2CEA /* Project object */;
			proxyType = 1;
			remoteGlobalIDString = 8D15AC270486D014006FF6A4;
			remoteInfo = xi;
		};
/* End PBXContainerItemProxy section */

/* Begin PBXFileReference section */
		089C1660FE840EACC02AAC07 /* English */ = {isa = PBXFileReference; fileEncoding = 10; lastKnownFileType = text.plist.strings; name = English; path = English.lproj/InfoPlist.strings; sourceTree = "<group>"; };
		1058C7A7FEA54F5311CA2CBB /* Cocoa.framework */ = {isa = PBXFileReference; lastKnownFileType = wrapper.framework; name = Cocoa.framework; path = /System/Library/Frameworks/Cocoa.framework; sourceTree = "<absolute>"; };
		13E42FBA07B3F13500E4EEF1 /* CoreData.framework */ = {isa = PBXFileReference; lastKnownFileType = wrapper.framework; name = CoreData.framework; path = /System/Library/Frameworks/CoreData.framework; sourceTree = "<absolute>"; };
		2A37F4B0FDCFA73011CA2CEA /* main.m */ = {isa = PBXFileReference; fileEncoding = 4; lastKnownFileType = sourcecode.c.objc; path = main.m; sourceTree = "<group>"; };
		2A37F4BAFDCFA73011CA2CEA /* English */ = {isa = PBXFileReference; lastKnownFileType = text.rtf; name = English; path = English.lproj/Credits.rtf; sourceTree = "<group>"; };
		2A37F4C4FDCFA73011CA2CEA /* AppKit.framework */ = {isa = PBXFileReference; lastKnownFileType = wrapper.framework; name = AppKit.framework; path = /System/Library/Frameworks/AppKit.framework; sourceTree = "<absolute>"; };
		2A37F4C5FDCFA73011CA2CEA /* Foundation.framework */ = {isa = PBXFileReference; lastKnownFileType = wrapper.framework; name = Foundation.framework; path = /System/Library/Frameworks/Foundation.framework; sourceTree = "<absolute>"; };
		32DBCF750370BD2300C91783 /* xi_Prefix.pch */ = {isa = PBXFileReference; fileEncoding = 4; lastKnownFileType = sourcecode.c.h; path = xi_Prefix.pch; sourceTree = "<group>"; };
		8D15AC360486D014006FF6A4 /* Info.plist */ = {isa = PBXFileReference; fileEncoding = 4; lastKnownFileType = text.plist.xml; path = Info.plist; sourceTree = "<group>"; };
		8D15AC370486D014006FF6A4 /* xi.app */ = {isa = PBXFileReference; explicitFileType = wrapper.application; includeInIndex = 0; path = xi.app; sourceTree = BUILT_PRODUCTS_DIR; };
		9A0868B00EE03A7600274635 /* ViSeparatorCell.h */ = {isa = PBXFileReference; fileEncoding = 4; lastKnownFileType = sourcecode.c.h; path = ViSeparatorCell.h; sourceTree = "<group>"; };
		9A0868B10EE03A7600274635 /* ViSeparatorCell.m */ = {isa = PBXFileReference; fileEncoding = 4; lastKnownFileType = sourcecode.c.objc; path = ViSeparatorCell.m; sourceTree = "<group>"; };
		9A0868EC0EE090FD00274635 /* TB_ViewMenu-Extended.pdf */ = {isa = PBXFileReference; lastKnownFileType = image.pdf; name = "TB_ViewMenu-Extended.pdf"; path = "Images/TB_ViewMenu-Extended.pdf"; sourceTree = "<group>"; };
		9A099A700EE88046006A80A2 /* NSTextStorage-additions.h */ = {isa = PBXFileReference; fileEncoding = 4; lastKnownFileType = sourcecode.c.h; path = "NSTextStorage-additions.h"; sourceTree = "<group>"; };
		9A099A710EE88046006A80A2 /* NSTextStorage-additions.m */ = {isa = PBXFileReference; fileEncoding = 4; lastKnownFileType = sourcecode.c.objc; path = "NSTextStorage-additions.m"; sourceTree = "<group>"; };
		9A11D6800EB473BE00A016AB /* xi.icns */ = {isa = PBXFileReference; lastKnownFileType = image.icns; path = xi.icns; sourceTree = "<group>"; };
		9A17D1AF0DA1722F00DAFB30 /* ViTagsDatabase.h */ = {isa = PBXFileReference; fileEncoding = 4; lastKnownFileType = sourcecode.c.h; path = ViTagsDatabase.h; sourceTree = "<group>"; };
		9A17D1B00DA1722F00DAFB30 /* ViTagsDatabase.m */ = {isa = PBXFileReference; fileEncoding = 4; lastKnownFileType = sourcecode.c.objc; path = ViTagsDatabase.m; sourceTree = "<group>"; };
		9A1A11FE0D02C65A009EABAC /* ViCommand.h */ = {isa = PBXFileReference; fileEncoding = 4; lastKnownFileType = sourcecode.c.h; path = ViCommand.h; sourceTree = "<group>"; };
		9A1A11FF0D02C65A009EABAC /* ViCommand.m */ = {isa = PBXFileReference; fileEncoding = 4; lastKnownFileType = sourcecode.c.objc; path = ViCommand.m; sourceTree = "<group>"; };
		9A1A12220D02CFCF009EABAC /* TestViCommandParser.h */ = {isa = PBXFileReference; fileEncoding = 4; lastKnownFileType = sourcecode.c.h; path = TestViCommandParser.h; sourceTree = "<group>"; };
		9A1A12230D02CFCF009EABAC /* TestViCommandParser.m */ = {isa = PBXFileReference; fileEncoding = 4; lastKnownFileType = sourcecode.c.objc; path = TestViCommandParser.m; sourceTree = "<group>"; };
		9A1A13B60D044131009EABAC /* TestViTextView.h */ = {isa = PBXFileReference; fileEncoding = 4; lastKnownFileType = sourcecode.c.h; path = TestViTextView.h; sourceTree = "<group>"; };
		9A1A13B70D044131009EABAC /* TestViTextView.m */ = {isa = PBXFileReference; fileEncoding = 4; lastKnownFileType = sourcecode.c.objc; path = TestViTextView.m; sourceTree = "<group>"; };
		9A1E40A30EFBA83400682D4A /* sftp-client.c */ = {isa = PBXFileReference; fileEncoding = 4; lastKnownFileType = sourcecode.c.c; name = "sftp-client.c"; path = "sftp/sftp-client.c"; sourceTree = "<group>"; };
		9A1E40A40EFBA83400682D4A /* sftp-client.h */ = {isa = PBXFileReference; fileEncoding = 4; lastKnownFileType = sourcecode.c.h; name = "sftp-client.h"; path = "sftp/sftp-client.h"; sourceTree = "<group>"; };
		9A1E40A50EFBA83400682D4A /* sftp-common.c */ = {isa = PBXFileReference; fileEncoding = 4; lastKnownFileType = sourcecode.c.c; name = "sftp-common.c"; path = "sftp/sftp-common.c"; sourceTree = "<group>"; };
		9A1E40A60EFBA83400682D4A /* sftp-common.h */ = {isa = PBXFileReference; fileEncoding = 4; lastKnownFileType = sourcecode.c.h; name = "sftp-common.h"; path = "sftp/sftp-common.h"; sourceTree = "<group>"; };
		9A1E40A70EFBA83400682D4A /* sftp-glob.c */ = {isa = PBXFileReference; fileEncoding = 4; lastKnownFileType = sourcecode.c.c; name = "sftp-glob.c"; path = "sftp/sftp-glob.c"; sourceTree = "<group>"; };
		9A1E40A80EFBA83400682D4A /* sftp.c */ = {isa = PBXFileReference; fileEncoding = 4; lastKnownFileType = sourcecode.c.c; name = sftp.c; path = sftp/sftp.c; sourceTree = "<group>"; };
		9A1E40A90EFBA83400682D4A /* sftp.h */ = {isa = PBXFileReference; fileEncoding = 4; lastKnownFileType = sourcecode.c.h; name = sftp.h; path = sftp/sftp.h; sourceTree = "<group>"; };
		9A1E40B30EFBAEA700682D4A /* atomicio.c */ = {isa = PBXFileReference; fileEncoding = 4; lastKnownFileType = sourcecode.c.c; name = atomicio.c; path = sftp/atomicio.c; sourceTree = "<group>"; };
		9A1E40B40EFBAEA700682D4A /* atomicio.h */ = {isa = PBXFileReference; fileEncoding = 4; lastKnownFileType = sourcecode.c.h; name = atomicio.h; path = sftp/atomicio.h; sourceTree = "<group>"; };
		9A1E40B50EFBAEA700682D4A /* buffer.c */ = {isa = PBXFileReference; fileEncoding = 4; lastKnownFileType = sourcecode.c.c; name = buffer.c; path = sftp/buffer.c; sourceTree = "<group>"; };
		9A1E40B60EFBAEA700682D4A /* buffer.h */ = {isa = PBXFileReference; fileEncoding = 4; lastKnownFileType = sourcecode.c.h; name = buffer.h; path = sftp/buffer.h; sourceTree = "<group>"; };
		9A1E40B70EFBAEA700682D4A /* log.c */ = {isa = PBXFileReference; fileEncoding = 4; lastKnownFileType = sourcecode.c.c; name = log.c; path = sftp/log.c; sourceTree = "<group>"; };
		9A1E40B80EFBAEA700682D4A /* log.h */ = {isa = PBXFileReference; fileEncoding = 4; lastKnownFileType = sourcecode.c.h; name = log.h; path = sftp/log.h; sourceTree = "<group>"; };
		9A1E40B90EFBAEA700682D4A /* misc.c */ = {isa = PBXFileReference; fileEncoding = 4; lastKnownFileType = sourcecode.c.c; name = misc.c; path = sftp/misc.c; sourceTree = "<group>"; };
		9A1E40BA0EFBAEA700682D4A /* misc.h */ = {isa = PBXFileReference; fileEncoding = 4; lastKnownFileType = sourcecode.c.h; name = misc.h; path = sftp/misc.h; sourceTree = "<group>"; };
		9A1E40BB0EFBAEA700682D4A /* pathnames.h */ = {isa = PBXFileReference; fileEncoding = 4; lastKnownFileType = sourcecode.c.h; name = pathnames.h; path = sftp/pathnames.h; sourceTree = "<group>"; };
		9A1E40BE0EFBAEA700682D4A /* xmalloc.c */ = {isa = PBXFileReference; fileEncoding = 4; lastKnownFileType = sourcecode.c.c; name = xmalloc.c; path = sftp/xmalloc.c; sourceTree = "<group>"; };
		9A1E40BF0EFBAEA700682D4A /* xmalloc.h */ = {isa = PBXFileReference; fileEncoding = 4; lastKnownFileType = sourcecode.c.h; name = xmalloc.h; path = sftp/xmalloc.h; sourceTree = "<group>"; };
		9A1E40D20EFBB08400682D4A /* bufaux.c */ = {isa = PBXFileReference; fileEncoding = 4; lastKnownFileType = sourcecode.c.c; name = bufaux.c; path = sftp/bufaux.c; sourceTree = "<group>"; };
		9A1E40D30EFBB08400682D4A /* ssh.h */ = {isa = PBXFileReference; fileEncoding = 4; lastKnownFileType = sourcecode.c.h; name = ssh.h; path = sftp/ssh.h; sourceTree = "<group>"; };
		9A1E40D60EFBB0C100682D4A /* fatal.c */ = {isa = PBXFileReference; fileEncoding = 4; lastKnownFileType = sourcecode.c.c; name = fatal.c; path = sftp/fatal.c; sourceTree = "<group>"; };
		9A1E40DB0EFBB1A800682D4A /* vis.c */ = {isa = PBXFileReference; fileEncoding = 4; lastKnownFileType = sourcecode.c.c; name = vis.c; path = sftp/vis.c; sourceTree = "<group>"; };
		9A1E40DE0EFBB1D000682D4A /* strtonum.c */ = {isa = PBXFileReference; fileEncoding = 4; lastKnownFileType = sourcecode.c.c; name = strtonum.c; path = sftp/strtonum.c; sourceTree = "<group>"; };
		9A1E40F10EFBB35600682D4A /* progressmeter.c */ = {isa = PBXFileReference; fileEncoding = 4; lastKnownFileType = sourcecode.c.c; name = progressmeter.c; path = sftp/progressmeter.c; sourceTree = "<group>"; };
		9A1E40F20EFBB35600682D4A /* progressmeter.h */ = {isa = PBXFileReference; fileEncoding = 4; lastKnownFileType = sourcecode.c.h; name = progressmeter.h; path = sftp/progressmeter.h; sourceTree = "<group>"; };
		9A1E40FC0EFBBD2100682D4A /* SFTPConnection.h */ = {isa = PBXFileReference; fileEncoding = 4; lastKnownFileType = sourcecode.c.h; path = SFTPConnection.h; sourceTree = "<group>"; };
		9A1E40FD0EFBBD2100682D4A /* SFTPConnection.m */ = {isa = PBXFileReference; fileEncoding = 4; lastKnownFileType = sourcecode.c.objc; path = SFTPConnection.m; sourceTree = "<group>"; };
		9A3A943A0D9E9FFE0071C252 /* TestExCommand.h */ = {isa = PBXFileReference; fileEncoding = 4; lastKnownFileType = sourcecode.c.h; path = TestExCommand.h; sourceTree = "<group>"; };
		9A3A943B0D9E9FFE0071C252 /* TestExCommand.m */ = {isa = PBXFileReference; fileEncoding = 4; lastKnownFileType = sourcecode.c.objc; path = TestExCommand.m; sourceTree = "<group>"; };
		9A4F7DC00ED56CFE00A3CCF1 /* ViSymbolTransform.m */ = {isa = PBXFileReference; fileEncoding = 4; lastKnownFileType = sourcecode.c.objc; path = ViSymbolTransform.m; sourceTree = "<group>"; };
		9A4F7DC10ED56CFE00A3CCF1 /* ViSymbolTransform.h */ = {isa = PBXFileReference; fileEncoding = 4; lastKnownFileType = sourcecode.c.h; path = ViSymbolTransform.h; sourceTree = "<group>"; };
		9A668E0F0D1116FC003FABD9 /* ViTheme.h */ = {isa = PBXFileReference; fileEncoding = 4; lastKnownFileType = sourcecode.c.h; path = ViTheme.h; sourceTree = "<group>"; };
		9A668E100D1116FC003FABD9 /* ViTheme.m */ = {isa = PBXFileReference; fileEncoding = 4; lastKnownFileType = sourcecode.c.objc; path = ViTheme.m; sourceTree = "<group>"; };
		9A668E120D11172C003FABD9 /* ViLanguage.h */ = {isa = PBXFileReference; fileEncoding = 4; lastKnownFileType = sourcecode.c.h; path = ViLanguage.h; sourceTree = "<group>"; };
		9A668E130D11172C003FABD9 /* ViLanguage.m */ = {isa = PBXFileReference; fileEncoding = 4; lastKnownFileType = sourcecode.c.objc; path = ViLanguage.m; sourceTree = "<group>"; };
		9A668E150D11174A003FABD9 /* ViLanguageStore.h */ = {isa = PBXFileReference; fileEncoding = 4; lastKnownFileType = sourcecode.c.h; path = ViLanguageStore.h; sourceTree = "<group>"; };
		9A668E160D11174A003FABD9 /* ViLanguageStore.m */ = {isa = PBXFileReference; fileEncoding = 4; lastKnownFileType = sourcecode.c.objc; path = ViLanguageStore.m; sourceTree = "<group>"; };
		9A6C11DD0EBCC497002D6A22 /* ViTextView-snippets.m */ = {isa = PBXFileReference; fileEncoding = 4; lastKnownFileType = sourcecode.c.objc; path = "ViTextView-snippets.m"; sourceTree = "<group>"; };
		9A6C125F0EBE55FD002D6A22 /* ViRegexp.h */ = {isa = PBXFileReference; fileEncoding = 4; lastKnownFileType = sourcecode.c.h; path = ViRegexp.h; sourceTree = "<group>"; };
		9A6C12600EBE55FD002D6A22 /* ViRegexp.m */ = {isa = PBXFileReference; fileEncoding = 4; lastKnownFileType = sourcecode.c.objc; path = ViRegexp.m; sourceTree = "<group>"; };
		9A6C13BA0EC55CD1002D6A22 /* MHSysTree.h */ = {isa = PBXFileReference; fileEncoding = 4; lastKnownFileType = sourcecode.c.h; path = MHSysTree.h; sourceTree = "<group>"; };
		9A6C13BB0EC55CD1002D6A22 /* MHSysTree.m */ = {isa = PBXFileReference; fileEncoding = 4; lastKnownFileType = sourcecode.c.objc; path = MHSysTree.m; sourceTree = "<group>"; };
		9A6C14BC0EC5E41E002D6A22 /* ViSyntaxMatch.h */ = {isa = PBXFileReference; fileEncoding = 4; lastKnownFileType = sourcecode.c.h; path = ViSyntaxMatch.h; sourceTree = "<group>"; };
		9A6C14BD0EC5E41E002D6A22 /* ViSyntaxMatch.m */ = {isa = PBXFileReference; fileEncoding = 4; lastKnownFileType = sourcecode.c.objc; path = ViSyntaxMatch.m; sourceTree = "<group>"; };
		9A6C14CE0EC5E9EE002D6A22 /* ViScope.h */ = {isa = PBXFileReference; fileEncoding = 4; lastKnownFileType = sourcecode.c.h; path = ViScope.h; sourceTree = "<group>"; };
		9A6C14CF0EC5E9EE002D6A22 /* ViScope.m */ = {isa = PBXFileReference; fileEncoding = 4; lastKnownFileType = sourcecode.c.objc; path = ViScope.m; sourceTree = "<group>"; };
		9A6C15220EC6D1B2002D6A22 /* NoodleLineNumberView.h */ = {isa = PBXFileReference; fileEncoding = 4; lastKnownFileType = sourcecode.c.h; path = NoodleLineNumberView.h; sourceTree = "<group>"; };
		9A6C15230EC6D1B2002D6A22 /* NoodleLineNumberView.m */ = {isa = PBXFileReference; fileEncoding = 4; lastKnownFileType = sourcecode.c.objc; path = NoodleLineNumberView.m; sourceTree = "<group>"; };
		9A6C152A0EC6D280002D6A22 /* NoodleLineNumberMarker.h */ = {isa = PBXFileReference; fileEncoding = 4; lastKnownFileType = sourcecode.c.h; path = NoodleLineNumberMarker.h; sourceTree = "<group>"; };
		9A6C152B0EC6D280002D6A22 /* NoodleLineNumberMarker.m */ = {isa = PBXFileReference; fileEncoding = 4; lastKnownFileType = sourcecode.c.objc; path = NoodleLineNumberMarker.m; sourceTree = "<group>"; };
		9A709CE30EA28E3600AB54E0 /* ViBundle.h */ = {isa = PBXFileReference; fileEncoding = 4; lastKnownFileType = sourcecode.c.h; path = ViBundle.h; sourceTree = "<group>"; };
		9A709CE40EA28E3600AB54E0 /* ViBundle.m */ = {isa = PBXFileReference; fileEncoding = 4; lastKnownFileType = sourcecode.c.objc; path = ViBundle.m; sourceTree = "<group>"; };
		9A70D93B0E9E76D70013AA1D /* ViWindowController.h */ = {isa = PBXFileReference; fileEncoding = 4; lastKnownFileType = sourcecode.c.h; path = ViWindowController.h; sourceTree = "<group>"; };
		9A70D93C0E9E76D70013AA1D /* ViWindowController.m */ = {isa = PBXFileReference; fileEncoding = 4; lastKnownFileType = sourcecode.c.objc; path = ViWindowController.m; sourceTree = "<group>"; };
		9A70E9720E9F67B80013AA1D /* Themes */ = {isa = PBXFileReference; lastKnownFileType = folder; path = Themes; sourceTree = "<group>"; };
		9A70E98D0E9F68100013AA1D /* Bundles */ = {isa = PBXFileReference; lastKnownFileType = folder; path = Bundles; sourceTree = "<group>"; };
		9A73E27F0D8ECA4C00859053 /* ExCommand.h */ = {isa = PBXFileReference; fileEncoding = 4; lastKnownFileType = sourcecode.c.h; path = ExCommand.h; sourceTree = "<group>"; };
		9A73E2800D8ECA4C00859053 /* ExCommand.m */ = {isa = PBXFileReference; fileEncoding = 4; lastKnownFileType = sourcecode.c.objc; path = ExCommand.m; sourceTree = "<group>"; };
		9A7AF1430D99820800F08222 /* PSMTabBarControl.xcodeproj */ = {isa = PBXFileReference; lastKnownFileType = "wrapper.pb-project"; name = PSMTabBarControl.xcodeproj; path = PSMTabBarControl/PSMTabBarControl.xcodeproj; sourceTree = "<group>"; };
		9A7AF1D00D9995EE00F08222 /* English */ = {isa = PBXFileReference; lastKnownFileType = file.xib; name = English; path = English.lproj/MainMenu.xib; sourceTree = "<group>"; };
		9A7B0E720D01601A00040CAC /* ViTextView.m */ = {isa = PBXFileReference; fileEncoding = 4; lastKnownFileType = sourcecode.c.objc; path = ViTextView.m; sourceTree = "<group>"; };
		9A7B0E730D01601A00040CAC /* ViTextView.h */ = {isa = PBXFileReference; fileEncoding = 4; lastKnownFileType = sourcecode.c.h; path = ViTextView.h; sourceTree = "<group>"; };
		9A7B0F200D01AC9500040CAC /* ViTextView-cursor.m */ = {isa = PBXFileReference; fileEncoding = 4; lastKnownFileType = sourcecode.c.objc; path = "ViTextView-cursor.m"; sourceTree = "<group>"; };
		9A8CC20A0D1C06D4001EE32A /* ViThemeStore.h */ = {isa = PBXFileReference; fileEncoding = 4; lastKnownFileType = sourcecode.c.h; path = ViThemeStore.h; sourceTree = "<group>"; };
		9A8CC20B0D1C06D4001EE32A /* ViThemeStore.m */ = {isa = PBXFileReference; fileEncoding = 4; lastKnownFileType = sourcecode.c.objc; path = ViThemeStore.m; sourceTree = "<group>"; };
		9A8CC2180D1C3E62001EE32A /* ViAppController.h */ = {isa = PBXFileReference; fileEncoding = 4; lastKnownFileType = sourcecode.c.h; path = ViAppController.h; sourceTree = "<group>"; };
		9A8CC2190D1C3E62001EE32A /* ViAppController.m */ = {isa = PBXFileReference; fileEncoding = 4; lastKnownFileType = sourcecode.c.objc; path = ViAppController.m; sourceTree = "<group>"; };
		9A8CC8CB0D24E981001EE32A /* NSString-scopeSelector.h */ = {isa = PBXFileReference; fileEncoding = 4; lastKnownFileType = sourcecode.c.h; path = "NSString-scopeSelector.h"; sourceTree = "<group>"; };
		9A8CC8CC0D24E981001EE32A /* NSString-scopeSelector.m */ = {isa = PBXFileReference; fileEncoding = 4; lastKnownFileType = sourcecode.c.objc; path = "NSString-scopeSelector.m"; sourceTree = "<group>"; };
		9A8CC8D50D24EBA1001EE32A /* TestScopeSelectors.h */ = {isa = PBXFileReference; fileEncoding = 4; lastKnownFileType = sourcecode.c.h; path = TestScopeSelectors.h; sourceTree = "<group>"; };
		9A8CC8D60D24EBA1001EE32A /* TestScopeSelectors.m */ = {isa = PBXFileReference; fileEncoding = 4; lastKnownFileType = sourcecode.c.objc; path = TestScopeSelectors.m; sourceTree = "<group>"; };
		9A9801E90EF957F500B2EEC3 /* MHTextIconCell.h */ = {isa = PBXFileReference; fileEncoding = 4; lastKnownFileType = sourcecode.c.h; path = MHTextIconCell.h; sourceTree = "<group>"; };
		9A9801EA0EF957F500B2EEC3 /* MHTextIconCell.m */ = {isa = PBXFileReference; fileEncoding = 4; lastKnownFileType = sourcecode.c.objc; path = MHTextIconCell.m; sourceTree = "<group>"; };
		9AA709220EF1559D00B4CE34 /* NSTextField-additions.m */ = {isa = PBXFileReference; fileEncoding = 4; lastKnownFileType = sourcecode.c.objc; path = "NSTextField-additions.m"; sourceTree = "<group>"; };
		9AA709690EF284A700B4CE34 /* ViJumpList.h */ = {isa = PBXFileReference; fileEncoding = 4; lastKnownFileType = sourcecode.c.h; path = ViJumpList.h; sourceTree = "<group>"; };
		9AA7096A0EF284A700B4CE34 /* ViJumpList.m */ = {isa = PBXFileReference; fileEncoding = 4; lastKnownFileType = sourcecode.c.objc; path = ViJumpList.m; sourceTree = "<group>"; };
		9AB014970ED5F99200905BED /* CommandOutputWindow.xib */ = {isa = PBXFileReference; lastKnownFileType = file.xib; name = CommandOutputWindow.xib; path = English.lproj/CommandOutputWindow.xib; sourceTree = "<group>"; };
		9AB014AE0ED6021A00905BED /* ViCommandOutputController.h */ = {isa = PBXFileReference; fileEncoding = 4; lastKnownFileType = sourcecode.c.h; path = ViCommandOutputController.h; sourceTree = "<group>"; };
		9AB014AF0ED6021A00905BED /* ViCommandOutputController.m */ = {isa = PBXFileReference; fileEncoding = 4; lastKnownFileType = sourcecode.c.objc; path = ViCommandOutputController.m; sourceTree = "<group>"; };
		9AB014C80ED608CE00905BED /* WebKit.framework */ = {isa = PBXFileReference; lastKnownFileType = wrapper.framework; name = WebKit.framework; path = /System/Library/Frameworks/WebKit.framework; sourceTree = "<absolute>"; };
		9AB015170ED7102200905BED /* ViSnippet.h */ = {isa = PBXFileReference; fileEncoding = 4; lastKnownFileType = sourcecode.c.h; path = ViSnippet.h; sourceTree = "<group>"; };
		9AB015180ED7102200905BED /* ViSnippet.m */ = {isa = PBXFileReference; fileEncoding = 4; lastKnownFileType = sourcecode.c.objc; path = ViSnippet.m; sourceTree = "<group>"; };
		9AB514DA0E6E7BE100DA75F1 /* logging.h */ = {isa = PBXFileReference; fileEncoding = 4; lastKnownFileType = sourcecode.c.h; path = logging.h; sourceTree = "<group>"; };
		9AC16D940D93CD8F00AE45E0 /* English */ = {isa = PBXFileReference; lastKnownFileType = file.xib; name = English; path = English.lproj/ViDocument.xib; sourceTree = "<group>"; };
		9AC16D970D93CDF200AE45E0 /* English */ = {isa = PBXFileReference; lastKnownFileType = file.xib; name = English; path = English.lproj/ViDocumentWindow.xib; sourceTree = "<group>"; };
		9AC16DA20D93D14A00AE45E0 /* ViDocument.h */ = {isa = PBXFileReference; fileEncoding = 4; lastKnownFileType = sourcecode.c.h; path = ViDocument.h; sourceTree = "<group>"; };
		9AC16DA30D93D14A00AE45E0 /* ViDocument.m */ = {isa = PBXFileReference; fileEncoding = 4; lastKnownFileType = sourcecode.c.objc; path = ViDocument.m; sourceTree = "<group>"; };
		9AD59A700D9FE66C00A5B677 /* ViTextView-ex_commands.m */ = {isa = PBXFileReference; fileEncoding = 4; lastKnownFileType = sourcecode.c.objc; path = "ViTextView-ex_commands.m"; sourceTree = "<group>"; };
		9AD772800EC9A6CB00D05DDE /* ViMark.h */ = {isa = PBXFileReference; fileEncoding = 4; lastKnownFileType = sourcecode.c.h; path = ViMark.h; sourceTree = "<group>"; };
		9AD772810EC9A6CB00D05DDE /* ViMark.m */ = {isa = PBXFileReference; fileEncoding = 4; lastKnownFileType = sourcecode.c.objc; path = ViMark.m; sourceTree = "<group>"; };
		9AD856A80EF90AF1008DF460 /* actionmenu.png */ = {isa = PBXFileReference; lastKnownFileType = image.png; name = actionmenu.png; path = Images/actionmenu.png; sourceTree = "<group>"; };
		9AD856B90EF90B9A008DF460 /* add.png */ = {isa = PBXFileReference; lastKnownFileType = image.png; name = add.png; path = Images/add.png; sourceTree = "<group>"; };
		9AD856C10EF90CE6008DF460 /* actionbarbg.png */ = {isa = PBXFileReference; lastKnownFileType = image.png; name = actionbarbg.png; path = Images/actionbarbg.png; sourceTree = "<group>"; };
		9AD856C30EF90D99008DF460 /* resizehandle.png */ = {isa = PBXFileReference; lastKnownFileType = image.png; name = resizehandle.png; path = Images/resizehandle.png; sourceTree = "<group>"; };
		9AD8B8B30DA8F55900E1558E /* ViTextView-vi_commands.m */ = {isa = PBXFileReference; fileEncoding = 4; lastKnownFileType = sourcecode.c.objc; path = "ViTextView-vi_commands.m"; sourceTree = "<group>"; };
		9AD8B91A0DA8FC1700E1558E /* ViTagStack.h */ = {isa = PBXFileReference; fileEncoding = 4; lastKnownFileType = sourcecode.c.h; path = ViTagStack.h; sourceTree = "<group>"; };
		9AD8B91B0DA8FC1700E1558E /* ViTagStack.m */ = {isa = PBXFileReference; fileEncoding = 4; lastKnownFileType = sourcecode.c.objc; path = ViTagStack.m; sourceTree = "<group>"; };
		9AF200D10ECC8BED00C5771B /* ViSymbol.h */ = {isa = PBXFileReference; fileEncoding = 4; lastKnownFileType = sourcecode.c.h; path = ViSymbol.h; sourceTree = "<group>"; };
		9AF200D20ECC8BED00C5771B /* ViSymbol.m */ = {isa = PBXFileReference; fileEncoding = 4; lastKnownFileType = sourcecode.c.objc; path = ViSymbol.m; sourceTree = "<group>"; };
		9AF201530ECDDD7E00C5771B /* NSArray-patterns.h */ = {isa = PBXFileReference; fileEncoding = 4; lastKnownFileType = sourcecode.c.h; path = "NSArray-patterns.h"; sourceTree = "<group>"; };
		9AF201540ECDDD7E00C5771B /* NSArray-patterns.m */ = {isa = PBXFileReference; fileEncoding = 4; lastKnownFileType = sourcecode.c.objc; path = "NSArray-patterns.m"; sourceTree = "<group>"; };
		9AF201550ECDDD7E00C5771B /* ViSyntaxContext.h */ = {isa = PBXFileReference; fileEncoding = 4; lastKnownFileType = sourcecode.c.h; path = ViSyntaxContext.h; sourceTree = "<group>"; };
		9AF201560ECDDD7E00C5771B /* ViSyntaxContext.m */ = {isa = PBXFileReference; fileEncoding = 4; lastKnownFileType = sourcecode.c.objc; path = ViSyntaxContext.m; sourceTree = "<group>"; };
		9AF201570ECDDD7E00C5771B /* ViSyntaxParser.h */ = {isa = PBXFileReference; fileEncoding = 4; lastKnownFileType = sourcecode.c.h; path = ViSyntaxParser.h; sourceTree = "<group>"; };
		9AF201580ECDDD7E00C5771B /* ViSyntaxParser.m */ = {isa = PBXFileReference; fileEncoding = 4; lastKnownFileType = sourcecode.c.objc; path = ViSyntaxParser.m; sourceTree = "<group>"; };
		9AF205390ED2C29F00C5771B /* Project.xcdatamodel */ = {isa = PBXFileReference; fileEncoding = 4; lastKnownFileType = wrapper.xcdatamodel; path = Project.xcdatamodel; sourceTree = "<group>"; };
		9AF205940ED2D8B500C5771B /* ProjectDelegate.h */ = {isa = PBXFileReference; fileEncoding = 4; lastKnownFileType = sourcecode.c.h; path = ProjectDelegate.h; sourceTree = "<group>"; };
		9AF205950ED2D8B500C5771B /* ProjectDelegate.m */ = {isa = PBXFileReference; fileEncoding = 4; lastKnownFileType = sourcecode.c.objc; path = ProjectDelegate.m; sourceTree = "<group>"; };
		9AF207030ED3027C00C5771B /* ViProject.h */ = {isa = PBXFileReference; fileEncoding = 4; lastKnownFileType = sourcecode.c.h; path = ViProject.h; sourceTree = "<group>"; };
		9AF207040ED3027C00C5771B /* ViProject.m */ = {isa = PBXFileReference; fileEncoding = 4; lastKnownFileType = sourcecode.c.objc; path = ViProject.m; sourceTree = "<group>"; };
		9AF2FE700EC9C85900C5771B /* Tests.octest */ = {isa = PBXFileReference; explicitFileType = wrapper.cfbundle; includeInIndex = 0; path = Tests.octest; sourceTree = BUILT_PRODUCTS_DIR; };
		9AF2FE710EC9C85900C5771B /* Tests-Info.plist */ = {isa = PBXFileReference; lastKnownFileType = text.plist.xml; path = "Tests-Info.plist"; sourceTree = "<group>"; };
		9AF41A540EC6E1CB00F1D681 /* MarkerLineNumberView.h */ = {isa = PBXFileReference; fileEncoding = 4; lastKnownFileType = sourcecode.c.h; path = MarkerLineNumberView.h; sourceTree = "<group>"; };
		9AF41A550EC6E1CB00F1D681 /* MarkerLineNumberView.m */ = {isa = PBXFileReference; fileEncoding = 4; lastKnownFileType = sourcecode.c.objc; path = MarkerLineNumberView.m; sourceTree = "<group>"; };
		9AF573990EFE94EE0066C201 /* SFTPConnectionPool.h */ = {isa = PBXFileReference; fileEncoding = 4; lastKnownFileType = sourcecode.c.h; path = SFTPConnectionPool.h; sourceTree = "<group>"; };
		9AF5739A0EFE94EE0066C201 /* SFTPConnectionPool.m */ = {isa = PBXFileReference; fileEncoding = 4; lastKnownFileType = sourcecode.c.objc; path = SFTPConnectionPool.m; sourceTree = "<group>"; };
		9AF573CE0EFED5A10066C201 /* ViDocumentController.h */ = {isa = PBXFileReference; fileEncoding = 4; lastKnownFileType = sourcecode.c.h; path = ViDocumentController.h; sourceTree = "<group>"; };
		9AF573CF0EFED5A10066C201 /* ViDocumentController.m */ = {isa = PBXFileReference; fileEncoding = 4; lastKnownFileType = sourcecode.c.objc; path = ViDocumentController.m; sourceTree = "<group>"; };
		9AFBC31C0EE717C400646DCB /* ViDocumentView.h */ = {isa = PBXFileReference; fileEncoding = 4; lastKnownFileType = sourcecode.c.h; path = ViDocumentView.h; sourceTree = "<group>"; };
		9AFBC31D0EE717C400646DCB /* ViDocumentView.m */ = {isa = PBXFileReference; fileEncoding = 4; lastKnownFileType = sourcecode.c.objc; path = ViDocumentView.m; sourceTree = "<group>"; };
/* End PBXFileReference section */

/* Begin PBXFrameworksBuildPhase section */
		8D15AC330486D014006FF6A4 /* Frameworks */ = {
			isa = PBXFrameworksBuildPhase;
			buildActionMask = 2147483647;
			files = (
				9A7AF1550D9982EB00F08222 /* PSMTabBarControl.framework in Frameworks */,
				8D15AC340486D014006FF6A4 /* Cocoa.framework in Frameworks */,
				9AB014C90ED608CE00905BED /* WebKit.framework in Frameworks */,
			);
			runOnlyForDeploymentPostprocessing = 0;
		};
		9AF2FE6D0EC9C85900C5771B /* Frameworks */ = {
			isa = PBXFrameworksBuildPhase;
			buildActionMask = 2147483647;
			files = (
			);
			runOnlyForDeploymentPostprocessing = 0;
		};
/* End PBXFrameworksBuildPhase section */

/* Begin PBXGroup section */
		1058C7A6FEA54F5311CA2CBB /* Linked Frameworks */ = {
			isa = PBXGroup;
			children = (
				1058C7A7FEA54F5311CA2CBB /* Cocoa.framework */,
			);
			name = "Linked Frameworks";
			sourceTree = "<group>";
		};
		1058C7A8FEA54F5311CA2CBB /* Other Frameworks */ = {
			isa = PBXGroup;
			children = (
				9AB014C80ED608CE00905BED /* WebKit.framework */,
				2A37F4C4FDCFA73011CA2CEA /* AppKit.framework */,
				13E42FBA07B3F13500E4EEF1 /* CoreData.framework */,
				2A37F4C5FDCFA73011CA2CEA /* Foundation.framework */,
			);
			name = "Other Frameworks";
			sourceTree = "<group>";
		};
		19C28FB0FE9D524F11CA2CBB /* Products */ = {
			isa = PBXGroup;
			children = (
				8D15AC370486D014006FF6A4 /* xi.app */,
				9AF2FE700EC9C85900C5771B /* Tests.octest */,
			);
			name = Products;
			sourceTree = "<group>";
		};
		2A37F4AAFDCFA73011CA2CEA /* xi */ = {
			isa = PBXGroup;
			children = (
				9A1E40A10EFBA81E00682D4A /* sftp */,
				9AF205D50ED2DF7F00C5771B /* Models */,
				9A7AF1430D99820800F08222 /* PSMTabBarControl.xcodeproj */,
				9A1A121B0D02CE29009EABAC /* Test Cases */,
				9AC16DA00D93CF9C00AE45E0 /* Controllers */,
				9AA709780EF284B900B4CE34 /* Categories */,
				2A37F4ABFDCFA73011CA2CEA /* Classes */,
				2A37F4AFFDCFA73011CA2CEA /* Other Sources */,
				2A37F4B8FDCFA73011CA2CEA /* Resources */,
				2A37F4C3FDCFA73011CA2CEA /* Frameworks */,
				19C28FB0FE9D524F11CA2CBB /* Products */,
				9AF2FE710EC9C85900C5771B /* Tests-Info.plist */,
			);
			name = xi;
			sourceTree = "<group>";
		};
		2A37F4ABFDCFA73011CA2CEA /* Classes */ = {
			isa = PBXGroup;
			children = (
				9AA709690EF284A700B4CE34 /* ViJumpList.h */,
				9AA7096A0EF284A700B4CE34 /* ViJumpList.m */,
				9A0868B00EE03A7600274635 /* ViSeparatorCell.h */,
				9A0868B10EE03A7600274635 /* ViSeparatorCell.m */,
				9AB015170ED7102200905BED /* ViSnippet.h */,
				9AB015180ED7102200905BED /* ViSnippet.m */,
				9A4F7DC00ED56CFE00A3CCF1 /* ViSymbolTransform.m */,
				9A4F7DC10ED56CFE00A3CCF1 /* ViSymbolTransform.h */,
				9AF207030ED3027C00C5771B /* ViProject.h */,
				9AF207040ED3027C00C5771B /* ViProject.m */,
				9AF205940ED2D8B500C5771B /* ProjectDelegate.h */,
				9AF205950ED2D8B500C5771B /* ProjectDelegate.m */,
				9AF201550ECDDD7E00C5771B /* ViSyntaxContext.h */,
				9AF201560ECDDD7E00C5771B /* ViSyntaxContext.m */,
				9AF201570ECDDD7E00C5771B /* ViSyntaxParser.h */,
				9AF201580ECDDD7E00C5771B /* ViSyntaxParser.m */,
				9AF200D10ECC8BED00C5771B /* ViSymbol.h */,
				9AF200D20ECC8BED00C5771B /* ViSymbol.m */,
				9AD772800EC9A6CB00D05DDE /* ViMark.h */,
				9AD772810EC9A6CB00D05DDE /* ViMark.m */,
				9AF41A540EC6E1CB00F1D681 /* MarkerLineNumberView.h */,
				9AF41A550EC6E1CB00F1D681 /* MarkerLineNumberView.m */,
				9A6C152A0EC6D280002D6A22 /* NoodleLineNumberMarker.h */,
				9A6C152B0EC6D280002D6A22 /* NoodleLineNumberMarker.m */,
				9A6C15220EC6D1B2002D6A22 /* NoodleLineNumberView.h */,
				9A6C15230EC6D1B2002D6A22 /* NoodleLineNumberView.m */,
				9A6C14CE0EC5E9EE002D6A22 /* ViScope.h */,
				9A6C14CF0EC5E9EE002D6A22 /* ViScope.m */,
				9A6C14BC0EC5E41E002D6A22 /* ViSyntaxMatch.h */,
				9A6C14BD0EC5E41E002D6A22 /* ViSyntaxMatch.m */,
				9A6C13BA0EC55CD1002D6A22 /* MHSysTree.h */,
				9A6C13BB0EC55CD1002D6A22 /* MHSysTree.m */,
				9A6C125F0EBE55FD002D6A22 /* ViRegexp.h */,
				9A6C12600EBE55FD002D6A22 /* ViRegexp.m */,
				9A6C11DD0EBCC497002D6A22 /* ViTextView-snippets.m */,
				9A709CE30EA28E3600AB54E0 /* ViBundle.h */,
				9A709CE40EA28E3600AB54E0 /* ViBundle.m */,
				9A7B0F200D01AC9500040CAC /* ViTextView-cursor.m */,
				9AD59A700D9FE66C00A5B677 /* ViTextView-ex_commands.m */,
				9AD8B8B30DA8F55900E1558E /* ViTextView-vi_commands.m */,
				9A7B0E720D01601A00040CAC /* ViTextView.m */,
				9A7B0E730D01601A00040CAC /* ViTextView.h */,
				9A1A11FE0D02C65A009EABAC /* ViCommand.h */,
				9A1A11FF0D02C65A009EABAC /* ViCommand.m */,
				9A73E27F0D8ECA4C00859053 /* ExCommand.h */,
				9A73E2800D8ECA4C00859053 /* ExCommand.m */,
				9A668E0F0D1116FC003FABD9 /* ViTheme.h */,
				9A668E100D1116FC003FABD9 /* ViTheme.m */,
				9A668E120D11172C003FABD9 /* ViLanguage.h */,
				9A668E130D11172C003FABD9 /* ViLanguage.m */,
				9A668E150D11174A003FABD9 /* ViLanguageStore.h */,
				9A668E160D11174A003FABD9 /* ViLanguageStore.m */,
				9A8CC20A0D1C06D4001EE32A /* ViThemeStore.h */,
				9A8CC20B0D1C06D4001EE32A /* ViThemeStore.m */,
				9A17D1AF0DA1722F00DAFB30 /* ViTagsDatabase.h */,
				9A17D1B00DA1722F00DAFB30 /* ViTagsDatabase.m */,
				9AD8B91A0DA8FC1700E1558E /* ViTagStack.h */,
				9AD8B91B0DA8FC1700E1558E /* ViTagStack.m */,
				9AB014AE0ED6021A00905BED /* ViCommandOutputController.h */,
				9AB014AF0ED6021A00905BED /* ViCommandOutputController.m */,
				9AFBC31C0EE717C400646DCB /* ViDocumentView.h */,
				9AFBC31D0EE717C400646DCB /* ViDocumentView.m */,
				9A9801E90EF957F500B2EEC3 /* MHTextIconCell.h */,
				9A9801EA0EF957F500B2EEC3 /* MHTextIconCell.m */,
			);
			name = Classes;
			sourceTree = "<group>";
		};
		2A37F4AFFDCFA73011CA2CEA /* Other Sources */ = {
			isa = PBXGroup;
			children = (
				32DBCF750370BD2300C91783 /* xi_Prefix.pch */,
				2A37F4B0FDCFA73011CA2CEA /* main.m */,
				9AB514DA0E6E7BE100DA75F1 /* logging.h */,
			);
			name = "Other Sources";
			sourceTree = "<group>";
		};
		2A37F4B8FDCFA73011CA2CEA /* Resources */ = {
			isa = PBXGroup;
			children = (
				9AB0178A0EDDBF8100905BED /* Images */,
				9A11D6800EB473BE00A016AB /* xi.icns */,
				9A70E98D0E9F68100013AA1D /* Bundles */,
				9A70E9720E9F67B80013AA1D /* Themes */,
				9A7AF1CF0D9995EE00F08222 /* MainMenu.xib */,
				9AC16D960D93CDF200AE45E0 /* ViDocumentWindow.xib */,
				9AC16D930D93CD8F00AE45E0 /* ViDocument.xib */,
				2A37F4B9FDCFA73011CA2CEA /* Credits.rtf */,
				8D15AC360486D014006FF6A4 /* Info.plist */,
				9AB014970ED5F99200905BED /* CommandOutputWindow.xib */,
				089C165FFE840EACC02AAC07 /* InfoPlist.strings */,
			);
			name = Resources;
			sourceTree = "<group>";
		};
		2A37F4C3FDCFA73011CA2CEA /* Frameworks */ = {
			isa = PBXGroup;
			children = (
				1058C7A6FEA54F5311CA2CBB /* Linked Frameworks */,
				1058C7A8FEA54F5311CA2CBB /* Other Frameworks */,
			);
			name = Frameworks;
			sourceTree = "<group>";
		};
		9A1A121B0D02CE29009EABAC /* Test Cases */ = {
			isa = PBXGroup;
			children = (
				9A1A12220D02CFCF009EABAC /* TestViCommandParser.h */,
				9A1A12230D02CFCF009EABAC /* TestViCommandParser.m */,
				9A1A13B60D044131009EABAC /* TestViTextView.h */,
				9A1A13B70D044131009EABAC /* TestViTextView.m */,
				9A8CC8D50D24EBA1001EE32A /* TestScopeSelectors.h */,
				9A8CC8D60D24EBA1001EE32A /* TestScopeSelectors.m */,
				9A3A943A0D9E9FFE0071C252 /* TestExCommand.h */,
				9A3A943B0D9E9FFE0071C252 /* TestExCommand.m */,
			);
			name = "Test Cases";
			sourceTree = "<group>";
		};
		9A1E40A10EFBA81E00682D4A /* sftp */ = {
			isa = PBXGroup;
			children = (
				9AF573990EFE94EE0066C201 /* SFTPConnectionPool.h */,
				9AF5739A0EFE94EE0066C201 /* SFTPConnectionPool.m */,
				9A1E40FC0EFBBD2100682D4A /* SFTPConnection.h */,
				9A1E40FD0EFBBD2100682D4A /* SFTPConnection.m */,
				9A1E40F10EFBB35600682D4A /* progressmeter.c */,
				9A1E40F20EFBB35600682D4A /* progressmeter.h */,
				9A1E40DE0EFBB1D000682D4A /* strtonum.c */,
				9A1E40DB0EFBB1A800682D4A /* vis.c */,
				9A1E40D60EFBB0C100682D4A /* fatal.c */,
				9A1E40D20EFBB08400682D4A /* bufaux.c */,
				9A1E40D30EFBB08400682D4A /* ssh.h */,
				9A1E40B30EFBAEA700682D4A /* atomicio.c */,
				9A1E40B40EFBAEA700682D4A /* atomicio.h */,
				9A1E40B50EFBAEA700682D4A /* buffer.c */,
				9A1E40B60EFBAEA700682D4A /* buffer.h */,
				9A1E40B70EFBAEA700682D4A /* log.c */,
				9A1E40B80EFBAEA700682D4A /* log.h */,
				9A1E40B90EFBAEA700682D4A /* misc.c */,
				9A1E40BA0EFBAEA700682D4A /* misc.h */,
				9A1E40BB0EFBAEA700682D4A /* pathnames.h */,
				9A1E40BE0EFBAEA700682D4A /* xmalloc.c */,
				9A1E40BF0EFBAEA700682D4A /* xmalloc.h */,
				9A1E40A30EFBA83400682D4A /* sftp-client.c */,
				9A1E40A40EFBA83400682D4A /* sftp-client.h */,
				9A1E40A50EFBA83400682D4A /* sftp-common.c */,
				9A1E40A60EFBA83400682D4A /* sftp-common.h */,
				9A1E40A70EFBA83400682D4A /* sftp-glob.c */,
				9A1E40A80EFBA83400682D4A /* sftp.c */,
				9A1E40A90EFBA83400682D4A /* sftp.h */,
			);
			name = sftp;
			sourceTree = "<group>";
		};
		9A7AF1440D99820800F08222 /* Products */ = {
			isa = PBXGroup;
			children = (
				9A7AF14F0D99820900F08222 /* PSMTabBarControl.palette */,
				9A7AF1510D99820900F08222 /* TabBarControlDemo.app */,
				9A7AF1530D99820900F08222 /* PSMTabBarControl.framework */,
			);
			name = Products;
			sourceTree = "<group>";
		};
		9AA709780EF284B900B4CE34 /* Categories */ = {
			isa = PBXGroup;
			children = (
				9AF201530ECDDD7E00C5771B /* NSArray-patterns.h */,
				9AF201540ECDDD7E00C5771B /* NSArray-patterns.m */,
				9A8CC8CB0D24E981001EE32A /* NSString-scopeSelector.h */,
				9A8CC8CC0D24E981001EE32A /* NSString-scopeSelector.m */,
				9A099A700EE88046006A80A2 /* NSTextStorage-additions.h */,
				9A099A710EE88046006A80A2 /* NSTextStorage-additions.m */,
				9AA709220EF1559D00B4CE34 /* NSTextField-additions.m */,
			);
			name = Categories;
			sourceTree = "<group>";
		};
		9AB0178A0EDDBF8100905BED /* Images */ = {
			isa = PBXGroup;
			children = (
				9AD856C30EF90D99008DF460 /* resizehandle.png */,
				9AD856C10EF90CE6008DF460 /* actionbarbg.png */,
				9AD856B90EF90B9A008DF460 /* add.png */,
				9AD856A80EF90AF1008DF460 /* actionmenu.png */,
				9A0868EC0EE090FD00274635 /* TB_ViewMenu-Extended.pdf */,
			);
			name = Images;
			sourceTree = "<group>";
		};
		9AC16DA00D93CF9C00AE45E0 /* Controllers */ = {
			isa = PBXGroup;
			children = (
				9AF573CE0EFED5A10066C201 /* ViDocumentController.h */,
				9AF573CF0EFED5A10066C201 /* ViDocumentController.m */,
				9A8CC2180D1C3E62001EE32A /* ViAppController.h */,
				9A8CC2190D1C3E62001EE32A /* ViAppController.m */,
				9AC16DA20D93D14A00AE45E0 /* ViDocument.h */,
				9AC16DA30D93D14A00AE45E0 /* ViDocument.m */,
				9A70D93B0E9E76D70013AA1D /* ViWindowController.h */,
				9A70D93C0E9E76D70013AA1D /* ViWindowController.m */,
			);
			name = Controllers;
			sourceTree = "<group>";
		};
		9AF205D50ED2DF7F00C5771B /* Models */ = {
			isa = PBXGroup;
			children = (
				9AF205390ED2C29F00C5771B /* Project.xcdatamodel */,
			);
			name = Models;
			sourceTree = "<group>";
		};
/* End PBXGroup section */

/* Begin PBXNativeTarget section */
		8D15AC270486D014006FF6A4 /* xi */ = {
			isa = PBXNativeTarget;
			buildConfigurationList = C05733C708A9546B00998B17 /* Build configuration list for PBXNativeTarget "xi" */;
			buildPhases = (
				9AF41B3D0EC8731B00F1D681 /* ShellScript */,
				8D15AC2B0486D014006FF6A4 /* Resources */,
				8D15AC300486D014006FF6A4 /* Sources */,
				8D15AC330486D014006FF6A4 /* Frameworks */,
				9AC2D8B90D9924C800A26861 /* ShellScript */,
			);
			buildRules = (
			);
			dependencies = (
				9A7AF1570D99830C00F08222 /* PBXTargetDependency */,
			);
			name = xi;
			productInstallPath = "$(HOME)/Applications";
			productName = xi;
			productReference = 8D15AC370486D014006FF6A4 /* xi.app */;
			productType = "com.apple.product-type.application";
		};
		9AF2FE6F0EC9C85900C5771B /* Tests */ = {
			isa = PBXNativeTarget;
			buildConfigurationList = 9AF2FE740EC9C85A00C5771B /* Build configuration list for PBXNativeTarget "Tests" */;
			buildPhases = (
				9AF2FE6B0EC9C85900C5771B /* Resources */,
				9AF2FE6C0EC9C85900C5771B /* Sources */,
				9AF2FE6D0EC9C85900C5771B /* Frameworks */,
				9AF2FE6E0EC9C85900C5771B /* ShellScript */,
			);
			buildRules = (
			);
			dependencies = (
				9AF2FE8C0EC9C8CE00C5771B /* PBXTargetDependency */,
			);
			name = Tests;
			productName = Tests;
			productReference = 9AF2FE700EC9C85900C5771B /* Tests.octest */;
			productType = "com.apple.product-type.bundle";
		};
/* End PBXNativeTarget section */

/* Begin PBXProject section */
		2A37F4A9FDCFA73011CA2CEA /* Project object */ = {
			isa = PBXProject;
			buildConfigurationList = C05733CB08A9546B00998B17 /* Build configuration list for PBXProject "xi" */;
			compatibilityVersion = "Xcode 3.1";
			hasScannedForEncodings = 1;
			mainGroup = 2A37F4AAFDCFA73011CA2CEA /* xi */;
			projectDirPath = "";
			projectReferences = (
				{
					ProductGroup = 9A7AF1440D99820800F08222 /* Products */;
					ProjectRef = 9A7AF1430D99820800F08222 /* PSMTabBarControl.xcodeproj */;
				},
			);
			projectRoot = "";
			targets = (
				8D15AC270486D014006FF6A4 /* xi */,
				9AF2FE6F0EC9C85900C5771B /* Tests */,
			);
		};
/* End PBXProject section */

/* Begin PBXReferenceProxy section */
		9A7AF14F0D99820900F08222 /* PSMTabBarControl.palette */ = {
			isa = PBXReferenceProxy;
			fileType = wrapper.cfbundle;
			path = PSMTabBarControl.palette;
			remoteRef = 9A7AF14E0D99820900F08222 /* PBXContainerItemProxy */;
			sourceTree = BUILT_PRODUCTS_DIR;
		};
		9A7AF1510D99820900F08222 /* TabBarControlDemo.app */ = {
			isa = PBXReferenceProxy;
			fileType = wrapper.application;
			path = TabBarControlDemo.app;
			remoteRef = 9A7AF1500D99820900F08222 /* PBXContainerItemProxy */;
			sourceTree = BUILT_PRODUCTS_DIR;
		};
		9A7AF1530D99820900F08222 /* PSMTabBarControl.framework */ = {
			isa = PBXReferenceProxy;
			fileType = wrapper.framework;
			path = PSMTabBarControl.framework;
			remoteRef = 9A7AF1520D99820900F08222 /* PBXContainerItemProxy */;
			sourceTree = BUILT_PRODUCTS_DIR;
		};
/* End PBXReferenceProxy section */

/* Begin PBXResourcesBuildPhase section */
		8D15AC2B0486D014006FF6A4 /* Resources */ = {
			isa = PBXResourcesBuildPhase;
			buildActionMask = 2147483647;
			files = (
				8D15AC2C0486D014006FF6A4 /* Credits.rtf in Resources */,
				8D15AC2F0486D014006FF6A4 /* InfoPlist.strings in Resources */,
				9AC16D950D93CD8F00AE45E0 /* ViDocument.xib in Resources */,
				9AC16D980D93CDF200AE45E0 /* ViDocumentWindow.xib in Resources */,
				9A7AF1D10D9995EE00F08222 /* MainMenu.xib in Resources */,
				9A70E9890E9F67B80013AA1D /* Themes in Resources */,
				9A70F2DA0E9F68100013AA1D /* Bundles in Resources */,
				9A11D6810EB473BE00A016AB /* xi.icns in Resources */,
				9AB014980ED5F99200905BED /* CommandOutputWindow.xib in Resources */,
				9A0868ED0EE090FD00274635 /* TB_ViewMenu-Extended.pdf in Resources */,
				9AD856A90EF90AF1008DF460 /* actionmenu.png in Resources */,
				9AD856BA0EF90B9A008DF460 /* add.png in Resources */,
				9AD856C20EF90CE6008DF460 /* actionbarbg.png in Resources */,
				9AD856C40EF90D99008DF460 /* resizehandle.png in Resources */,
			);
			runOnlyForDeploymentPostprocessing = 0;
		};
		9AF2FE6B0EC9C85900C5771B /* Resources */ = {
			isa = PBXResourcesBuildPhase;
			buildActionMask = 2147483647;
			files = (
			);
			runOnlyForDeploymentPostprocessing = 0;
		};
/* End PBXResourcesBuildPhase section */

/* Begin PBXShellScriptBuildPhase section */
		9AC2D8B90D9924C800A26861 /* ShellScript */ = {
			isa = PBXShellScriptBuildPhase;
			buildActionMask = 2147483647;
			files = (
			);
			inputPaths = (
			);
			outputPaths = (
			);
			runOnlyForDeploymentPostprocessing = 0;
			shellPath = /bin/sh;
			shellScript = "set -x\necho \"Removing old PSMTabBarControl framework\"\nrm -rf $TARGET_BUILD_DIR/$WRAPPER_NAME/Contents/Frameworks/PSMTabBarControl.framework\necho \"Copying new PSMTabBarControl framework\"\ncp -Rp $TARGET_BUILD_DIR/../../PSMTabBarControl/build/$BUILD_STYLE/PSMTabBarControl.framework $TARGET_BUILD_DIR/$WRAPPER_NAME/Contents/Frameworks\n";
		};
		9AF2FE6E0EC9C85900C5771B /* ShellScript */ = {
			isa = PBXShellScriptBuildPhase;
			buildActionMask = 2147483647;
			files = (
			);
			inputPaths = (
			);
			outputPaths = (
			);
			runOnlyForDeploymentPostprocessing = 0;
			shellPath = /bin/sh;
			shellScript = "# Run the unit tests in this test bundle.\n\"${SYSTEM_DEVELOPER_DIR}/Tools/RunUnitTests\"\n";
		};
		9AF41B3D0EC8731B00F1D681 /* ShellScript */ = {
			isa = PBXShellScriptBuildPhase;
			buildActionMask = 2147483647;
			files = (
			);
			inputPaths = (
				"$(SRCROOT)/onig-5.9.1.tar.gz",
			);
			outputPaths = (
				"$(TARGET_BUILD_DIR)/oniguruma/lib/libonig.a",
			);
			runOnlyForDeploymentPostprocessing = 0;
			shellPath = /bin/sh;
			shellScript = "set -x\npwd\nls -l $TARGET_BUILD_DIR/oniguruma/lib\nrm -rf $TARGET_BUILD_DIR/onig-5.9.1\nrm -rf $TARGET_BUILD_DIR/oniguruma\ntar zxvf $SRCROOT/onig-5.9.1.tar.gz -C $TARGET_BUILD_DIR\ncd $TARGET_BUILD_DIR/onig-5.9.1\nCFLAGS=\"-isysroot /Developer/SDKs/MacOSX10.5.sdk -arch i386 -arch ppc -mmacosx-version-min=10.5\" LDFLAGS=\"-Wl,-syslibroot,/Developer/SDKs/MacOSX10.5.sdk -arch ppc -arch i386 -mmacosx-version-min=10.5\" ./configure --disable-shared  --disable-dependency-tracking --prefix=$TARGET_BUILD_DIR/oniguruma\nmake install\nls -l $TARGET_BUILD_DIR/oniguruma/lib\n";
		};
/* End PBXShellScriptBuildPhase section */

/* Begin PBXSourcesBuildPhase section */
		8D15AC300486D014006FF6A4 /* Sources */ = {
			isa = PBXSourcesBuildPhase;
			buildActionMask = 2147483647;
			files = (
				8D15AC320486D014006FF6A4 /* main.m in Sources */,
				9A7B0E740D01601A00040CAC /* ViTextView.m in Sources */,
				9A1A12000D02C65A009EABAC /* ViCommand.m in Sources */,
				9A668E110D1116FC003FABD9 /* ViTheme.m in Sources */,
				9A668E140D11172C003FABD9 /* ViLanguage.m in Sources */,
				9A668E170D11174A003FABD9 /* ViLanguageStore.m in Sources */,
				9AA7861A0D185DE100C5FD67 /* ViTextView-cursor.m in Sources */,
				9A8CC20C0D1C06D4001EE32A /* ViThemeStore.m in Sources */,
				9A8CC21A0D1C3E62001EE32A /* ViAppController.m in Sources */,
				9A8CC8CD0D24E981001EE32A /* NSString-scopeSelector.m in Sources */,
				9A73E2810D8ECA4C00859053 /* ExCommand.m in Sources */,
				9AC16DA40D93D14A00AE45E0 /* ViDocument.m in Sources */,
				9AD59A710D9FE66C00A5B677 /* ViTextView-ex_commands.m in Sources */,
				9A17D1B10DA1722F00DAFB30 /* ViTagsDatabase.m in Sources */,
				9AD8B8B40DA8F55900E1558E /* ViTextView-vi_commands.m in Sources */,
				9AD8B91C0DA8FC1700E1558E /* ViTagStack.m in Sources */,
				9A70D93D0E9E76D70013AA1D /* ViWindowController.m in Sources */,
				9A709CE50EA28E3600AB54E0 /* ViBundle.m in Sources */,
				9A6C11DE0EBCC497002D6A22 /* ViTextView-snippets.m in Sources */,
				9A6C12610EBE55FD002D6A22 /* ViRegexp.m in Sources */,
				9A6C13BC0EC55CD1002D6A22 /* MHSysTree.m in Sources */,
				9A6C14BE0EC5E41E002D6A22 /* ViSyntaxMatch.m in Sources */,
				9A6C14D00EC5E9EE002D6A22 /* ViScope.m in Sources */,
				9A6C15240EC6D1B2002D6A22 /* NoodleLineNumberView.m in Sources */,
				9A6C152C0EC6D280002D6A22 /* NoodleLineNumberMarker.m in Sources */,
				9AF41A560EC6E1CB00F1D681 /* MarkerLineNumberView.m in Sources */,
				9AD772820EC9A6CB00D05DDE /* ViMark.m in Sources */,
				9AF200D30ECC8BED00C5771B /* ViSymbol.m in Sources */,
				9AF201590ECDDD7E00C5771B /* NSArray-patterns.m in Sources */,
				9AF2015A0ECDDD7E00C5771B /* ViSyntaxContext.m in Sources */,
				9AF2015B0ECDDD7E00C5771B /* ViSyntaxParser.m in Sources */,
				9AF2053A0ED2C29F00C5771B /* Project.xcdatamodel in Sources */,
				9AF205960ED2D8B500C5771B /* ProjectDelegate.m in Sources */,
				9AF207050ED3027C00C5771B /* ViProject.m in Sources */,
				9A4F7DC20ED56CFE00A3CCF1 /* ViSymbolTransform.m in Sources */,
				9AB014B00ED6021B00905BED /* ViCommandOutputController.m in Sources */,
				9AB015190ED7102200905BED /* ViSnippet.m in Sources */,
				9A0868B20EE03A7600274635 /* ViSeparatorCell.m in Sources */,
				9AFBC31E0EE717C400646DCB /* ViDocumentView.m in Sources */,
				9A099A720EE88046006A80A2 /* NSTextStorage-additions.m in Sources */,
				9AA709230EF1559D00B4CE34 /* NSTextField-additions.m in Sources */,
				9AA7096B0EF284A700B4CE34 /* ViJumpList.m in Sources */,
				9A9801EB0EF957F500B2EEC3 /* MHTextIconCell.m in Sources */,
				9A1E40AA0EFBA83400682D4A /* sftp-client.c in Sources */,
				9A1E40AB0EFBA83400682D4A /* sftp-common.c in Sources */,
				9A1E40AC0EFBA83400682D4A /* sftp-glob.c in Sources */,
				9A1E40AD0EFBA83400682D4A /* sftp.c in Sources */,
				9A1E40C00EFBAEA700682D4A /* atomicio.c in Sources */,
				9A1E40C10EFBAEA700682D4A /* buffer.c in Sources */,
				9A1E40C20EFBAEA700682D4A /* log.c in Sources */,
				9A1E40C30EFBAEA700682D4A /* misc.c in Sources */,
				9A1E40C50EFBAEA700682D4A /* xmalloc.c in Sources */,
				9A1E40D40EFBB08400682D4A /* bufaux.c in Sources */,
				9A1E40D70EFBB0C100682D4A /* fatal.c in Sources */,
				9A1E40DC0EFBB1A800682D4A /* vis.c in Sources */,
				9A1E40DF0EFBB1D000682D4A /* strtonum.c in Sources */,
				9A1E40F30EFBB35600682D4A /* progressmeter.c in Sources */,
				9A1E40FE0EFBBD2100682D4A /* SFTPConnection.m in Sources */,
				9AF5739B0EFE94EE0066C201 /* SFTPConnectionPool.m in Sources */,
				9AF573D00EFED5A10066C201 /* ViDocumentController.m in Sources */,
			);
			runOnlyForDeploymentPostprocessing = 0;
		};
		9AF2FE6C0EC9C85900C5771B /* Sources */ = {
			isa = PBXSourcesBuildPhase;
			buildActionMask = 2147483647;
			files = (
				9AF2FE760EC9C8A400C5771B /* TestViCommandParser.m in Sources */,
				9AF2FE9B0EC9C9F600C5771B /* TestExCommand.m in Sources */,
				9AF2FE9C0EC9C9F600C5771B /* TestScopeSelectors.m in Sources */,
				9AF2FE9D0EC9C9F600C5771B /* TestViTextView.m in Sources */,
			);
			runOnlyForDeploymentPostprocessing = 0;
		};
/* End PBXSourcesBuildPhase section */

/* Begin PBXTargetDependency section */
		9A7AF1570D99830C00F08222 /* PBXTargetDependency */ = {
			isa = PBXTargetDependency;
			name = PSMTabBarControlFramework;
			targetProxy = 9A7AF1560D99830C00F08222 /* PBXContainerItemProxy */;
		};
		9AF2FE8C0EC9C8CE00C5771B /* PBXTargetDependency */ = {
			isa = PBXTargetDependency;
			target = 8D15AC270486D014006FF6A4 /* xi */;
			targetProxy = 9AF2FE8B0EC9C8CE00C5771B /* PBXContainerItemProxy */;
		};
/* End PBXTargetDependency section */

/* Begin PBXVariantGroup section */
		089C165FFE840EACC02AAC07 /* InfoPlist.strings */ = {
			isa = PBXVariantGroup;
			children = (
				089C1660FE840EACC02AAC07 /* English */,
			);
			name = InfoPlist.strings;
			sourceTree = "<group>";
		};
		2A37F4B9FDCFA73011CA2CEA /* Credits.rtf */ = {
			isa = PBXVariantGroup;
			children = (
				2A37F4BAFDCFA73011CA2CEA /* English */,
			);
			name = Credits.rtf;
			sourceTree = "<group>";
		};
		9A7AF1CF0D9995EE00F08222 /* MainMenu.xib */ = {
			isa = PBXVariantGroup;
			children = (
				9A7AF1D00D9995EE00F08222 /* English */,
			);
			name = MainMenu.xib;
			sourceTree = "<group>";
		};
		9AC16D930D93CD8F00AE45E0 /* ViDocument.xib */ = {
			isa = PBXVariantGroup;
			children = (
				9AC16D940D93CD8F00AE45E0 /* English */,
			);
			name = ViDocument.xib;
			sourceTree = "<group>";
		};
		9AC16D960D93CDF200AE45E0 /* ViDocumentWindow.xib */ = {
			isa = PBXVariantGroup;
			children = (
				9AC16D970D93CDF200AE45E0 /* English */,
			);
			name = ViDocumentWindow.xib;
			sourceTree = "<group>";
		};
/* End PBXVariantGroup section */

/* Begin XCBuildConfiguration section */
		9AF2FE720EC9C85A00C5771B /* Debug */ = {
			isa = XCBuildConfiguration;
			buildSettings = {
				ALWAYS_SEARCH_USER_PATHS = NO;
				BUNDLE_LOADER = "$(BUILT_PRODUCTS_DIR)/xi.app/Contents/MacOS/xi";
				COPY_PHASE_STRIP = NO;
				FRAMEWORK_SEARCH_PATHS = "$(DEVELOPER_LIBRARY_DIR)/Frameworks";
				GCC_DYNAMIC_NO_PIC = NO;
				GCC_ENABLE_FIX_AND_CONTINUE = NO;
				GCC_ENABLE_OBJC_EXCEPTIONS = YES;
				GCC_MODEL_TUNING = G5;
				GCC_OPTIMIZATION_LEVEL = 0;
				GCC_PRECOMPILE_PREFIX_HEADER = YES;
				GCC_PREFIX_HEADER = "$(SYSTEM_LIBRARY_DIR)/Frameworks/Cocoa.framework/Headers/Cocoa.h";
				INFOPLIST_FILE = "Tests-Info.plist";
				INSTALL_PATH = "$(USER_LIBRARY_DIR)/Bundles";
				OTHER_LDFLAGS = (
					"-framework",
					Cocoa,
					"-framework",
					SenTestingKit,
					"-bundle",
				);
				PREBINDING = NO;
				PRODUCT_NAME = Tests;
				TEST_HOST = "$(BUILT_PRODUCTS_DIR)/xi.app/Contents/MacOS/xi";
				WRAPPER_EXTENSION = octest;
			};
			name = Debug;
		};
		9AF2FE730EC9C85A00C5771B /* Release */ = {
			isa = XCBuildConfiguration;
			buildSettings = {
				ALWAYS_SEARCH_USER_PATHS = NO;
				BUNDLE_LOADER = "$(BUILT_PRODUCTS_DIR)/xi.app/Contents/MacOS/xi";
				COPY_PHASE_STRIP = YES;
				DEBUG_INFORMATION_FORMAT = "dwarf-with-dsym";
				FRAMEWORK_SEARCH_PATHS = "$(DEVELOPER_LIBRARY_DIR)/Frameworks";
				GCC_ENABLE_FIX_AND_CONTINUE = NO;
				GCC_ENABLE_OBJC_EXCEPTIONS = YES;
				GCC_MODEL_TUNING = G5;
				GCC_PRECOMPILE_PREFIX_HEADER = YES;
				GCC_PREFIX_HEADER = "$(SYSTEM_LIBRARY_DIR)/Frameworks/Cocoa.framework/Headers/Cocoa.h";
				INFOPLIST_FILE = "Tests-Info.plist";
				INSTALL_PATH = "$(USER_LIBRARY_DIR)/Bundles";
				OTHER_LDFLAGS = (
					"-framework",
					Cocoa,
					"-framework",
					SenTestingKit,
					"-bundle",
				);
				PREBINDING = NO;
				PRODUCT_NAME = Tests;
				TEST_HOST = "$(BUILT_PRODUCTS_DIR)/xi.app/Contents/MacOS/xi";
				WRAPPER_EXTENSION = octest;
				ZERO_LINK = NO;
			};
			name = Release;
		};
		C05733C808A9546B00998B17 /* Debug */ = {
			isa = XCBuildConfiguration;
			buildSettings = {
				COPY_PHASE_STRIP = NO;
				FRAMEWORK_SEARCH_PATHS = (
					"$(inherited)",
					"\"$(SRCROOT)\"",
					"\"$(SRCROOT)/PSMTabBarControl/build/Release\"",
				);
				GCC_DYNAMIC_NO_PIC = NO;
				GCC_ENABLE_FIX_AND_CONTINUE = YES;
				GCC_MODEL_TUNING = G5;
				GCC_OPTIMIZATION_LEVEL = 0;
				GCC_PRECOMPILE_PREFIX_HEADER = YES;
				GCC_PREFIX_HEADER = xi_Prefix.pch;
				GCC_VERSION = com.apple.compilers.llvmgcc42;
				INFOPLIST_FILE = Info.plist;
				INSTALL_PATH = "$(HOME)/Applications";
				OTHER_LDFLAGS = (
					"-L$(TARGET_BUILD_DIR)/oniguruma/lib",
					"-lonig",
				);
				PRODUCT_NAME = xi;
				WRAPPER_EXTENSION = app;
				ZERO_LINK = YES;
			};
			name = Debug;
		};
		C05733C908A9546B00998B17 /* Release */ = {
			isa = XCBuildConfiguration;
			buildSettings = {
				DEBUG_INFORMATION_FORMAT = "dwarf-with-dsym";
				FRAMEWORK_SEARCH_PATHS = (
					"$(inherited)",
					"\"$(SRCROOT)\"",
					"\"$(SRCROOT)/PSMTabBarControl/build/Release\"",
				);
				GCC_MODEL_TUNING = G5;
				GCC_PRECOMPILE_PREFIX_HEADER = YES;
				GCC_PREFIX_HEADER = xi_Prefix.pch;
				GCC_VERSION = com.apple.compilers.llvmgcc42;
				INFOPLIST_FILE = Info.plist;
				INSTALL_PATH = "$(HOME)/Applications";
				OTHER_LDFLAGS = (
					"-L$(TARGET_BUILD_DIR)/oniguruma/lib",
					"-lonig",
				);
				PRODUCT_NAME = xi;
				WRAPPER_EXTENSION = app;
			};
			name = Release;
		};
		C05733CC08A9546B00998B17 /* Debug */ = {
			isa = XCBuildConfiguration;
			buildSettings = {
				ARCHS = i386;
				FRAMEWORK_SEARCH_PATHS = PSMTabBarControl/build/$BUILD_STYLE;
				GCC_ENABLE_CPP_EXCEPTIONS = NO;
				GCC_ENABLE_CPP_RTTI = NO;
				GCC_ENABLE_OBJC_GC = required;
				GCC_ENABLE_SYMBOL_SEPARATION = YES;
				GCC_OPTIMIZATION_LEVEL = 1;
				GCC_VERSION = com.apple.compilers.llvmgcc42;
				GCC_WARN_64_TO_32_BIT_CONVERSION = NO;
				GCC_WARN_ABOUT_MISSING_PROTOTYPES = YES;
				GCC_WARN_ABOUT_RETURN_TYPE = YES;
				GCC_WARN_INITIALIZER_NOT_FULLY_BRACKETED = YES;
				GCC_WARN_MISSING_PARENTHESES = YES;
				GCC_WARN_PEDANTIC = NO;
				GCC_WARN_PROTOTYPE_CONVERSION = NO;
				GCC_WARN_SHADOW = YES;
				GCC_WARN_TYPECHECK_CALLS_TO_PRINTF = YES;
				GCC_WARN_UNINITIALIZED_AUTOS = NO;
				GCC_WARN_UNUSED_FUNCTION = YES;
				GCC_WARN_UNUSED_LABEL = YES;
				GCC_WARN_UNUSED_PARAMETER = NO;
				GCC_WARN_UNUSED_VALUE = YES;
				GCC_WARN_UNUSED_VARIABLE = YES;
				HEADER_SEARCH_PATHS = (
					sftp,
					"$(TARGET_BUILD_DIR)/oniguruma/include",
				);
				MACH_O_TYPE = mh_execute;
				MACOSX_DEPLOYMENT_TARGET = 10.5;
				OTHER_CFLAGS = "";
				OTHER_LDFLAGS = "-lonig";
				PREBINDING = NO;
				SDKROOT = macosx10.5;
				VALID_ARCHS = i386;
				WARNING_CFLAGS = "-Wall";
			};
			name = Debug;
		};
		C05733CD08A9546B00998B17 /* Release */ = {
			isa = XCBuildConfiguration;
			buildSettings = {
				ARCHS = (
					i386,
					ppc,
				);
				FRAMEWORK_SEARCH_PATHS = PSMTabBarControl/build/$BUILD_STYLE;
				GCC_ENABLE_CPP_EXCEPTIONS = NO;
				GCC_ENABLE_CPP_RTTI = NO;
				GCC_ENABLE_OBJC_GC = required;
				GCC_OPTIMIZATION_LEVEL = 3;
				GCC_VERSION = 4.2;
				GCC_WARN_64_TO_32_BIT_CONVERSION = NO;
				GCC_WARN_ABOUT_MISSING_PROTOTYPES = YES;
				GCC_WARN_ABOUT_RETURN_TYPE = YES;
				GCC_WARN_INITIALIZER_NOT_FULLY_BRACKETED = YES;
				GCC_WARN_MISSING_PARENTHESES = YES;
				GCC_WARN_PEDANTIC = NO;
				GCC_WARN_SHADOW = YES;
				GCC_WARN_TYPECHECK_CALLS_TO_PRINTF = YES;
				GCC_WARN_UNINITIALIZED_AUTOS = YES;
				GCC_WARN_UNUSED_FUNCTION = YES;
				GCC_WARN_UNUSED_LABEL = YES;
				GCC_WARN_UNUSED_PARAMETER = NO;
				GCC_WARN_UNUSED_VALUE = YES;
				GCC_WARN_UNUSED_VARIABLE = YES;
				HEADER_SEARCH_PATHS = (
					sftp,
					"$(TARGET_BUILD_DIR)/oniguruma/include",
				);
				MACH_O_TYPE = mh_execute;
				MACOSX_DEPLOYMENT_TARGET = 10.5;
				OTHER_CFLAGS = "";
				OTHER_LDFLAGS = "-lonig";
				PREBINDING = NO;
				SDKROOT = macosx10.5;
				WARNING_CFLAGS = "-Wall";
			};
			name = Release;
		};
/* End XCBuildConfiguration section */

/* Begin XCConfigurationList section */
		9AF2FE740EC9C85A00C5771B /* Build configuration list for PBXNativeTarget "Tests" */ = {
			isa = XCConfigurationList;
			buildConfigurations = (
				9AF2FE720EC9C85A00C5771B /* Debug */,
				9AF2FE730EC9C85A00C5771B /* Release */,
			);
			defaultConfigurationIsVisible = 0;
			defaultConfigurationName = Release;
		};
		C05733C708A9546B00998B17 /* Build configuration list for PBXNativeTarget "xi" */ = {
			isa = XCConfigurationList;
			buildConfigurations = (
				C05733C808A9546B00998B17 /* Debug */,
				C05733C908A9546B00998B17 /* Release */,
			);
			defaultConfigurationIsVisible = 0;
			defaultConfigurationName = Release;
		};
		C05733CB08A9546B00998B17 /* Build configuration list for PBXProject "xi" */ = {
			isa = XCConfigurationList;
			buildConfigurations = (
				C05733CC08A9546B00998B17 /* Debug */,
				C05733CD08A9546B00998B17 /* Release */,
			);
			defaultConfigurationIsVisible = 0;
			defaultConfigurationName = Release;
		};
/* End XCConfigurationList section */
	};
	rootObject = 2A37F4A9FDCFA73011CA2CEA /* Project object */;
}
