// !$*UTF8*$!
{
	archiveVersion = 1;
	classes = {
	};
	objectVersion = 44;
	objects = {

/* Begin PBXAggregateTarget section */
		4DC412B3091519A60029A2A6 /* All */ = {
			isa = PBXAggregateTarget;
			buildConfigurationList = 4DC412C2091519D50029A2A6 /* Build configuration list for PBXAggregateTarget "All" */;
			buildPhases = (
			);
			dependencies = (
			);
			name = All;
			productName = All;
		};
/* End PBXAggregateTarget section */

/* Begin PBXBuildFile section */
		4D82DCE409BA0CAF007F03B0 /* oniguruma.h in Headers */ = {isa = PBXBuildFile; fileRef = 4D82DCE209BA0CAF007F03B0 /* oniguruma.h */; settings = {ATTRIBUTES = (Public, ); }; };
		4D82DCE709BA0CBF007F03B0 /* COPYING in CopyFiles */ = {isa = PBXBuildFile; fileRef = 4D82DCE509BA0CBF007F03B0 /* COPYING */; };
		4D82DCF509BA0CCF007F03B0 /* API in CopyFiles */ = {isa = PBXBuildFile; fileRef = 4D82DCE909BA0CCE007F03B0 /* API */; };
		4D82DCF709BA0CCF007F03B0 /* FAQ in CopyFiles */ = {isa = PBXBuildFile; fileRef = 4D82DCEB09BA0CCE007F03B0 /* FAQ */; };
		4D82DCF909BA0CCF007F03B0 /* RE in CopyFiles */ = {isa = PBXBuildFile; fileRef = 4D82DCED09BA0CCE007F03B0 /* RE */; };
		4D82DCFD09BA0CEF007F03B0 /* HISTORY in CopyFiles */ = {isa = PBXBuildFile; fileRef = 4D82DCFB09BA0CEF007F03B0 /* HISTORY */; };
		4D82DD0009BA0CFC007F03B0 /* README in CopyFiles */ = {isa = PBXBuildFile; fileRef = 4D82DCFE09BA0CFC007F03B0 /* README */; };
		4D9DBE2D09BAB999003DD4A8 /* libonig.a in Frameworks */ = {isa = PBXBuildFile; fileRef = 4D9DBE2B09BAB999003DD4A8 /* libonig.a */; };
		4DC40F4F09150CF50029A2A6 /* OGRegularExpression.h in Headers */ = {isa = PBXBuildFile; fileRef = 4DC40D5009150CEB0029A2A6 /* OGRegularExpression.h */; settings = {ATTRIBUTES = (Public, ); }; };
		4DC40F5009150CF50029A2A6 /* OGRegularExpression.m in Sources */ = {isa = PBXBuildFile; fileRef = 4DC40D5109150CEB0029A2A6 /* OGRegularExpression.m */; };
		4DC40F5109150CF50029A2A6 /* OGRegularExpressionPrivate.h in Headers */ = {isa = PBXBuildFile; fileRef = 4DC40D5209150CEB0029A2A6 /* OGRegularExpressionPrivate.h */; };
		4DC40F5209150CF50029A2A6 /* OGRegularExpressionPrivate.m in Sources */ = {isa = PBXBuildFile; fileRef = 4DC40D5309150CEB0029A2A6 /* OGRegularExpressionPrivate.m */; };
		4DC40F5309150CF50029A2A6 /* OGRegularExpressionEnumerator.h in Headers */ = {isa = PBXBuildFile; fileRef = 4DC40D5409150CEB0029A2A6 /* OGRegularExpressionEnumerator.h */; settings = {ATTRIBUTES = (Public, ); }; };
		4DC40F5409150CF50029A2A6 /* OGRegularExpressionEnumerator.m in Sources */ = {isa = PBXBuildFile; fileRef = 4DC40D5509150CEB0029A2A6 /* OGRegularExpressionEnumerator.m */; };
		4DC40F5509150CF50029A2A6 /* OGRegularExpressionEnumeratorPrivate.h in Headers */ = {isa = PBXBuildFile; fileRef = 4DC40D5609150CEB0029A2A6 /* OGRegularExpressionEnumeratorPrivate.h */; };
		4DC40F5609150CF50029A2A6 /* OGRegularExpressionEnumeratorPrivate.m in Sources */ = {isa = PBXBuildFile; fileRef = 4DC40D5709150CEB0029A2A6 /* OGRegularExpressionEnumeratorPrivate.m */; };
		4DC40F5709150CF50029A2A6 /* OGRegularExpressionMatch.h in Headers */ = {isa = PBXBuildFile; fileRef = 4DC40D5809150CEB0029A2A6 /* OGRegularExpressionMatch.h */; settings = {ATTRIBUTES = (Public, ); }; };
		4DC40F5809150CF50029A2A6 /* OGRegularExpressionMatch.m in Sources */ = {isa = PBXBuildFile; fileRef = 4DC40D5909150CEB0029A2A6 /* OGRegularExpressionMatch.m */; };
		4DC40F5909150CF50029A2A6 /* OGRegularExpressionMatchPrivate.h in Headers */ = {isa = PBXBuildFile; fileRef = 4DC40D5A09150CEB0029A2A6 /* OGRegularExpressionMatchPrivate.h */; };
		4DC40F5A09150CF50029A2A6 /* OGRegularExpressionMatchPrivate.m in Sources */ = {isa = PBXBuildFile; fileRef = 4DC40D5B09150CEB0029A2A6 /* OGRegularExpressionMatchPrivate.m */; };
		4DC40F5B09150CF50029A2A6 /* OGRegularExpressionCapture.h in Headers */ = {isa = PBXBuildFile; fileRef = 4DC40D5C09150CEB0029A2A6 /* OGRegularExpressionCapture.h */; settings = {ATTRIBUTES = (Public, ); }; };
		4DC40F5C09150CF50029A2A6 /* OGRegularExpressionCapture.m in Sources */ = {isa = PBXBuildFile; fileRef = 4DC40D5D09150CEB0029A2A6 /* OGRegularExpressionCapture.m */; };
		4DC40F5D09150CF50029A2A6 /* OGRegularExpressionCapturePrivate.h in Headers */ = {isa = PBXBuildFile; fileRef = 4DC40D5E09150CEB0029A2A6 /* OGRegularExpressionCapturePrivate.h */; };
		4DC40F5E09150CF50029A2A6 /* OGRegularExpressionCapturePrivate.m in Sources */ = {isa = PBXBuildFile; fileRef = 4DC40D5F09150CEB0029A2A6 /* OGRegularExpressionCapturePrivate.m */; };
		4DC40F5F09150CF50029A2A6 /* OGReplaceExpression.h in Headers */ = {isa = PBXBuildFile; fileRef = 4DC40D6009150CEB0029A2A6 /* OGReplaceExpression.h */; settings = {ATTRIBUTES = (Public, ); }; };
		4DC40F6009150CF50029A2A6 /* OGReplaceExpression.m in Sources */ = {isa = PBXBuildFile; fileRef = 4DC40D6109150CEB0029A2A6 /* OGReplaceExpression.m */; };
		4DC40F6109150CF50029A2A6 /* OGReplaceExpressionPrivate.h in Headers */ = {isa = PBXBuildFile; fileRef = 4DC40D6209150CEB0029A2A6 /* OGReplaceExpressionPrivate.h */; };
		4DC40F6209150CF50029A2A6 /* OGReplaceExpressionPrivate.m in Sources */ = {isa = PBXBuildFile; fileRef = 4DC40D6309150CEB0029A2A6 /* OGReplaceExpressionPrivate.m */; };
		4DC40F6309150CF50029A2A6 /* OGRegularExpressionFormatter.h in Headers */ = {isa = PBXBuildFile; fileRef = 4DC40D6409150CEB0029A2A6 /* OGRegularExpressionFormatter.h */; settings = {ATTRIBUTES = (Public, ); }; };
		4DC40F6409150CF50029A2A6 /* OGRegularExpressionFormatter.m in Sources */ = {isa = PBXBuildFile; fileRef = 4DC40D6509150CEB0029A2A6 /* OGRegularExpressionFormatter.m */; };
		4DC40F7009150CF50029A2A6 /* NSString_OgreKitAdditions.h in Headers */ = {isa = PBXBuildFile; fileRef = 4DC40D7409150CEC0029A2A6 /* NSString_OgreKitAdditions.h */; settings = {ATTRIBUTES = (Public, ); }; };
		4DC40F7109150CF50029A2A6 /* NSString_OgreKitAdditions.m in Sources */ = {isa = PBXBuildFile; fileRef = 4DC40D7509150CEC0029A2A6 /* NSString_OgreKitAdditions.m */; };
		4DC4103809150CF60029A2A6 /* OgreKit.h in Headers */ = {isa = PBXBuildFile; fileRef = 4DC40E5609150CF30029A2A6 /* OgreKit.h */; settings = {ATTRIBUTES = (Public, ); }; };
		4DC4103909150CF60029A2A6 /* OgreKit_Prefix.pch in Headers */ = {isa = PBXBuildFile; fileRef = 4DC40E5709150CF30029A2A6 /* OgreKit_Prefix.pch */; };
		4DC410A7091511C80029A2A6 /* Foundation.framework in Frameworks */ = {isa = PBXBuildFile; fileRef = 0867D69BFE84028FC02AAC07 /* Foundation.framework */; };
		4DC410A8091511CA0029A2A6 /* AppKit.framework in Frameworks */ = {isa = PBXBuildFile; fileRef = 0867D6A5FE840307C02AAC07 /* AppKit.framework */; };
		4DC410E8091512C10029A2A6 /* OGMutableString.h in Headers */ = {isa = PBXBuildFile; fileRef = 4DC40D6909150CEB0029A2A6 /* OGMutableString.h */; settings = {ATTRIBUTES = (Public, ); }; };
		4DC410E9091512C20029A2A6 /* OGString.m in Sources */ = {isa = PBXBuildFile; fileRef = 4DC40D6809150CEB0029A2A6 /* OGString.m */; };
		4DC410EA091512C30029A2A6 /* OGString.h in Headers */ = {isa = PBXBuildFile; fileRef = 4DC40D6709150CEB0029A2A6 /* OGString.h */; settings = {ATTRIBUTES = (Public, ); }; };
		4DC410EB091512C40029A2A6 /* OGMutablePlainString.m in Sources */ = {isa = PBXBuildFile; fileRef = 4DC40D6E09150CEB0029A2A6 /* OGMutablePlainString.m */; };
		4DC410EC091512C50029A2A6 /* OGMutablePlainString.h in Headers */ = {isa = PBXBuildFile; fileRef = 4DC40D6D09150CEB0029A2A6 /* OGMutablePlainString.h */; };
		4DC410ED091512C60029A2A6 /* OGPlainString.m in Sources */ = {isa = PBXBuildFile; fileRef = 4DC40D6C09150CEB0029A2A6 /* OGPlainString.m */; };
		4DC410EE091512C70029A2A6 /* OGPlainString.h in Headers */ = {isa = PBXBuildFile; fileRef = 4DC40D6B09150CEB0029A2A6 /* OGPlainString.h */; };
		4DC410EF091512C80029A2A6 /* OGMutableAttributedString.m in Sources */ = {isa = PBXBuildFile; fileRef = 4DC40D7309150CEC0029A2A6 /* OGMutableAttributedString.m */; };
		4DC410F0091512C90029A2A6 /* OGMutableAttributedString.h in Headers */ = {isa = PBXBuildFile; fileRef = 4DC40D7209150CEC0029A2A6 /* OGMutableAttributedString.h */; };
		4DC410F1091512C90029A2A6 /* OGAttributedString.m in Sources */ = {isa = PBXBuildFile; fileRef = 4DC40D7109150CEC0029A2A6 /* OGAttributedString.m */; };
		4DC410F2091512CA0029A2A6 /* OGAttributedString.h in Headers */ = {isa = PBXBuildFile; fileRef = 4DC40D7009150CEB0029A2A6 /* OGAttributedString.h */; };
		4DC411D70915159A0029A2A6 /* ReadMe.rtf in CopyFiles */ = {isa = PBXBuildFile; fileRef = 4DC40D4B09150CEA0029A2A6 /* ReadMe.rtf */; };
		4DC411D80915159A0029A2A6 /* License.txt in CopyFiles */ = {isa = PBXBuildFile; fileRef = 4DC40D4C09150CEA0029A2A6 /* License.txt */; };
/* End PBXBuildFile section */

/* Begin PBXContainerItemProxy section */
		4D82DCCD09B9ECDE007F03B0 /* PBXContainerItemProxy */ = {
			isa = PBXContainerItemProxy;
			containerPortal = 0867D690FE84028FC02AAC07 /* Project object */;
			proxyType = 1;
			remoteGlobalIDString = 4D82DCCA09B9ECD1007F03B0;
			remoteInfo = Oniguruma;
		};
/* End PBXContainerItemProxy section */

/* Begin PBXCopyFilesBuildPhase section */
		4DC411D1091515700029A2A6 /* CopyFiles */ = {
			isa = PBXCopyFilesBuildPhase;
			buildActionMask = 2147483647;
			dstPath = Documentation/OgreKit;
			dstSubfolderSpec = 7;
			files = (
				4DC411D70915159A0029A2A6 /* ReadMe.rtf in CopyFiles */,
				4DC411D80915159A0029A2A6 /* License.txt in CopyFiles */,
			);
			runOnlyForDeploymentPostprocessing = 0;
		};
		4DC411D3091515790029A2A6 /* CopyFiles */ = {
			isa = PBXCopyFilesBuildPhase;
			buildActionMask = 2147483647;
			dstPath = Documentation/OniGuruma;
			dstSubfolderSpec = 7;
			files = (
				4D82DCE709BA0CBF007F03B0 /* COPYING in CopyFiles */,
				4D82DCF509BA0CCF007F03B0 /* API in CopyFiles */,
				4D82DCF709BA0CCF007F03B0 /* FAQ in CopyFiles */,
				4D82DCF909BA0CCF007F03B0 /* RE in CopyFiles */,
				4D82DCFD09BA0CEF007F03B0 /* HISTORY in CopyFiles */,
				4D82DD0009BA0CFC007F03B0 /* README in CopyFiles */,
			);
			runOnlyForDeploymentPostprocessing = 0;
		};
/* End PBXCopyFilesBuildPhase section */

/* Begin PBXFileReference section */
		0867D69BFE84028FC02AAC07 /* Foundation.framework */ = {isa = PBXFileReference; lastKnownFileType = wrapper.framework; name = Foundation.framework; path = /System/Library/Frameworks/Foundation.framework; sourceTree = "<absolute>"; };
		0867D6A5FE840307C02AAC07 /* AppKit.framework */ = {isa = PBXFileReference; lastKnownFileType = wrapper.framework; name = AppKit.framework; path = /System/Library/Frameworks/AppKit.framework; sourceTree = "<absolute>"; };
		1058C7B1FEA5585E11CA2CBB /* Cocoa.framework */ = {isa = PBXFileReference; lastKnownFileType = wrapper.framework; name = Cocoa.framework; path = /System/Library/Frameworks/Cocoa.framework; sourceTree = "<absolute>"; };
		4D82DCE209BA0CAF007F03B0 /* oniguruma.h */ = {isa = PBXFileReference; fileEncoding = 0; lastKnownFileType = sourcecode.c.h; name = oniguruma.h; path = intel/oniguruma.h; sourceTree = "<group>"; };
		4D82DCE509BA0CBF007F03B0 /* COPYING */ = {isa = PBXFileReference; fileEncoding = 0; lastKnownFileType = text; name = COPYING; path = intel/COPYING; sourceTree = "<group>"; };
		4D82DCE909BA0CCE007F03B0 /* API */ = {isa = PBXFileReference; fileEncoding = 0; lastKnownFileType = text; path = API; sourceTree = "<group>"; };
		4D82DCEB09BA0CCE007F03B0 /* FAQ */ = {isa = PBXFileReference; fileEncoding = 0; lastKnownFileType = text; path = FAQ; sourceTree = "<group>"; };
		4D82DCED09BA0CCE007F03B0 /* RE */ = {isa = PBXFileReference; fileEncoding = 0; lastKnownFileType = text; path = RE; sourceTree = "<group>"; };
		4D82DCFB09BA0CEF007F03B0 /* HISTORY */ = {isa = PBXFileReference; fileEncoding = 0; lastKnownFileType = text; name = HISTORY; path = intel/HISTORY; sourceTree = "<group>"; };
		4D82DCFE09BA0CFC007F03B0 /* README */ = {isa = PBXFileReference; fileEncoding = 0; lastKnownFileType = text; name = README; path = intel/README; sourceTree = "<group>"; };
		4D9DBE2B09BAB999003DD4A8 /* libonig.a */ = {isa = PBXFileReference; lastKnownFileType = archive.ar; name = libonig.a; path = RegularExpression/oniguruma/universal/libonig.a; sourceTree = "<group>"; };
		4DC40BFC09150BDB0029A2A6 /* OgreKit.framework */ = {isa = PBXFileReference; explicitFileType = wrapper.framework; includeInIndex = 0; path = OgreKit.framework; sourceTree = BUILT_PRODUCTS_DIR; };
		4DC40D4B09150CEA0029A2A6 /* ReadMe.rtf */ = {isa = PBXFileReference; lastKnownFileType = text.rtf; name = ReadMe.rtf; path = RegularExpression/Documentation/ReadMe.rtf; sourceTree = SOURCE_ROOT; };
		4DC40D4C09150CEA0029A2A6 /* License.txt */ = {isa = PBXFileReference; fileEncoding = 4; lastKnownFileType = text; name = License.txt; path = RegularExpression/Documentation/License.txt; sourceTree = SOURCE_ROOT; };
		4DC40D4D09150CEA0029A2A6 /* History.txt */ = {isa = PBXFileReference; fileEncoding = 4; lastKnownFileType = text; name = History.txt; path = RegularExpression/Documentation/History.txt; sourceTree = SOURCE_ROOT; };
		4DC40D5009150CEB0029A2A6 /* OGRegularExpression.h */ = {isa = PBXFileReference; fileEncoding = 4; lastKnownFileType = sourcecode.c.h; name = OGRegularExpression.h; path = RegularExpression/OGRegularExpression.h; sourceTree = SOURCE_ROOT; };
		4DC40D5109150CEB0029A2A6 /* OGRegularExpression.m */ = {isa = PBXFileReference; fileEncoding = 4; lastKnownFileType = sourcecode.c.objc; name = OGRegularExpression.m; path = RegularExpression/OGRegularExpression.m; sourceTree = SOURCE_ROOT; };
		4DC40D5209150CEB0029A2A6 /* OGRegularExpressionPrivate.h */ = {isa = PBXFileReference; fileEncoding = 4; lastKnownFileType = sourcecode.c.h; name = OGRegularExpressionPrivate.h; path = RegularExpression/OGRegularExpressionPrivate.h; sourceTree = SOURCE_ROOT; };
		4DC40D5309150CEB0029A2A6 /* OGRegularExpressionPrivate.m */ = {isa = PBXFileReference; fileEncoding = 4; lastKnownFileType = sourcecode.c.objc; name = OGRegularExpressionPrivate.m; path = RegularExpression/OGRegularExpressionPrivate.m; sourceTree = SOURCE_ROOT; };
		4DC40D5409150CEB0029A2A6 /* OGRegularExpressionEnumerator.h */ = {isa = PBXFileReference; fileEncoding = 4; lastKnownFileType = sourcecode.c.h; name = OGRegularExpressionEnumerator.h; path = RegularExpression/OGRegularExpressionEnumerator.h; sourceTree = SOURCE_ROOT; };
		4DC40D5509150CEB0029A2A6 /* OGRegularExpressionEnumerator.m */ = {isa = PBXFileReference; fileEncoding = 4; lastKnownFileType = sourcecode.c.objc; name = OGRegularExpressionEnumerator.m; path = RegularExpression/OGRegularExpressionEnumerator.m; sourceTree = SOURCE_ROOT; };
		4DC40D5609150CEB0029A2A6 /* OGRegularExpressionEnumeratorPrivate.h */ = {isa = PBXFileReference; fileEncoding = 4; lastKnownFileType = sourcecode.c.h; name = OGRegularExpressionEnumeratorPrivate.h; path = RegularExpression/OGRegularExpressionEnumeratorPrivate.h; sourceTree = SOURCE_ROOT; };
		4DC40D5709150CEB0029A2A6 /* OGRegularExpressionEnumeratorPrivate.m */ = {isa = PBXFileReference; fileEncoding = 4; lastKnownFileType = sourcecode.c.objc; name = OGRegularExpressionEnumeratorPrivate.m; path = RegularExpression/OGRegularExpressionEnumeratorPrivate.m; sourceTree = SOURCE_ROOT; };
		4DC40D5809150CEB0029A2A6 /* OGRegularExpressionMatch.h */ = {isa = PBXFileReference; fileEncoding = 4; lastKnownFileType = sourcecode.c.h; name = OGRegularExpressionMatch.h; path = RegularExpression/OGRegularExpressionMatch.h; sourceTree = SOURCE_ROOT; };
		4DC40D5909150CEB0029A2A6 /* OGRegularExpressionMatch.m */ = {isa = PBXFileReference; fileEncoding = 4; lastKnownFileType = sourcecode.c.objc; name = OGRegularExpressionMatch.m; path = RegularExpression/OGRegularExpressionMatch.m; sourceTree = SOURCE_ROOT; };
		4DC40D5A09150CEB0029A2A6 /* OGRegularExpressionMatchPrivate.h */ = {isa = PBXFileReference; fileEncoding = 4; lastKnownFileType = sourcecode.c.h; name = OGRegularExpressionMatchPrivate.h; path = RegularExpression/OGRegularExpressionMatchPrivate.h; sourceTree = SOURCE_ROOT; };
		4DC40D5B09150CEB0029A2A6 /* OGRegularExpressionMatchPrivate.m */ = {isa = PBXFileReference; fileEncoding = 4; lastKnownFileType = sourcecode.c.objc; name = OGRegularExpressionMatchPrivate.m; path = RegularExpression/OGRegularExpressionMatchPrivate.m; sourceTree = SOURCE_ROOT; };
		4DC40D5C09150CEB0029A2A6 /* OGRegularExpressionCapture.h */ = {isa = PBXFileReference; fileEncoding = 4; lastKnownFileType = sourcecode.c.h; name = OGRegularExpressionCapture.h; path = RegularExpression/OGRegularExpressionCapture.h; sourceTree = SOURCE_ROOT; };
		4DC40D5D09150CEB0029A2A6 /* OGRegularExpressionCapture.m */ = {isa = PBXFileReference; fileEncoding = 4; lastKnownFileType = sourcecode.c.objc; name = OGRegularExpressionCapture.m; path = RegularExpression/OGRegularExpressionCapture.m; sourceTree = SOURCE_ROOT; };
		4DC40D5E09150CEB0029A2A6 /* OGRegularExpressionCapturePrivate.h */ = {isa = PBXFileReference; fileEncoding = 4; lastKnownFileType = sourcecode.c.h; name = OGRegularExpressionCapturePrivate.h; path = RegularExpression/OGRegularExpressionCapturePrivate.h; sourceTree = SOURCE_ROOT; };
		4DC40D5F09150CEB0029A2A6 /* OGRegularExpressionCapturePrivate.m */ = {isa = PBXFileReference; fileEncoding = 4; lastKnownFileType = sourcecode.c.objc; name = OGRegularExpressionCapturePrivate.m; path = RegularExpression/OGRegularExpressionCapturePrivate.m; sourceTree = SOURCE_ROOT; };
		4DC40D6009150CEB0029A2A6 /* OGReplaceExpression.h */ = {isa = PBXFileReference; fileEncoding = 4; lastKnownFileType = sourcecode.c.h; name = OGReplaceExpression.h; path = RegularExpression/OGReplaceExpression.h; sourceTree = SOURCE_ROOT; };
		4DC40D6109150CEB0029A2A6 /* OGReplaceExpression.m */ = {isa = PBXFileReference; fileEncoding = 4; lastKnownFileType = sourcecode.c.objc; name = OGReplaceExpression.m; path = RegularExpression/OGReplaceExpression.m; sourceTree = SOURCE_ROOT; };
		4DC40D6209150CEB0029A2A6 /* OGReplaceExpressionPrivate.h */ = {isa = PBXFileReference; fileEncoding = 4; lastKnownFileType = sourcecode.c.h; name = OGReplaceExpressionPrivate.h; path = RegularExpression/OGReplaceExpressionPrivate.h; sourceTree = SOURCE_ROOT; };
		4DC40D6309150CEB0029A2A6 /* OGReplaceExpressionPrivate.m */ = {isa = PBXFileReference; fileEncoding = 4; lastKnownFileType = sourcecode.c.objc; name = OGReplaceExpressionPrivate.m; path = RegularExpression/OGReplaceExpressionPrivate.m; sourceTree = SOURCE_ROOT; };
		4DC40D6409150CEB0029A2A6 /* OGRegularExpressionFormatter.h */ = {isa = PBXFileReference; fileEncoding = 4; lastKnownFileType = sourcecode.c.h; name = OGRegularExpressionFormatter.h; path = RegularExpression/OGRegularExpressionFormatter.h; sourceTree = SOURCE_ROOT; };
		4DC40D6509150CEB0029A2A6 /* OGRegularExpressionFormatter.m */ = {isa = PBXFileReference; fileEncoding = 4; lastKnownFileType = sourcecode.c.objc; name = OGRegularExpressionFormatter.m; path = RegularExpression/OGRegularExpressionFormatter.m; sourceTree = SOURCE_ROOT; };
		4DC40D6709150CEB0029A2A6 /* OGString.h */ = {isa = PBXFileReference; fileEncoding = 4; lastKnownFileType = sourcecode.c.h; name = OGString.h; path = RegularExpression/OGString.h; sourceTree = SOURCE_ROOT; };
		4DC40D6809150CEB0029A2A6 /* OGString.m */ = {isa = PBXFileReference; fileEncoding = 4; lastKnownFileType = sourcecode.c.objc; name = OGString.m; path = RegularExpression/OGString.m; sourceTree = SOURCE_ROOT; };
		4DC40D6909150CEB0029A2A6 /* OGMutableString.h */ = {isa = PBXFileReference; fileEncoding = 4; lastKnownFileType = sourcecode.c.h; name = OGMutableString.h; path = RegularExpression/OGMutableString.h; sourceTree = SOURCE_ROOT; };
		4DC40D6B09150CEB0029A2A6 /* OGPlainString.h */ = {isa = PBXFileReference; fileEncoding = 4; lastKnownFileType = sourcecode.c.h; name = OGPlainString.h; path = RegularExpression/OGPlainString.h; sourceTree = SOURCE_ROOT; };
		4DC40D6C09150CEB0029A2A6 /* OGPlainString.m */ = {isa = PBXFileReference; fileEncoding = 4; lastKnownFileType = sourcecode.c.objc; name = OGPlainString.m; path = RegularExpression/OGPlainString.m; sourceTree = SOURCE_ROOT; };
		4DC40D6D09150CEB0029A2A6 /* OGMutablePlainString.h */ = {isa = PBXFileReference; fileEncoding = 4; lastKnownFileType = sourcecode.c.h; name = OGMutablePlainString.h; path = RegularExpression/OGMutablePlainString.h; sourceTree = SOURCE_ROOT; };
		4DC40D6E09150CEB0029A2A6 /* OGMutablePlainString.m */ = {isa = PBXFileReference; fileEncoding = 4; lastKnownFileType = sourcecode.c.objc; name = OGMutablePlainString.m; path = RegularExpression/OGMutablePlainString.m; sourceTree = SOURCE_ROOT; };
		4DC40D7009150CEB0029A2A6 /* OGAttributedString.h */ = {isa = PBXFileReference; fileEncoding = 4; lastKnownFileType = sourcecode.c.h; name = OGAttributedString.h; path = RegularExpression/OGAttributedString.h; sourceTree = SOURCE_ROOT; };
		4DC40D7109150CEC0029A2A6 /* OGAttributedString.m */ = {isa = PBXFileReference; fileEncoding = 4; lastKnownFileType = sourcecode.c.objc; name = OGAttributedString.m; path = RegularExpression/OGAttributedString.m; sourceTree = SOURCE_ROOT; };
		4DC40D7209150CEC0029A2A6 /* OGMutableAttributedString.h */ = {isa = PBXFileReference; fileEncoding = 4; lastKnownFileType = sourcecode.c.h; name = OGMutableAttributedString.h; path = RegularExpression/OGMutableAttributedString.h; sourceTree = SOURCE_ROOT; };
		4DC40D7309150CEC0029A2A6 /* OGMutableAttributedString.m */ = {isa = PBXFileReference; fileEncoding = 4; lastKnownFileType = sourcecode.c.objc; name = OGMutableAttributedString.m; path = RegularExpression/OGMutableAttributedString.m; sourceTree = SOURCE_ROOT; };
		4DC40D7409150CEC0029A2A6 /* NSString_OgreKitAdditions.h */ = {isa = PBXFileReference; fileEncoding = 4; lastKnownFileType = sourcecode.c.h; name = NSString_OgreKitAdditions.h; path = RegularExpression/NSString_OgreKitAdditions.h; sourceTree = SOURCE_ROOT; };
		4DC40D7509150CEC0029A2A6 /* NSString_OgreKitAdditions.m */ = {isa = PBXFileReference; fileEncoding = 4; lastKnownFileType = sourcecode.c.objc; name = NSString_OgreKitAdditions.m; path = RegularExpression/NSString_OgreKitAdditions.m; sourceTree = SOURCE_ROOT; };
		4DC40E5509150CF30029A2A6 /* OgreKit.h */ = {isa = PBXFileReference; fileEncoding = 4; lastKnownFileType = sourcecode.c.h; name = OgreKit.h; path = RegularExpression/OgreKit.h; sourceTree = SOURCE_ROOT; };
		4DC40E5609150CF30029A2A6 /* OgreKit.h */ = {isa = PBXFileReference; fileEncoding = 4; lastKnownFileType = sourcecode.c.h; name = OgreKit.h; path = RegularExpression/OgreKitWithoutFindPanel/OgreKit.h; sourceTree = SOURCE_ROOT; };
		4DC40E5709150CF30029A2A6 /* OgreKit_Prefix.pch */ = {isa = PBXFileReference; fileEncoding = 4; lastKnownFileType = sourcecode.c.h; name = OgreKit_Prefix.pch; path = RegularExpression/OgreKit_Prefix.pch; sourceTree = SOURCE_ROOT; };
		4DC40E5809150CF40029A2A6 /* version.plist */ = {isa = PBXFileReference; fileEncoding = 4; lastKnownFileType = text.xml; name = version.plist; path = RegularExpression/version.plist; sourceTree = SOURCE_ROOT; };
		4DC411C8091514D70029A2A6 /* English */ = {isa = PBXFileReference; fileEncoding = 4; lastKnownFileType = text.plist.strings; name = English; path = RegularExpression/English.lproj/InfoPlist.strings; sourceTree = "<group>"; };
		D2F7E79907B2D74100F64583 /* CoreData.framework */ = {isa = PBXFileReference; lastKnownFileType = wrapper.framework; name = CoreData.framework; path = /System/Library/Frameworks/CoreData.framework; sourceTree = "<absolute>"; };
/* End PBXFileReference section */

/* Begin PBXFrameworksBuildPhase section */
		4DC40BF609150BDB0029A2A6 /* Frameworks */ = {
			isa = PBXFrameworksBuildPhase;
			buildActionMask = 2147483647;
			files = (
				4DC410A7091511C80029A2A6 /* Foundation.framework in Frameworks */,
				4DC410A8091511CA0029A2A6 /* AppKit.framework in Frameworks */,
				4D9DBE2D09BAB999003DD4A8 /* libonig.a in Frameworks */,
			);
			runOnlyForDeploymentPostprocessing = 0;
		};
/* End PBXFrameworksBuildPhase section */

/* Begin PBXGroup section */
		034768DFFF38A50411DB9C8B /* Products */ = {
			isa = PBXGroup;
			children = (
				4DC40BFC09150BDB0029A2A6 /* OgreKit.framework */,
			);
			name = Products;
			sourceTree = "<group>";
		};
		0867D691FE84028FC02AAC07 /* OgreKit */ = {
			isa = PBXGroup;
			children = (
				4DC40D4909150CEA0029A2A6 /* OgreKit */,
				0867D69AFE84028FC02AAC07 /* External Frameworks and Libraries */,
				034768DFFF38A50411DB9C8B /* Products */,
			);
			name = OgreKit;
			sourceTree = "<group>";
		};
		0867D69AFE84028FC02AAC07 /* External Frameworks and Libraries */ = {
			isa = PBXGroup;
			children = (
				4D82DCC109B9EC15007F03B0 /* Linked Libraries */,
				1058C7B0FEA5585E11CA2CBB /* Linked Frameworks */,
				1058C7B2FEA5585E11CA2CBB /* Other Frameworks */,
			);
			name = "External Frameworks and Libraries";
			sourceTree = "<group>";
		};
		1058C7B0FEA5585E11CA2CBB /* Linked Frameworks */ = {
			isa = PBXGroup;
			children = (
				1058C7B1FEA5585E11CA2CBB /* Cocoa.framework */,
			);
			name = "Linked Frameworks";
			sourceTree = "<group>";
		};
		1058C7B2FEA5585E11CA2CBB /* Other Frameworks */ = {
			isa = PBXGroup;
			children = (
				0867D6A5FE840307C02AAC07 /* AppKit.framework */,
				D2F7E79907B2D74100F64583 /* CoreData.framework */,
				0867D69BFE84028FC02AAC07 /* Foundation.framework */,
			);
			name = "Other Frameworks";
			sourceTree = "<group>";
		};
		4D82DCC109B9EC15007F03B0 /* Linked Libraries */ = {
			isa = PBXGroup;
			children = (
				4D9DBE2B09BAB999003DD4A8 /* libonig.a */,
			);
			name = "Linked Libraries";
			sourceTree = "<group>";
		};
		4D82DCE809BA0CCE007F03B0 /* doc */ = {
			isa = PBXGroup;
			children = (
				4D82DCE909BA0CCE007F03B0 /* API */,
				4D82DCEB09BA0CCE007F03B0 /* FAQ */,
				4D82DCED09BA0CCE007F03B0 /* RE */,
			);
			name = doc;
			path = intel/doc;
			sourceTree = "<group>";
		};
		4DC40D4909150CEA0029A2A6 /* OgreKit */ = {
			isa = PBXGroup;
			children = (
				4DC40D4A09150CEA0029A2A6 /* Documentation */,
				4DC40D4F09150CEB0029A2A6 /* Regular Expressions */,
				4DC40DFA09150CF00029A2A6 /* oniguruma */,
				4DC40E5409150CF30029A2A6 /* Resources */,
				4DC40E5509150CF30029A2A6 /* OgreKit.h */,
				4DC40E5609150CF30029A2A6 /* OgreKit.h */,
				4DC40E5709150CF30029A2A6 /* OgreKit_Prefix.pch */,
				4DC40E5809150CF40029A2A6 /* version.plist */,
			);
			name = OgreKit;
			sourceTree = SOURCE_ROOT;
		};
		4DC40D4A09150CEA0029A2A6 /* Documentation */ = {
			isa = PBXGroup;
			children = (
				4DC40D4B09150CEA0029A2A6 /* ReadMe.rtf */,
				4DC40D4C09150CEA0029A2A6 /* License.txt */,
				4DC40D4D09150CEA0029A2A6 /* History.txt */,
			);
			name = Documentation;
			sourceTree = SOURCE_ROOT;
		};
		4DC40D4F09150CEB0029A2A6 /* Regular Expressions */ = {
			isa = PBXGroup;
			children = (
				4DC40D5009150CEB0029A2A6 /* OGRegularExpression.h */,
				4DC40D5109150CEB0029A2A6 /* OGRegularExpression.m */,
				4DC40D5209150CEB0029A2A6 /* OGRegularExpressionPrivate.h */,
				4DC40D5309150CEB0029A2A6 /* OGRegularExpressionPrivate.m */,
				4DC40D5409150CEB0029A2A6 /* OGRegularExpressionEnumerator.h */,
				4DC40D5509150CEB0029A2A6 /* OGRegularExpressionEnumerator.m */,
				4DC40D5609150CEB0029A2A6 /* OGRegularExpressionEnumeratorPrivate.h */,
				4DC40D5709150CEB0029A2A6 /* OGRegularExpressionEnumeratorPrivate.m */,
				4DC40D5809150CEB0029A2A6 /* OGRegularExpressionMatch.h */,
				4DC40D5909150CEB0029A2A6 /* OGRegularExpressionMatch.m */,
				4DC40D5A09150CEB0029A2A6 /* OGRegularExpressionMatchPrivate.h */,
				4DC40D5B09150CEB0029A2A6 /* OGRegularExpressionMatchPrivate.m */,
				4DC40D5C09150CEB0029A2A6 /* OGRegularExpressionCapture.h */,
				4DC40D5D09150CEB0029A2A6 /* OGRegularExpressionCapture.m */,
				4DC40D5E09150CEB0029A2A6 /* OGRegularExpressionCapturePrivate.h */,
				4DC40D5F09150CEB0029A2A6 /* OGRegularExpressionCapturePrivate.m */,
				4DC40D6009150CEB0029A2A6 /* OGReplaceExpression.h */,
				4DC40D6109150CEB0029A2A6 /* OGReplaceExpression.m */,
				4DC40D6209150CEB0029A2A6 /* OGReplaceExpressionPrivate.h */,
				4DC40D6309150CEB0029A2A6 /* OGReplaceExpressionPrivate.m */,
				4DC40D6409150CEB0029A2A6 /* OGRegularExpressionFormatter.h */,
				4DC40D6509150CEB0029A2A6 /* OGRegularExpressionFormatter.m */,
				4DC40D6609150CEB0029A2A6 /* OGString */,
				4DC40D7409150CEC0029A2A6 /* NSString_OgreKitAdditions.h */,
				4DC40D7509150CEC0029A2A6 /* NSString_OgreKitAdditions.m */,
			);
			name = "Regular Expressions";
			sourceTree = "<group>";
		};
		4DC40D6609150CEB0029A2A6 /* OGString */ = {
			isa = PBXGroup;
			children = (
				4DC40D6F09150CEB0029A2A6 /* Attributed String */,
				4DC40D6A09150CEB0029A2A6 /* Plain String */,
				4DC40D6709150CEB0029A2A6 /* OGString.h */,
				4DC40D6809150CEB0029A2A6 /* OGString.m */,
				4DC40D6909150CEB0029A2A6 /* OGMutableString.h */,
			);
			name = OGString;
			sourceTree = SOURCE_ROOT;
		};
		4DC40D6A09150CEB0029A2A6 /* Plain String */ = {
			isa = PBXGroup;
			children = (
				4DC40D6B09150CEB0029A2A6 /* OGPlainString.h */,
				4DC40D6C09150CEB0029A2A6 /* OGPlainString.m */,
				4DC40D6D09150CEB0029A2A6 /* OGMutablePlainString.h */,
				4DC40D6E09150CEB0029A2A6 /* OGMutablePlainString.m */,
			);
			name = "Plain String";
			sourceTree = SOURCE_ROOT;
		};
		4DC40D6F09150CEB0029A2A6 /* Attributed String */ = {
			isa = PBXGroup;
			children = (
				4DC40D7009150CEB0029A2A6 /* OGAttributedString.h */,
				4DC40D7109150CEC0029A2A6 /* OGAttributedString.m */,
				4DC40D7209150CEC0029A2A6 /* OGMutableAttributedString.h */,
				4DC40D7309150CEC0029A2A6 /* OGMutableAttributedString.m */,
			);
			name = "Attributed String";
			sourceTree = SOURCE_ROOT;
		};
		4DC40DFA09150CF00029A2A6 /* oniguruma */ = {
			isa = PBXGroup;
			children = (
				4D82DCE209BA0CAF007F03B0 /* oniguruma.h */,
				4D82DCE509BA0CBF007F03B0 /* COPYING */,
				4D82DCFB09BA0CEF007F03B0 /* HISTORY */,
				4D82DCFE09BA0CFC007F03B0 /* README */,
				4D82DCE809BA0CCE007F03B0 /* doc */,
			);
			name = oniguruma;
			path = RegularExpression/oniguruma;
			sourceTree = SOURCE_ROOT;
		};
		4DC40E5409150CF30029A2A6 /* Resources */ = {
			isa = PBXGroup;
			children = (
				4DC411C7091514D70029A2A6 /* InfoPlist.strings */,
			);
			name = Resources;
			sourceTree = SOURCE_ROOT;
		};
/* End PBXGroup section */

/* Begin PBXHeadersBuildPhase section */
		4DC40BF309150BDB0029A2A6 /* Headers */ = {
			isa = PBXHeadersBuildPhase;
			buildActionMask = 2147483647;
			files = (
				4DC40F4F09150CF50029A2A6 /* OGRegularExpression.h in Headers */,
				4DC40F5109150CF50029A2A6 /* OGRegularExpressionPrivate.h in Headers */,
				4DC40F5309150CF50029A2A6 /* OGRegularExpressionEnumerator.h in Headers */,
				4DC40F5509150CF50029A2A6 /* OGRegularExpressionEnumeratorPrivate.h in Headers */,
				4DC40F5709150CF50029A2A6 /* OGRegularExpressionMatch.h in Headers */,
				4DC40F5909150CF50029A2A6 /* OGRegularExpressionMatchPrivate.h in Headers */,
				4DC40F5B09150CF50029A2A6 /* OGRegularExpressionCapture.h in Headers */,
				4DC40F5D09150CF50029A2A6 /* OGRegularExpressionCapturePrivate.h in Headers */,
				4DC40F5F09150CF50029A2A6 /* OGReplaceExpression.h in Headers */,
				4DC40F6109150CF50029A2A6 /* OGReplaceExpressionPrivate.h in Headers */,
				4DC40F6309150CF50029A2A6 /* OGRegularExpressionFormatter.h in Headers */,
				4DC40F7009150CF50029A2A6 /* NSString_OgreKitAdditions.h in Headers */,
				4DC4103809150CF60029A2A6 /* OgreKit.h in Headers */,
				4DC4103909150CF60029A2A6 /* OgreKit_Prefix.pch in Headers */,
				4DC410E8091512C10029A2A6 /* OGMutableString.h in Headers */,
				4DC410EA091512C30029A2A6 /* OGString.h in Headers */,
				4DC410EC091512C50029A2A6 /* OGMutablePlainString.h in Headers */,
				4DC410EE091512C70029A2A6 /* OGPlainString.h in Headers */,
				4DC410F0091512C90029A2A6 /* OGMutableAttributedString.h in Headers */,
				4DC410F2091512CA0029A2A6 /* OGAttributedString.h in Headers */,
				4D82DCE409BA0CAF007F03B0 /* oniguruma.h in Headers */,
			);
			runOnlyForDeploymentPostprocessing = 0;
		};
/* End PBXHeadersBuildPhase section */

/* Begin PBXLegacyTarget section */
		4D82DCCA09B9ECD1007F03B0 /* Oniguruma */ = {
			isa = PBXLegacyTarget;
			buildArgumentsString = "$(ACTION)";
			buildConfigurationList = 4D82DCD509B9ECF8007F03B0 /* Build configuration list for PBXLegacyTarget "Oniguruma" */;
			buildPhases = (
			);
			buildToolPath = /usr/bin/make;
			buildWorkingDirectory = RegularExpression/oniguruma;
			dependencies = (
			);
			name = Oniguruma;
			passBuildSettingsInEnvironment = 1;
			productName = Oniguruma;
		};
/* End PBXLegacyTarget section */

/* Begin PBXNativeTarget section */
		4DC40BF209150BDB0029A2A6 /* OgreKit */ = {
			isa = PBXNativeTarget;
			buildConfigurationList = 4DC40BF809150BDB0029A2A6 /* Build configuration list for PBXNativeTarget "OgreKit" */;
			buildPhases = (
				4DC40BF309150BDB0029A2A6 /* Headers */,
				4DC40BF409150BDB0029A2A6 /* Resources */,
				4DC40BF509150BDB0029A2A6 /* Sources */,
				4DC40BF609150BDB0029A2A6 /* Frameworks */,
				4DC411D1091515700029A2A6 /* CopyFiles */,
				4DC411D3091515790029A2A6 /* CopyFiles */,
			);
			buildRules = (
			);
			dependencies = (
				4D82DCCE09B9ECDE007F03B0 /* PBXTargetDependency */,
			);
			name = OgreKit;
			productInstallPath = "$(HOME)/Library/Frameworks";
			productName = OgreKit;
			productReference = 4DC40BFC09150BDB0029A2A6 /* OgreKit.framework */;
			productType = "com.apple.product-type.framework";
		};
/* End PBXNativeTarget section */

/* Begin PBXProject section */
		0867D690FE84028FC02AAC07 /* Project object */ = {
			isa = PBXProject;
			buildConfigurationList = 4DC40BA3091509DC0029A2A6 /* Build configuration list for PBXProject "OgreKit" */;
			compatibilityVersion = "Xcode 3.0";
			hasScannedForEncodings = 1;
			knownRegions = (
				English,
				Japanese,
				French,
				German,
				Spanish,
				Romanian,
				Italian,
				Portuguese,
				Dutch,
			);
			mainGroup = 0867D691FE84028FC02AAC07 /* OgreKit */;
			productRefGroup = 034768DFFF38A50411DB9C8B /* Products */;
			projectDirPath = "";
			projectRoot = "";
			targets = (
				4DC412B3091519A60029A2A6 /* All */,
				4D82DCCA09B9ECD1007F03B0 /* Oniguruma */,
				4DC40BF209150BDB0029A2A6 /* OgreKit */,
			);
		};
/* End PBXProject section */

/* Begin PBXResourcesBuildPhase section */
		4DC40BF409150BDB0029A2A6 /* Resources */ = {
			isa = PBXResourcesBuildPhase;
			buildActionMask = 2147483647;
			files = (
			);
			runOnlyForDeploymentPostprocessing = 0;
		};
/* End PBXResourcesBuildPhase section */

/* Begin PBXSourcesBuildPhase section */
		4DC40BF509150BDB0029A2A6 /* Sources */ = {
			isa = PBXSourcesBuildPhase;
			buildActionMask = 2147483647;
			files = (
				4DC40F5009150CF50029A2A6 /* OGRegularExpression.m in Sources */,
				4DC40F5209150CF50029A2A6 /* OGRegularExpressionPrivate.m in Sources */,
				4DC40F5409150CF50029A2A6 /* OGRegularExpressionEnumerator.m in Sources */,
				4DC40F5609150CF50029A2A6 /* OGRegularExpressionEnumeratorPrivate.m in Sources */,
				4DC40F5809150CF50029A2A6 /* OGRegularExpressionMatch.m in Sources */,
				4DC40F5A09150CF50029A2A6 /* OGRegularExpressionMatchPrivate.m in Sources */,
				4DC40F5C09150CF50029A2A6 /* OGRegularExpressionCapture.m in Sources */,
				4DC40F5E09150CF50029A2A6 /* OGRegularExpressionCapturePrivate.m in Sources */,
				4DC40F6009150CF50029A2A6 /* OGReplaceExpression.m in Sources */,
				4DC40F6209150CF50029A2A6 /* OGReplaceExpressionPrivate.m in Sources */,
				4DC40F6409150CF50029A2A6 /* OGRegularExpressionFormatter.m in Sources */,
				4DC40F7109150CF50029A2A6 /* NSString_OgreKitAdditions.m in Sources */,
				4DC410E9091512C20029A2A6 /* OGString.m in Sources */,
				4DC410EB091512C40029A2A6 /* OGMutablePlainString.m in Sources */,
				4DC410ED091512C60029A2A6 /* OGPlainString.m in Sources */,
				4DC410EF091512C80029A2A6 /* OGMutableAttributedString.m in Sources */,
				4DC410F1091512C90029A2A6 /* OGAttributedString.m in Sources */,
			);
			runOnlyForDeploymentPostprocessing = 0;
		};
/* End PBXSourcesBuildPhase section */

/* Begin PBXTargetDependency section */
		4D82DCCE09B9ECDE007F03B0 /* PBXTargetDependency */ = {
			isa = PBXTargetDependency;
			target = 4D82DCCA09B9ECD1007F03B0 /* Oniguruma */;
			targetProxy = 4D82DCCD09B9ECDE007F03B0 /* PBXContainerItemProxy */;
		};
/* End PBXTargetDependency section */

/* Begin PBXVariantGroup section */
		4DC411C7091514D70029A2A6 /* InfoPlist.strings */ = {
			isa = PBXVariantGroup;
			children = (
				4DC411C8091514D70029A2A6 /* English */,
			);
			name = InfoPlist.strings;
			sourceTree = SOURCE_ROOT;
		};
/* End PBXVariantGroup section */

/* Begin XCBuildConfiguration section */
		4D82DCD609B9ECF8007F03B0 /* Debug */ = {
			isa = XCBuildConfiguration;
			buildSettings = {
				COPY_PHASE_STRIP = NO;
				GCC_DYNAMIC_NO_PIC = NO;
				GCC_GENERATE_DEBUGGING_SYMBOLS = YES;
				GCC_OPTIMIZATION_LEVEL = 0;
				PRODUCT_NAME = Oniguruma;
			};
			name = Debug;
		};
		4D82DCD709B9ECF8007F03B0 /* Release */ = {
			isa = XCBuildConfiguration;
			buildSettings = {
				COPY_PHASE_STRIP = YES;
				GCC_ENABLE_FIX_AND_CONTINUE = NO;
				GCC_GENERATE_DEBUGGING_SYMBOLS = NO;
				PRODUCT_NAME = Oniguruma;
				ZERO_LINK = NO;
			};
			name = Release;
		};
		4D82DCD809B9ECF8007F03B0 /* Default */ = {
			isa = XCBuildConfiguration;
			buildSettings = {
				PRODUCT_NAME = Oniguruma;
			};
			name = Default;
		};
		4DC40BA4091509DC0029A2A6 /* Debug */ = {
			isa = XCBuildConfiguration;
			buildSettings = {
				GCC_ENABLE_OBJC_GC = required;
				MACOSX_DEPLOYMENT_TARGET = 10.5;
				SDKROOT = "$(DEVELOPER_SDK_DIR)/MacOSX10.5.sdk";
			};
			name = Debug;
		};
		4DC40BA5091509DC0029A2A6 /* Release */ = {
			isa = XCBuildConfiguration;
			buildSettings = {
				GCC_ENABLE_OBJC_GC = required;
				MACOSX_DEPLOYMENT_TARGET = 10.5;
				SDKROOT = "$(DEVELOPER_SDK_DIR)/MacOSX10.5.sdk";
			};
			name = Release;
		};
		4DC40BA6091509DC0029A2A6 /* Default */ = {
			isa = XCBuildConfiguration;
			buildSettings = {
				GCC_ENABLE_OBJC_GC = required;
				GCC_USE_GCC3_PFE_SUPPORT = YES;
				MACOSX_DEPLOYMENT_TARGET = 10.5;
				SDKROOT = "$(DEVELOPER_SDK_DIR)/MacOSX10.5.sdk";
			};
			name = Default;
		};
		4DC40BF909150BDB0029A2A6 /* Debug */ = {
			isa = XCBuildConfiguration;
			buildSettings = {
				COPY_PHASE_STRIP = NO;
				DYLIB_COMPATIBILITY_VERSION = 1;
				DYLIB_CURRENT_VERSION = 1;
				FRAMEWORK_VERSION = A;
				GCC_DYNAMIC_NO_PIC = NO;
				GCC_ENABLE_FIX_AND_CONTINUE = YES;
				GCC_GENERATE_DEBUGGING_SYMBOLS = YES;
				GCC_MODEL_TUNING = G5;
				GCC_OPTIMIZATION_LEVEL = 0;
				GCC_PRECOMPILE_PREFIX_HEADER = YES;
				GCC_PREFIX_HEADER = RegularExpression/OgreKit_Prefix.pch;
				GCC_WARN_ABOUT_RETURN_TYPE = YES;
				GCC_WARN_UNUSED_VARIABLE = YES;
				INFOPLIST_FILE = "RegularExpression/OgreKit-Info.plist";
				INSTALL_PATH = "@executable_path/../Frameworks";
				LIBRARY_SEARCH_PATHS = (
					"$(LIBRARY_SEARCH_PATHS)",
					"$(SRCROOT)/RegularExpression/oniguruma/universal",
				);
				LIBRARY_STYLE = DYNAMIC;
				MACH_O_TYPE = mh_dylib;
				MACOSX_DEPLOYMENT_TARGET = 10.4;
				OTHER_LDFLAGS = (
					"-seg1addr",
					0x32000000,
				);
				PREBINDING = NO;
				PRODUCT_NAME = OgreKit;
				SDKROOT = "$(DEVELOPER_SDK_DIR)/MacOSX10.4u.sdk";
				SKIP_INSTALL = YES;
				WARNING_CFLAGS = (
					"-Wmost",
					"-Wno-four-char-constants",
					"-Wno-unknown-pragmas",
				);
				WRAPPER_EXTENSION = framework;
				ZERO_LINK = YES;
			};
			name = Debug;
		};
		4DC40BFA09150BDB0029A2A6 /* Release */ = {
			isa = XCBuildConfiguration;
			buildSettings = {
				ARCHS = (
					i386,
					ppc,
				);
				COPY_PHASE_STRIP = YES;
				DYLIB_COMPATIBILITY_VERSION = 1;
				DYLIB_CURRENT_VERSION = 1;
				FRAMEWORK_VERSION = A;
				GCC_ENABLE_FIX_AND_CONTINUE = NO;
				GCC_GENERATE_DEBUGGING_SYMBOLS = NO;
				GCC_MODEL_TUNING = G5;
				GCC_PRECOMPILE_PREFIX_HEADER = YES;
				GCC_PREFIX_HEADER = RegularExpression/OgreKit_Prefix.pch;
				GCC_VERSION_i386 = 4.0;
				GCC_VERSION_ppc = 4.0;
				GCC_WARN_ABOUT_RETURN_TYPE = YES;
				GCC_WARN_UNUSED_VARIABLE = YES;
				INFOPLIST_FILE = "RegularExpression/OgreKit-Info.plist";
				INSTALL_PATH = "@executable_path/../Frameworks";
				LIBRARY_SEARCH_PATHS = (
					"$(LIBRARY_SEARCH_PATHS)",
					"$(SRCROOT)/RegularExpression/oniguruma/universal",
				);
				LIBRARY_STYLE = DYNAMIC;
				MACH_O_TYPE = mh_dylib;
				MACOSX_DEPLOYMENT_TARGET = 10.5;
				MACOSX_DEPLOYMENT_TARGET_i386 = 10.5;
				MACOSX_DEPLOYMENT_TARGET_ppc = 10.5;
				OTHER_LDFLAGS = (
					"-seg1addr",
					0x32000000,
				);
				PREBINDING = NO;
				PRODUCT_NAME = OgreKit;
				SDKROOT = "$(DEVELOPER_SDK_DIR)/MacOSX10.5.sdk";
				SKIP_INSTALL = YES;
				WARNING_CFLAGS = (
					"-Wmost",
					"-Wno-four-char-constants",
					"-Wno-unknown-pragmas",
				);
				WRAPPER_EXTENSION = framework;
				ZERO_LINK = NO;
			};
			name = Release;
		};
		4DC40BFB09150BDB0029A2A6 /* Default */ = {
			isa = XCBuildConfiguration;
			buildSettings = {
				DYLIB_COMPATIBILITY_VERSION = 1;
				DYLIB_CURRENT_VERSION = 1;
				FRAMEWORK_VERSION = A;
				GCC_GENERATE_DEBUGGING_SYMBOLS = NO;
				GCC_MODEL_TUNING = G5;
				GCC_PRECOMPILE_PREFIX_HEADER = YES;
				GCC_PREFIX_HEADER = RegularExpression/OgreKit_Prefix.pch;
				GCC_WARN_ABOUT_RETURN_TYPE = YES;
				GCC_WARN_UNUSED_VARIABLE = YES;
				INFOPLIST_FILE = "RegularExpression/OgreKit-Info.plist";
				INSTALL_PATH = "@executable_path/../Frameworks";
				LIBRARY_SEARCH_PATHS = (
					"$(LIBRARY_SEARCH_PATHS)",
					"$(SRCROOT)/RegularExpression/oniguruma/universal",
				);
				LIBRARY_STYLE = DYNAMIC;
				MACH_O_TYPE = mh_dylib;
				MACOSX_DEPLOYMENT_TARGET = 10.4;
				OTHER_LDFLAGS = (
					"-seg1addr",
					0x32000000,
				);
				PREBINDING = NO;
				PRODUCT_NAME = OgreKit;
				SDKROOT = "$(DEVELOPER_SDK_DIR)/MacOSX10.4u.sdk";
				SKIP_INSTALL = YES;
				WARNING_CFLAGS = (
					"-Wmost",
					"-Wno-four-char-constants",
					"-Wno-unknown-pragmas",
				);
				WRAPPER_EXTENSION = framework;
			};
			name = Default;
		};
		4DC412C3091519D50029A2A6 /* Debug */ = {
			isa = XCBuildConfiguration;
			buildSettings = {
				COPY_PHASE_STRIP = NO;
				GCC_GENERATE_DEBUGGING_SYMBOLS = YES;
				OPTIMIZATION_CFLAGS = "-O0";
				OTHER_CFLAGS = "";
				OTHER_LDFLAGS = "";
				OTHER_REZFLAGS = "";
				PRODUCT_NAME = All;
				SECTORDER_FLAGS = "";
				WARNING_CFLAGS = (
					"-Wmost",
					"-Wno-four-char-constants",
					"-Wno-unknown-pragmas",
				);
			};
			name = Debug;
		};
		4DC412C4091519D50029A2A6 /* Release */ = {
			isa = XCBuildConfiguration;
			buildSettings = {
				COPY_PHASE_STRIP = YES;
				GCC_GENERATE_DEBUGGING_SYMBOLS = NO;
				OPTIMIZATION_CFLAGS = "-O0";
				OTHER_CFLAGS = "";
				OTHER_LDFLAGS = "";
				OTHER_REZFLAGS = "";
				PRODUCT_NAME = All;
				SECTORDER_FLAGS = "";
				WARNING_CFLAGS = (
					"-Wmost",
					"-Wno-four-char-constants",
					"-Wno-unknown-pragmas",
				);
			};
			name = Release;
		};
		4DC412C5091519D50029A2A6 /* Default */ = {
			isa = XCBuildConfiguration;
			buildSettings = {
				OPTIMIZATION_CFLAGS = "-O0";
				OTHER_CFLAGS = "";
				OTHER_LDFLAGS = "";
				OTHER_REZFLAGS = "";
				PRODUCT_NAME = All;
				SECTORDER_FLAGS = "";
				WARNING_CFLAGS = (
					"-Wmost",
					"-Wno-four-char-constants",
					"-Wno-unknown-pragmas",
				);
			};
			name = Default;
		};
/* End XCBuildConfiguration section */

/* Begin XCConfigurationList section */
		4D82DCD509B9ECF8007F03B0 /* Build configuration list for PBXLegacyTarget "Oniguruma" */ = {
			isa = XCConfigurationList;
			buildConfigurations = (
				4D82DCD609B9ECF8007F03B0 /* Debug */,
				4D82DCD709B9ECF8007F03B0 /* Release */,
				4D82DCD809B9ECF8007F03B0 /* Default */,
			);
			defaultConfigurationIsVisible = 0;
			defaultConfigurationName = Default;
		};
		4DC40BA3091509DC0029A2A6 /* Build configuration list for PBXProject "OgreKit" */ = {
			isa = XCConfigurationList;
			buildConfigurations = (
				4DC40BA4091509DC0029A2A6 /* Debug */,
				4DC40BA5091509DC0029A2A6 /* Release */,
				4DC40BA6091509DC0029A2A6 /* Default */,
			);
			defaultConfigurationIsVisible = 0;
			defaultConfigurationName = Default;
		};
		4DC40BF809150BDB0029A2A6 /* Build configuration list for PBXNativeTarget "OgreKit" */ = {
			isa = XCConfigurationList;
			buildConfigurations = (
				4DC40BF909150BDB0029A2A6 /* Debug */,
				4DC40BFA09150BDB0029A2A6 /* Release */,
				4DC40BFB09150BDB0029A2A6 /* Default */,
			);
			defaultConfigurationIsVisible = 0;
			defaultConfigurationName = Default;
		};
		4DC412C2091519D50029A2A6 /* Build configuration list for PBXAggregateTarget "All" */ = {
			isa = XCConfigurationList;
			buildConfigurations = (
				4DC412C3091519D50029A2A6 /* Debug */,
				4DC412C4091519D50029A2A6 /* Release */,
				4DC412C5091519D50029A2A6 /* Default */,
			);
			defaultConfigurationIsVisible = 0;
			defaultConfigurationName = Default;
		};
/* End XCConfigurationList section */
	};
	rootObject = 0867D690FE84028FC02AAC07 /* Project object */;
}
